// !$*UTF8*$!
{
	archiveVersion = 1;
	classes = {
	};
	objectVersion = 46;
	objects = {

/* Begin PBXBuildFile section */
		64572F861C5FAE7D009690A4 /* libc++.tbd in Frameworks */ = {isa = PBXBuildFile; fileRef = 64572F851C5FAE7D009690A4 /* libc++.tbd */; };
		64572F881C5FAE86009690A4 /* OpenGLES.framework in Frameworks */ = {isa = PBXBuildFile; fileRef = 64572F871C5FAE86009690A4 /* OpenGLES.framework */; };
		64572F8A1C5FAE8F009690A4 /* AVFoundation.framework in Frameworks */ = {isa = PBXBuildFile; fileRef = 64572F891C5FAE8F009690A4 /* AVFoundation.framework */; };
		64572F8C1C5FAE9F009690A4 /* SystemConfiguration.framework in Frameworks */ = {isa = PBXBuildFile; fileRef = 64572F8B1C5FAE9F009690A4 /* SystemConfiguration.framework */; };
		64572F8E1C5FAEAF009690A4 /* UIKit.framework in Frameworks */ = {isa = PBXBuildFile; fileRef = 64572F8D1C5FAEAF009690A4 /* UIKit.framework */; };
		64572F901C5FAEBC009690A4 /* CoreMedia.framework in Frameworks */ = {isa = PBXBuildFile; fileRef = 64572F8F1C5FAEBC009690A4 /* CoreMedia.framework */; };
		64572F921C5FAEC5009690A4 /* GLKit.framework in Frameworks */ = {isa = PBXBuildFile; fileRef = 64572F911C5FAEC5009690A4 /* GLKit.framework */; };
		64572F941C5FAECE009690A4 /* CoreTelephony.framework in Frameworks */ = {isa = PBXBuildFile; fileRef = 64572F931C5FAECE009690A4 /* CoreTelephony.framework */; };
		64572F961C5FAEDC009690A4 /* Foundation.framework in Frameworks */ = {isa = PBXBuildFile; fileRef = 64572F951C5FAEDC009690A4 /* Foundation.framework */; };
		64572F981C5FAEE7009690A4 /* QuartzCore.framework in Frameworks */ = {isa = PBXBuildFile; fileRef = 64572F971C5FAEE7009690A4 /* QuartzCore.framework */; };
		64572F9A1C5FAEF1009690A4 /* CoreGraphics.framework in Frameworks */ = {isa = PBXBuildFile; fileRef = 64572F991C5FAEF1009690A4 /* CoreGraphics.framework */; };
		64572F9C1C5FAEFB009690A4 /* AudioToolbox.framework in Frameworks */ = {isa = PBXBuildFile; fileRef = 64572F9B1C5FAEFB009690A4 /* AudioToolbox.framework */; };
		64572F9E1C5FAF07009690A4 /* CoreVideo.framework in Frameworks */ = {isa = PBXBuildFile; fileRef = 64572F9D1C5FAF07009690A4 /* CoreVideo.framework */; };
		645730181C5FCCAE009690A4 /* IMComponent.framework in Frameworks */ = {isa = PBXBuildFile; fileRef = 645730111C5FCCAE009690A4 /* IMComponent.framework */; };
		645730191C5FCCAE009690A4 /* IMComponent.framework in Embed Frameworks */ = {isa = PBXBuildFile; fileRef = 645730111C5FCCAE009690A4 /* IMComponent.framework */; settings = {ATTRIBUTES = (CodeSignOnCopy, RemoveHeadersOnCopy, ); }; };
		645730361C5FCD20009690A4 /* IMComponent.h in Headers */ = {isa = PBXBuildFile; fileRef = 6457301D1C5FCD20009690A4 /* IMComponent.h */; settings = {ATTRIBUTES = (Public, ); }; };
		645730371C5FCD20009690A4 /* IMComponent.m in Sources */ = {isa = PBXBuildFile; fileRef = 6457301E1C5FCD20009690A4 /* IMComponent.m */; };
		645730381C5FCD20009690A4 /* IMComponentTableViewCell.h in Headers */ = {isa = PBXBuildFile; fileRef = 6457301F1C5FCD20009690A4 /* IMComponentTableViewCell.h */; };
		645730391C5FCD20009690A4 /* IMComponentTableViewCell.m in Sources */ = {isa = PBXBuildFile; fileRef = 645730201C5FCD20009690A4 /* IMComponentTableViewCell.m */; };
		6457303A1C5FCD20009690A4 /* IMComponentChatView.h in Headers */ = {isa = PBXBuildFile; fileRef = 645730211C5FCD20009690A4 /* IMComponentChatView.h */; };
		6457303B1C5FCD20009690A4 /* IMComponentChatView.m in Sources */ = {isa = PBXBuildFile; fileRef = 645730221C5FCD20009690A4 /* IMComponentChatView.m */; };
		6457303C1C5FCD20009690A4 /* IMComponentSentShortTableViewCell.xib in Resources */ = {isa = PBXBuildFile; fileRef = 645730231C5FCD20009690A4 /* IMComponentSentShortTableViewCell.xib */; };
		6457303D1C5FCD20009690A4 /* IMComponentSentTableViewCell.xib in Resources */ = {isa = PBXBuildFile; fileRef = 645730241C5FCD20009690A4 /* IMComponentSentTableViewCell.xib */; };
		6457303E1C5FCD20009690A4 /* IMComponentRecvTableViewCell.xib in Resources */ = {isa = PBXBuildFile; fileRef = 645730251C5FCD20009690A4 /* IMComponentRecvTableViewCell.xib */; };
		6457303F1C5FCD20009690A4 /* IMComponentRecvShortTableViewCell.xib in Resources */ = {isa = PBXBuildFile; fileRef = 645730261C5FCD20009690A4 /* IMComponentRecvShortTableViewCell.xib */; };
		645730401C5FCD20009690A4 /* IMComponent.xib in Resources */ = {isa = PBXBuildFile; fileRef = 645730271C5FCD20009690A4 /* IMComponent.xib */; };
		645730411C5FCD20009690A4 /* IMComponentDivTableViewCell.xib in Resources */ = {isa = PBXBuildFile; fileRef = 645730281C5FCD20009690A4 /* IMComponentDivTableViewCell.xib */; };
		645730421C5FCD20009690A4 /* close x white.png in Resources */ = {isa = PBXBuildFile; fileRef = 645730291C5FCD20009690A4 /* close x white.png */; };
		645730431C5FCD20009690A4 /* hamburger menu.png in Resources */ = {isa = PBXBuildFile; fileRef = 6457302A1C5FCD20009690A4 /* hamburger menu.png */; };
		645730441C5FCD20009690A4 /* close x white@2x.png in Resources */ = {isa = PBXBuildFile; fileRef = 6457302B1C5FCD20009690A4 /* close x white@2x.png */; };
		645730451C5FCD20009690A4 /* close x white@3x.png in Resources */ = {isa = PBXBuildFile; fileRef = 6457302C1C5FCD20009690A4 /* close x white@3x.png */; };
		645730461C5FCD20009690A4 /* hamburger menu@2x.png in Resources */ = {isa = PBXBuildFile; fileRef = 6457302D1C5FCD20009690A4 /* hamburger menu@2x.png */; };
		645730471C5FCD20009690A4 /* hamburger menu@3x.png in Resources */ = {isa = PBXBuildFile; fileRef = 6457302E1C5FCD20009690A4 /* hamburger menu@3x.png */; };
		645730481C5FCD20009690A4 /* hang up.png in Resources */ = {isa = PBXBuildFile; fileRef = 6457302F1C5FCD20009690A4 /* hang up.png */; };
		645730491C5FCD20009690A4 /* hang up@2x.png in Resources */ = {isa = PBXBuildFile; fileRef = 645730301C5FCD20009690A4 /* hang up@2x.png */; };
		6457304A1C5FCD20009690A4 /* hang up@3x.png in Resources */ = {isa = PBXBuildFile; fileRef = 645730311C5FCD20009690A4 /* hang up@3x.png */; };
		6457304B1C5FCD20009690A4 /* minimize.png in Resources */ = {isa = PBXBuildFile; fileRef = 645730321C5FCD20009690A4 /* minimize.png */; };
		6457304C1C5FCD20009690A4 /* minimize@2x.png in Resources */ = {isa = PBXBuildFile; fileRef = 645730331C5FCD20009690A4 /* minimize@2x.png */; };
		6457304D1C5FCD20009690A4 /* minimize@3x.png in Resources */ = {isa = PBXBuildFile; fileRef = 645730341C5FCD20009690A4 /* minimize@3x.png */; };
		6457304E1C5FCD20009690A4 /* Info.plist in Resources */ = {isa = PBXBuildFile; fileRef = 645730351C5FCD20009690A4 /* Info.plist */; };
		645730501C5FCF0E009690A4 /* libsqlite3.tbd in Frameworks */ = {isa = PBXBuildFile; fileRef = 6457304F1C5FCF0E009690A4 /* libsqlite3.tbd */; };
		645730511C5FCFAF009690A4 /* OpenTok.framework in Frameworks */ = {isa = PBXBuildFile; fileRef = 64572FB71C5FB59F009690A4 /* OpenTok.framework */; };
		645730521C5FCFAF009690A4 /* OpenTok.framework in Embed Frameworks */ = {isa = PBXBuildFile; fileRef = 64572FB71C5FB59F009690A4 /* OpenTok.framework */; settings = {ATTRIBUTES = (CodeSignOnCopy, RemoveHeadersOnCopy, ); }; };
		645730531C5FD049009690A4 /* ViewController.m in Sources */ = {isa = PBXBuildFile; fileRef = 648BE94E1C5F0FB500669C04 /* ViewController.m */; };
		645730551C5FD147009690A4 /* AVKit.framework in Frameworks */ = {isa = PBXBuildFile; fileRef = 645730541C5FD147009690A4 /* AVKit.framework */; };
		645730571C5FD169009690A4 /* VideoToolbox.framework in Frameworks */ = {isa = PBXBuildFile; fileRef = 645730561C5FD169009690A4 /* VideoToolbox.framework */; };
		648BE9491C5F0FB500669C04 /* main.m in Sources */ = {isa = PBXBuildFile; fileRef = 648BE9481C5F0FB500669C04 /* main.m */; };
		648BE94C1C5F0FB500669C04 /* AppDelegate.m in Sources */ = {isa = PBXBuildFile; fileRef = 648BE94B1C5F0FB500669C04 /* AppDelegate.m */; };
		648BE9521C5F0FB500669C04 /* Main.storyboard in Resources */ = {isa = PBXBuildFile; fileRef = 648BE9501C5F0FB500669C04 /* Main.storyboard */; };
		648BE9551C5F0FB500669C04 /* IMComponetSample.xcdatamodeld in Sources */ = {isa = PBXBuildFile; fileRef = 648BE9531C5F0FB500669C04 /* IMComponetSample.xcdatamodeld */; };
		648BE9571C5F0FB500669C04 /* Assets.xcassets in Resources */ = {isa = PBXBuildFile; fileRef = 648BE9561C5F0FB500669C04 /* Assets.xcassets */; };
		648BE95A1C5F0FB500669C04 /* LaunchScreen.storyboard in Resources */ = {isa = PBXBuildFile; fileRef = 648BE9581C5F0FB500669C04 /* LaunchScreen.storyboard */; };
/* End PBXBuildFile section */

/* Begin PBXContainerItemProxy section */
		645730161C5FCCAE009690A4 /* PBXContainerItemProxy */ = {
			isa = PBXContainerItemProxy;
			containerPortal = 648BE93C1C5F0FB500669C04 /* Project object */;
			proxyType = 1;
			remoteGlobalIDString = 645730101C5FCCAE009690A4;
			remoteInfo = Framework;
		};
/* End PBXContainerItemProxy section */

/* Begin PBXCopyFilesBuildPhase section */
		645730081C5FCC0A009690A4 /* Embed Frameworks */ = {
			isa = PBXCopyFilesBuildPhase;
			buildActionMask = 2147483647;
			dstPath = "";
			dstSubfolderSpec = 10;
			files = (
				645730191C5FCCAE009690A4 /* IMComponent.framework in Embed Frameworks */,
				645730521C5FCFAF009690A4 /* OpenTok.framework in Embed Frameworks */,
			);
			name = "Embed Frameworks";
			runOnlyForDeploymentPostprocessing = 0;
		};
/* End PBXCopyFilesBuildPhase section */

/* Begin PBXFileReference section */
		64572F851C5FAE7D009690A4 /* libc++.tbd */ = {isa = PBXFileReference; lastKnownFileType = "sourcecode.text-based-dylib-definition"; name = "libc++.tbd"; path = "usr/lib/libc++.tbd"; sourceTree = SDKROOT; };
		64572F871C5FAE86009690A4 /* OpenGLES.framework */ = {isa = PBXFileReference; lastKnownFileType = wrapper.framework; name = OpenGLES.framework; path = System/Library/Frameworks/OpenGLES.framework; sourceTree = SDKROOT; };
		64572F891C5FAE8F009690A4 /* AVFoundation.framework */ = {isa = PBXFileReference; lastKnownFileType = wrapper.framework; name = AVFoundation.framework; path = System/Library/Frameworks/AVFoundation.framework; sourceTree = SDKROOT; };
		64572F8B1C5FAE9F009690A4 /* SystemConfiguration.framework */ = {isa = PBXFileReference; lastKnownFileType = wrapper.framework; name = SystemConfiguration.framework; path = System/Library/Frameworks/SystemConfiguration.framework; sourceTree = SDKROOT; };
		64572F8D1C5FAEAF009690A4 /* UIKit.framework */ = {isa = PBXFileReference; lastKnownFileType = wrapper.framework; name = UIKit.framework; path = System/Library/Frameworks/UIKit.framework; sourceTree = SDKROOT; };
		64572F8F1C5FAEBC009690A4 /* CoreMedia.framework */ = {isa = PBXFileReference; lastKnownFileType = wrapper.framework; name = CoreMedia.framework; path = System/Library/Frameworks/CoreMedia.framework; sourceTree = SDKROOT; };
		64572F911C5FAEC5009690A4 /* GLKit.framework */ = {isa = PBXFileReference; lastKnownFileType = wrapper.framework; name = GLKit.framework; path = System/Library/Frameworks/GLKit.framework; sourceTree = SDKROOT; };
		64572F931C5FAECE009690A4 /* CoreTelephony.framework */ = {isa = PBXFileReference; lastKnownFileType = wrapper.framework; name = CoreTelephony.framework; path = System/Library/Frameworks/CoreTelephony.framework; sourceTree = SDKROOT; };
		64572F951C5FAEDC009690A4 /* Foundation.framework */ = {isa = PBXFileReference; lastKnownFileType = wrapper.framework; name = Foundation.framework; path = System/Library/Frameworks/Foundation.framework; sourceTree = SDKROOT; };
		64572F971C5FAEE7009690A4 /* QuartzCore.framework */ = {isa = PBXFileReference; lastKnownFileType = wrapper.framework; name = QuartzCore.framework; path = System/Library/Frameworks/QuartzCore.framework; sourceTree = SDKROOT; };
		64572F991C5FAEF1009690A4 /* CoreGraphics.framework */ = {isa = PBXFileReference; lastKnownFileType = wrapper.framework; name = CoreGraphics.framework; path = System/Library/Frameworks/CoreGraphics.framework; sourceTree = SDKROOT; };
		64572F9B1C5FAEFB009690A4 /* AudioToolbox.framework */ = {isa = PBXFileReference; lastKnownFileType = wrapper.framework; name = AudioToolbox.framework; path = System/Library/Frameworks/AudioToolbox.framework; sourceTree = SDKROOT; };
		64572F9D1C5FAF07009690A4 /* CoreVideo.framework */ = {isa = PBXFileReference; lastKnownFileType = wrapper.framework; name = CoreVideo.framework; path = System/Library/Frameworks/CoreVideo.framework; sourceTree = SDKROOT; };
		64572FB71C5FB59F009690A4 /* OpenTok.framework */ = {isa = PBXFileReference; lastKnownFileType = wrapper.framework; path = OpenTok.framework; sourceTree = "<group>"; };
		645730111C5FCCAE009690A4 /* IMComponent.framework */ = {isa = PBXFileReference; explicitFileType = wrapper.framework; includeInIndex = 0; path = IMComponent.framework; sourceTree = BUILT_PRODUCTS_DIR; };
		6457301D1C5FCD20009690A4 /* IMComponent.h */ = {isa = PBXFileReference; fileEncoding = 4; lastKnownFileType = sourcecode.c.h; path = IMComponent.h; sourceTree = "<group>"; };
		6457301E1C5FCD20009690A4 /* IMComponent.m */ = {isa = PBXFileReference; fileEncoding = 4; lastKnownFileType = sourcecode.c.objc; path = IMComponent.m; sourceTree = "<group>"; };
		6457301F1C5FCD20009690A4 /* IMComponentTableViewCell.h */ = {isa = PBXFileReference; fileEncoding = 4; lastKnownFileType = sourcecode.c.h; path = IMComponentTableViewCell.h; sourceTree = "<group>"; };
		645730201C5FCD20009690A4 /* IMComponentTableViewCell.m */ = {isa = PBXFileReference; fileEncoding = 4; lastKnownFileType = sourcecode.c.objc; path = IMComponentTableViewCell.m; sourceTree = "<group>"; };
		645730211C5FCD20009690A4 /* IMComponentChatView.h */ = {isa = PBXFileReference; fileEncoding = 4; lastKnownFileType = sourcecode.c.h; path = IMComponentChatView.h; sourceTree = "<group>"; };
		645730221C5FCD20009690A4 /* IMComponentChatView.m */ = {isa = PBXFileReference; fileEncoding = 4; lastKnownFileType = sourcecode.c.objc; path = IMComponentChatView.m; sourceTree = "<group>"; };
		645730231C5FCD20009690A4 /* IMComponentSentShortTableViewCell.xib */ = {isa = PBXFileReference; fileEncoding = 4; lastKnownFileType = file.xib; path = IMComponentSentShortTableViewCell.xib; sourceTree = "<group>"; };
		645730241C5FCD20009690A4 /* IMComponentSentTableViewCell.xib */ = {isa = PBXFileReference; fileEncoding = 4; lastKnownFileType = file.xib; path = IMComponentSentTableViewCell.xib; sourceTree = "<group>"; };
		645730251C5FCD20009690A4 /* IMComponentRecvTableViewCell.xib */ = {isa = PBXFileReference; fileEncoding = 4; lastKnownFileType = file.xib; path = IMComponentRecvTableViewCell.xib; sourceTree = "<group>"; };
		645730261C5FCD20009690A4 /* IMComponentRecvShortTableViewCell.xib */ = {isa = PBXFileReference; fileEncoding = 4; lastKnownFileType = file.xib; path = IMComponentRecvShortTableViewCell.xib; sourceTree = "<group>"; };
		645730271C5FCD20009690A4 /* IMComponent.xib */ = {isa = PBXFileReference; fileEncoding = 4; lastKnownFileType = file.xib; path = IMComponent.xib; sourceTree = "<group>"; };
		645730281C5FCD20009690A4 /* IMComponentDivTableViewCell.xib */ = {isa = PBXFileReference; fileEncoding = 4; lastKnownFileType = file.xib; path = IMComponentDivTableViewCell.xib; sourceTree = "<group>"; };
		645730291C5FCD20009690A4 /* close x white.png */ = {isa = PBXFileReference; lastKnownFileType = image.png; path = "close x white.png"; sourceTree = "<group>"; };
		6457302A1C5FCD20009690A4 /* hamburger menu.png */ = {isa = PBXFileReference; lastKnownFileType = image.png; path = "hamburger menu.png"; sourceTree = "<group>"; };
		6457302B1C5FCD20009690A4 /* close x white@2x.png */ = {isa = PBXFileReference; lastKnownFileType = image.png; path = "close x white@2x.png"; sourceTree = "<group>"; };
		6457302C1C5FCD20009690A4 /* close x white@3x.png */ = {isa = PBXFileReference; lastKnownFileType = image.png; path = "close x white@3x.png"; sourceTree = "<group>"; };
		6457302D1C5FCD20009690A4 /* hamburger menu@2x.png */ = {isa = PBXFileReference; lastKnownFileType = image.png; path = "hamburger menu@2x.png"; sourceTree = "<group>"; };
		6457302E1C5FCD20009690A4 /* hamburger menu@3x.png */ = {isa = PBXFileReference; lastKnownFileType = image.png; path = "hamburger menu@3x.png"; sourceTree = "<group>"; };
		6457302F1C5FCD20009690A4 /* hang up.png */ = {isa = PBXFileReference; lastKnownFileType = image.png; path = "hang up.png"; sourceTree = "<group>"; };
		645730301C5FCD20009690A4 /* hang up@2x.png */ = {isa = PBXFileReference; lastKnownFileType = image.png; path = "hang up@2x.png"; sourceTree = "<group>"; };
		645730311C5FCD20009690A4 /* hang up@3x.png */ = {isa = PBXFileReference; lastKnownFileType = image.png; path = "hang up@3x.png"; sourceTree = "<group>"; };
		645730321C5FCD20009690A4 /* minimize.png */ = {isa = PBXFileReference; lastKnownFileType = image.png; path = minimize.png; sourceTree = "<group>"; };
		645730331C5FCD20009690A4 /* minimize@2x.png */ = {isa = PBXFileReference; lastKnownFileType = image.png; path = "minimize@2x.png"; sourceTree = "<group>"; };
		645730341C5FCD20009690A4 /* minimize@3x.png */ = {isa = PBXFileReference; lastKnownFileType = image.png; path = "minimize@3x.png"; sourceTree = "<group>"; };
		645730351C5FCD20009690A4 /* Info.plist */ = {isa = PBXFileReference; fileEncoding = 4; lastKnownFileType = text.plist.xml; path = Info.plist; sourceTree = "<group>"; };
		6457304F1C5FCF0E009690A4 /* libsqlite3.tbd */ = {isa = PBXFileReference; lastKnownFileType = "sourcecode.text-based-dylib-definition"; name = libsqlite3.tbd; path = usr/lib/libsqlite3.tbd; sourceTree = SDKROOT; };
		645730541C5FD147009690A4 /* AVKit.framework */ = {isa = PBXFileReference; lastKnownFileType = wrapper.framework; name = AVKit.framework; path = System/Library/Frameworks/AVKit.framework; sourceTree = SDKROOT; };
		645730561C5FD169009690A4 /* VideoToolbox.framework */ = {isa = PBXFileReference; lastKnownFileType = wrapper.framework; name = VideoToolbox.framework; path = System/Library/Frameworks/VideoToolbox.framework; sourceTree = SDKROOT; };
		648BE9441C5F0FB500669C04 /* IMComponetSample.app */ = {isa = PBXFileReference; explicitFileType = wrapper.application; includeInIndex = 0; path = IMComponetSample.app; sourceTree = BUILT_PRODUCTS_DIR; };
		648BE9481C5F0FB500669C04 /* main.m */ = {isa = PBXFileReference; lastKnownFileType = sourcecode.c.objc; path = main.m; sourceTree = "<group>"; };
		648BE94A1C5F0FB500669C04 /* AppDelegate.h */ = {isa = PBXFileReference; lastKnownFileType = sourcecode.c.h; path = AppDelegate.h; sourceTree = "<group>"; };
		648BE94B1C5F0FB500669C04 /* AppDelegate.m */ = {isa = PBXFileReference; lastKnownFileType = sourcecode.c.objc; path = AppDelegate.m; sourceTree = "<group>"; };
		648BE94D1C5F0FB500669C04 /* ViewController.h */ = {isa = PBXFileReference; lastKnownFileType = sourcecode.c.h; path = ViewController.h; sourceTree = "<group>"; };
		648BE94E1C5F0FB500669C04 /* ViewController.m */ = {isa = PBXFileReference; lastKnownFileType = sourcecode.c.objc; path = ViewController.m; sourceTree = "<group>"; };
		648BE9511C5F0FB500669C04 /* Base */ = {isa = PBXFileReference; lastKnownFileType = file.storyboard; name = Base; path = Base.lproj/Main.storyboard; sourceTree = "<group>"; };
		648BE9541C5F0FB500669C04 /* IMComponetSample.xcdatamodel */ = {isa = PBXFileReference; lastKnownFileType = wrapper.xcdatamodel; path = IMComponetSample.xcdatamodel; sourceTree = "<group>"; };
		648BE9561C5F0FB500669C04 /* Assets.xcassets */ = {isa = PBXFileReference; lastKnownFileType = folder.assetcatalog; path = Assets.xcassets; sourceTree = "<group>"; };
		648BE9591C5F0FB500669C04 /* Base */ = {isa = PBXFileReference; lastKnownFileType = file.storyboard; name = Base; path = Base.lproj/LaunchScreen.storyboard; sourceTree = "<group>"; };
		648BE95B1C5F0FB500669C04 /* Info.plist */ = {isa = PBXFileReference; lastKnownFileType = text.plist.xml; path = Info.plist; sourceTree = "<group>"; };
/* End PBXFileReference section */

/* Begin PBXFrameworksBuildPhase section */
		6457300D1C5FCCAE009690A4 /* Frameworks */ = {
			isa = PBXFrameworksBuildPhase;
			buildActionMask = 2147483647;
			files = (
			);
			runOnlyForDeploymentPostprocessing = 0;
		};
		648BE9411C5F0FB500669C04 /* Frameworks */ = {
			isa = PBXFrameworksBuildPhase;
			buildActionMask = 2147483647;
			files = (
				645730571C5FD169009690A4 /* VideoToolbox.framework in Frameworks */,
				645730551C5FD147009690A4 /* AVKit.framework in Frameworks */,
				645730501C5FCF0E009690A4 /* libsqlite3.tbd in Frameworks */,
				64572F9E1C5FAF07009690A4 /* CoreVideo.framework in Frameworks */,
				64572F9C1C5FAEFB009690A4 /* AudioToolbox.framework in Frameworks */,
				64572F9A1C5FAEF1009690A4 /* CoreGraphics.framework in Frameworks */,
				64572F981C5FAEE7009690A4 /* QuartzCore.framework in Frameworks */,
				64572F961C5FAEDC009690A4 /* Foundation.framework in Frameworks */,
				64572F941C5FAECE009690A4 /* CoreTelephony.framework in Frameworks */,
				645730181C5FCCAE009690A4 /* IMComponent.framework in Frameworks */,
				64572F921C5FAEC5009690A4 /* GLKit.framework in Frameworks */,
				645730511C5FCFAF009690A4 /* OpenTok.framework in Frameworks */,
				64572F901C5FAEBC009690A4 /* CoreMedia.framework in Frameworks */,
				64572F8E1C5FAEAF009690A4 /* UIKit.framework in Frameworks */,
				64572F8C1C5FAE9F009690A4 /* SystemConfiguration.framework in Frameworks */,
				64572F8A1C5FAE8F009690A4 /* AVFoundation.framework in Frameworks */,
				64572F881C5FAE86009690A4 /* OpenGLES.framework in Frameworks */,
				64572F861C5FAE7D009690A4 /* libc++.tbd in Frameworks */,
			);
			runOnlyForDeploymentPostprocessing = 0;
		};
/* End PBXFrameworksBuildPhase section */

/* Begin PBXGroup section */
		645730121C5FCCAE009690A4 /* IMComponent */ = {
			isa = PBXGroup;
			children = (
				6457301D1C5FCD20009690A4 /* IMComponent.h */,
				6457301E1C5FCD20009690A4 /* IMComponent.m */,
				6457301F1C5FCD20009690A4 /* IMComponentTableViewCell.h */,
				645730201C5FCD20009690A4 /* IMComponentTableViewCell.m */,
				645730211C5FCD20009690A4 /* IMComponentChatView.h */,
				645730221C5FCD20009690A4 /* IMComponentChatView.m */,
				645730231C5FCD20009690A4 /* IMComponentSentShortTableViewCell.xib */,
				645730241C5FCD20009690A4 /* IMComponentSentTableViewCell.xib */,
				645730251C5FCD20009690A4 /* IMComponentRecvTableViewCell.xib */,
				645730261C5FCD20009690A4 /* IMComponentRecvShortTableViewCell.xib */,
				645730271C5FCD20009690A4 /* IMComponent.xib */,
				645730281C5FCD20009690A4 /* IMComponentDivTableViewCell.xib */,
				645730291C5FCD20009690A4 /* close x white.png */,
				6457302A1C5FCD20009690A4 /* hamburger menu.png */,
				6457302B1C5FCD20009690A4 /* close x white@2x.png */,
				6457302C1C5FCD20009690A4 /* close x white@3x.png */,
				6457302D1C5FCD20009690A4 /* hamburger menu@2x.png */,
				6457302E1C5FCD20009690A4 /* hamburger menu@3x.png */,
				6457302F1C5FCD20009690A4 /* hang up.png */,
				645730301C5FCD20009690A4 /* hang up@2x.png */,
				645730311C5FCD20009690A4 /* hang up@3x.png */,
				645730321C5FCD20009690A4 /* minimize.png */,
				645730331C5FCD20009690A4 /* minimize@2x.png */,
				645730341C5FCD20009690A4 /* minimize@3x.png */,
				645730351C5FCD20009690A4 /* Info.plist */,
			);
			name = IMComponent;
			path = Framework;
			sourceTree = "<group>";
		};
		648BE93B1C5F0FB500669C04 = {
			isa = PBXGroup;
			children = (
				645730561C5FD169009690A4 /* VideoToolbox.framework */,
				645730541C5FD147009690A4 /* AVKit.framework */,
				6457304F1C5FCF0E009690A4 /* libsqlite3.tbd */,
				64572FB71C5FB59F009690A4 /* OpenTok.framework */,
				64572F9D1C5FAF07009690A4 /* CoreVideo.framework */,
				64572F9B1C5FAEFB009690A4 /* AudioToolbox.framework */,
				64572F991C5FAEF1009690A4 /* CoreGraphics.framework */,
				64572F971C5FAEE7009690A4 /* QuartzCore.framework */,
				64572F951C5FAEDC009690A4 /* Foundation.framework */,
				64572F931C5FAECE009690A4 /* CoreTelephony.framework */,
				64572F911C5FAEC5009690A4 /* GLKit.framework */,
				64572F8F1C5FAEBC009690A4 /* CoreMedia.framework */,
				64572F8D1C5FAEAF009690A4 /* UIKit.framework */,
				64572F8B1C5FAE9F009690A4 /* SystemConfiguration.framework */,
				64572F891C5FAE8F009690A4 /* AVFoundation.framework */,
				64572F871C5FAE86009690A4 /* OpenGLES.framework */,
				64572F851C5FAE7D009690A4 /* libc++.tbd */,
				648BE9461C5F0FB500669C04 /* IMComponetSample */,
				645730121C5FCCAE009690A4 /* IMComponent */,
				648BE9451C5F0FB500669C04 /* Products */,
			);
			sourceTree = "<group>";
		};
		648BE9451C5F0FB500669C04 /* Products */ = {
			isa = PBXGroup;
			children = (
				648BE9441C5F0FB500669C04 /* IMComponetSample.app */,
				645730111C5FCCAE009690A4 /* IMComponent.framework */,
			);
			name = Products;
			sourceTree = "<group>";
		};
		648BE9461C5F0FB500669C04 /* IMComponetSample */ = {
			isa = PBXGroup;
			children = (
				648BE94A1C5F0FB500669C04 /* AppDelegate.h */,
				648BE94B1C5F0FB500669C04 /* AppDelegate.m */,
				648BE94D1C5F0FB500669C04 /* ViewController.h */,
				648BE94E1C5F0FB500669C04 /* ViewController.m */,
				648BE9501C5F0FB500669C04 /* Main.storyboard */,
				648BE9561C5F0FB500669C04 /* Assets.xcassets */,
				648BE9581C5F0FB500669C04 /* LaunchScreen.storyboard */,
				648BE95B1C5F0FB500669C04 /* Info.plist */,
				648BE9531C5F0FB500669C04 /* IMComponetSample.xcdatamodeld */,
				648BE9471C5F0FB500669C04 /* Supporting Files */,
			);
			path = IMComponetSample;
			sourceTree = "<group>";
		};
		648BE9471C5F0FB500669C04 /* Supporting Files */ = {
			isa = PBXGroup;
			children = (
				648BE9481C5F0FB500669C04 /* main.m */,
			);
			name = "Supporting Files";
			sourceTree = "<group>";
		};
/* End PBXGroup section */

/* Begin PBXHeadersBuildPhase section */
		6457300E1C5FCCAE009690A4 /* Headers */ = {
			isa = PBXHeadersBuildPhase;
			buildActionMask = 2147483647;
			files = (
				645730361C5FCD20009690A4 /* IMComponent.h in Headers */,
				6457303A1C5FCD20009690A4 /* IMComponentChatView.h in Headers */,
				645730381C5FCD20009690A4 /* IMComponentTableViewCell.h in Headers */,
			);
			runOnlyForDeploymentPostprocessing = 0;
		};
/* End PBXHeadersBuildPhase section */

/* Begin PBXNativeTarget section */
		645730101C5FCCAE009690A4 /* IMComponent */ = {
			isa = PBXNativeTarget;
			buildConfigurationList = 6457301A1C5FCCAE009690A4 /* Build configuration list for PBXNativeTarget "IMComponent" */;
			buildPhases = (
				6457300C1C5FCCAE009690A4 /* Sources */,
				6457300D1C5FCCAE009690A4 /* Frameworks */,
				6457300E1C5FCCAE009690A4 /* Headers */,
				6457300F1C5FCCAE009690A4 /* Resources */,
			);
			buildRules = (
			);
			dependencies = (
			);
			name = IMComponent;
			productName = Framework;
			productReference = 645730111C5FCCAE009690A4 /* IMComponent.framework */;
			productType = "com.apple.product-type.framework";
		};
		648BE9431C5F0FB500669C04 /* IMComponetSample */ = {
			isa = PBXNativeTarget;
			buildConfigurationList = 648BE95E1C5F0FB500669C04 /* Build configuration list for PBXNativeTarget "IMComponetSample" */;
			buildPhases = (
				648BE9401C5F0FB500669C04 /* Sources */,
				648BE9411C5F0FB500669C04 /* Frameworks */,
				648BE9421C5F0FB500669C04 /* Resources */,
				645730081C5FCC0A009690A4 /* Embed Frameworks */,
			);
			buildRules = (
			);
			dependencies = (
				645730171C5FCCAE009690A4 /* PBXTargetDependency */,
			);
			name = IMComponetSample;
			productName = IMComponetSample;
			productReference = 648BE9441C5F0FB500669C04 /* IMComponetSample.app */;
			productType = "com.apple.product-type.application";
		};
/* End PBXNativeTarget section */

/* Begin PBXProject section */
		648BE93C1C5F0FB500669C04 /* Project object */ = {
			isa = PBXProject;
			attributes = {
				LastUpgradeCheck = 0720;
				ORGANIZATIONNAME = AgilityFeat;
				TargetAttributes = {
					645730101C5FCCAE009690A4 = {
						CreatedOnToolsVersion = 7.2;
						DevelopmentTeam = THS7L9WEMN;
					};
					648BE9431C5F0FB500669C04 = {
						CreatedOnToolsVersion = 7.2;
						DevelopmentTeam = THS7L9WEMN;
					};
				};
			};
			buildConfigurationList = 648BE93F1C5F0FB500669C04 /* Build configuration list for PBXProject "IMComponetSample" */;
			compatibilityVersion = "Xcode 3.2";
			developmentRegion = English;
			hasScannedForEncodings = 0;
			knownRegions = (
				en,
				Base,
			);
			mainGroup = 648BE93B1C5F0FB500669C04;
			productRefGroup = 648BE9451C5F0FB500669C04 /* Products */;
			projectDirPath = "";
			projectRoot = "";
			targets = (
				648BE9431C5F0FB500669C04 /* IMComponetSample */,
				645730101C5FCCAE009690A4 /* IMComponent */,
			);
		};
/* End PBXProject section */

/* Begin PBXResourcesBuildPhase section */
		6457300F1C5FCCAE009690A4 /* Resources */ = {
			isa = PBXResourcesBuildPhase;
			buildActionMask = 2147483647;
			files = (
				645730491C5FCD20009690A4 /* hang up@2x.png in Resources */,
				6457304D1C5FCD20009690A4 /* minimize@3x.png in Resources */,
				6457304B1C5FCD20009690A4 /* minimize.png in Resources */,
				6457304C1C5FCD20009690A4 /* minimize@2x.png in Resources */,
				6457303D1C5FCD20009690A4 /* IMComponentSentTableViewCell.xib in Resources */,
				645730411C5FCD20009690A4 /* IMComponentDivTableViewCell.xib in Resources */,
				6457303E1C5FCD20009690A4 /* IMComponentRecvTableViewCell.xib in Resources */,
				645730421C5FCD20009690A4 /* close x white.png in Resources */,
				6457303F1C5FCD20009690A4 /* IMComponentRecvShortTableViewCell.xib in Resources */,
				6457304E1C5FCD20009690A4 /* Info.plist in Resources */,
				645730451C5FCD20009690A4 /* close x white@3x.png in Resources */,
				645730401C5FCD20009690A4 /* IMComponent.xib in Resources */,
				645730461C5FCD20009690A4 /* hamburger menu@2x.png in Resources */,
				645730441C5FCD20009690A4 /* close x white@2x.png in Resources */,
				645730471C5FCD20009690A4 /* hamburger menu@3x.png in Resources */,
				6457303C1C5FCD20009690A4 /* IMComponentSentShortTableViewCell.xib in Resources */,
				645730431C5FCD20009690A4 /* hamburger menu.png in Resources */,
				6457304A1C5FCD20009690A4 /* hang up@3x.png in Resources */,
				645730481C5FCD20009690A4 /* hang up.png in Resources */,
			);
			runOnlyForDeploymentPostprocessing = 0;
		};
		648BE9421C5F0FB500669C04 /* Resources */ = {
			isa = PBXResourcesBuildPhase;
			buildActionMask = 2147483647;
			files = (
				648BE95A1C5F0FB500669C04 /* LaunchScreen.storyboard in Resources */,
				648BE9571C5F0FB500669C04 /* Assets.xcassets in Resources */,
				648BE9521C5F0FB500669C04 /* Main.storyboard in Resources */,
			);
			runOnlyForDeploymentPostprocessing = 0;
		};
/* End PBXResourcesBuildPhase section */

/* Begin PBXSourcesBuildPhase section */
		6457300C1C5FCCAE009690A4 /* Sources */ = {
			isa = PBXSourcesBuildPhase;
			buildActionMask = 2147483647;
			files = (
				6457303B1C5FCD20009690A4 /* IMComponentChatView.m in Sources */,
				645730371C5FCD20009690A4 /* IMComponent.m in Sources */,
				645730391C5FCD20009690A4 /* IMComponentTableViewCell.m in Sources */,
			);
			runOnlyForDeploymentPostprocessing = 0;
		};
		648BE9401C5F0FB500669C04 /* Sources */ = {
			isa = PBXSourcesBuildPhase;
			buildActionMask = 2147483647;
			files = (
				645730531C5FD049009690A4 /* ViewController.m in Sources */,
				648BE94C1C5F0FB500669C04 /* AppDelegate.m in Sources */,
				648BE9551C5F0FB500669C04 /* IMComponetSample.xcdatamodeld in Sources */,
				648BE9491C5F0FB500669C04 /* main.m in Sources */,
			);
			runOnlyForDeploymentPostprocessing = 0;
		};
/* End PBXSourcesBuildPhase section */

/* Begin PBXTargetDependency section */
		645730171C5FCCAE009690A4 /* PBXTargetDependency */ = {
			isa = PBXTargetDependency;
			target = 645730101C5FCCAE009690A4 /* IMComponent */;
			targetProxy = 645730161C5FCCAE009690A4 /* PBXContainerItemProxy */;
		};
/* End PBXTargetDependency section */

/* Begin PBXVariantGroup section */
		648BE9501C5F0FB500669C04 /* Main.storyboard */ = {
			isa = PBXVariantGroup;
			children = (
				648BE9511C5F0FB500669C04 /* Base */,
			);
			name = Main.storyboard;
			sourceTree = "<group>";
		};
		648BE9581C5F0FB500669C04 /* LaunchScreen.storyboard */ = {
			isa = PBXVariantGroup;
			children = (
				648BE9591C5F0FB500669C04 /* Base */,
			);
			name = LaunchScreen.storyboard;
			sourceTree = "<group>";
		};
/* End PBXVariantGroup section */

/* Begin XCBuildConfiguration section */
		6457301B1C5FCCAE009690A4 /* Debug */ = {
			isa = XCBuildConfiguration;
			buildSettings = {
				CURRENT_PROJECT_VERSION = 1;
				DEFINES_MODULE = YES;
				DYLIB_COMPATIBILITY_VERSION = 1;
				DYLIB_CURRENT_VERSION = 1;
				DYLIB_INSTALL_NAME_BASE = "@rpath";
				INFOPLIST_FILE = Framework/Info.plist;
				INSTALL_PATH = "$(LOCAL_LIBRARY_DIR)/Frameworks";
				LD_RUNPATH_SEARCH_PATHS = "$(inherited) @executable_path/Frameworks @loader_path/Frameworks";
				PRODUCT_BUNDLE_IDENTIFIER = com.agilityfeat.IMComponent;
				PRODUCT_NAME = "$(TARGET_NAME)";
				SKIP_INSTALL = YES;
				VERSIONING_SYSTEM = "apple-generic";
				VERSION_INFO_PREFIX = "";
			};
			name = Debug;
		};
		6457301C1C5FCCAE009690A4 /* Release */ = {
			isa = XCBuildConfiguration;
			buildSettings = {
				CURRENT_PROJECT_VERSION = 1;
				DEFINES_MODULE = YES;
				DYLIB_COMPATIBILITY_VERSION = 1;
				DYLIB_CURRENT_VERSION = 1;
				DYLIB_INSTALL_NAME_BASE = "@rpath";
				INFOPLIST_FILE = Framework/Info.plist;
				INSTALL_PATH = "$(LOCAL_LIBRARY_DIR)/Frameworks";
				LD_RUNPATH_SEARCH_PATHS = "$(inherited) @executable_path/Frameworks @loader_path/Frameworks";
				PRODUCT_BUNDLE_IDENTIFIER = com.agilityfeat.IMComponent;
				PRODUCT_NAME = "$(TARGET_NAME)";
				SKIP_INSTALL = YES;
				VERSIONING_SYSTEM = "apple-generic";
				VERSION_INFO_PREFIX = "";
			};
			name = Release;
		};
		648BE95C1C5F0FB500669C04 /* Debug */ = {
			isa = XCBuildConfiguration;
			buildSettings = {
				ALWAYS_SEARCH_USER_PATHS = NO;
				CLANG_CXX_LANGUAGE_STANDARD = "gnu++0x";
				CLANG_CXX_LIBRARY = "libc++";
				CLANG_ENABLE_MODULES = YES;
				CLANG_ENABLE_OBJC_ARC = YES;
				CLANG_WARN_BOOL_CONVERSION = YES;
				CLANG_WARN_CONSTANT_CONVERSION = YES;
				CLANG_WARN_DIRECT_OBJC_ISA_USAGE = YES_ERROR;
				CLANG_WARN_EMPTY_BODY = YES;
				CLANG_WARN_ENUM_CONVERSION = YES;
				CLANG_WARN_INT_CONVERSION = YES;
				CLANG_WARN_OBJC_ROOT_CLASS = YES_ERROR;
				CLANG_WARN_UNREACHABLE_CODE = YES;
				CLANG_WARN__DUPLICATE_METHOD_MATCH = YES;
				"CODE_SIGN_IDENTITY[sdk=iphoneos*]" = "iPhone Developer";
				COPY_PHASE_STRIP = NO;
				DEBUG_INFORMATION_FORMAT = dwarf;
				ENABLE_BITCODE = NO;
				ENABLE_STRICT_OBJC_MSGSEND = YES;
				ENABLE_TESTABILITY = YES;
				GCC_C_LANGUAGE_STANDARD = gnu99;
				GCC_DYNAMIC_NO_PIC = NO;
				GCC_NO_COMMON_BLOCKS = YES;
				GCC_OPTIMIZATION_LEVEL = 0;
				GCC_PREPROCESSOR_DEFINITIONS = (
					"DEBUG=1",
					"$(inherited)",
				);
				GCC_WARN_64_TO_32_BIT_CONVERSION = YES;
				GCC_WARN_ABOUT_RETURN_TYPE = YES_ERROR;
				GCC_WARN_UNDECLARED_SELECTOR = YES;
				GCC_WARN_UNINITIALIZED_AUTOS = YES_AGGRESSIVE;
				GCC_WARN_UNUSED_FUNCTION = YES;
				GCC_WARN_UNUSED_VARIABLE = YES;
				IPHONEOS_DEPLOYMENT_TARGET = 9.2;
				MTL_ENABLE_DEBUG_INFO = YES;
				ONLY_ACTIVE_ARCH = NO;
				SDKROOT = iphoneos;
				TARGETED_DEVICE_FAMILY = "1,2";
				VALID_ARCHS = "arm64 armv7";
			};
			name = Debug;
		};
		648BE95D1C5F0FB500669C04 /* Release */ = {
			isa = XCBuildConfiguration;
			buildSettings = {
				ALWAYS_SEARCH_USER_PATHS = NO;
				CLANG_CXX_LANGUAGE_STANDARD = "gnu++0x";
				CLANG_CXX_LIBRARY = "libc++";
				CLANG_ENABLE_MODULES = YES;
				CLANG_ENABLE_OBJC_ARC = YES;
				CLANG_WARN_BOOL_CONVERSION = YES;
				CLANG_WARN_CONSTANT_CONVERSION = YES;
				CLANG_WARN_DIRECT_OBJC_ISA_USAGE = YES_ERROR;
				CLANG_WARN_EMPTY_BODY = YES;
				CLANG_WARN_ENUM_CONVERSION = YES;
				CLANG_WARN_INT_CONVERSION = YES;
				CLANG_WARN_OBJC_ROOT_CLASS = YES_ERROR;
				CLANG_WARN_UNREACHABLE_CODE = YES;
				CLANG_WARN__DUPLICATE_METHOD_MATCH = YES;
				"CODE_SIGN_IDENTITY[sdk=iphoneos*]" = "iPhone Developer";
				COPY_PHASE_STRIP = NO;
				DEBUG_INFORMATION_FORMAT = "dwarf-with-dsym";
				ENABLE_BITCODE = NO;
				ENABLE_NS_ASSERTIONS = NO;
				ENABLE_STRICT_OBJC_MSGSEND = YES;
				GCC_C_LANGUAGE_STANDARD = gnu99;
				GCC_NO_COMMON_BLOCKS = YES;
				GCC_WARN_64_TO_32_BIT_CONVERSION = YES;
				GCC_WARN_ABOUT_RETURN_TYPE = YES_ERROR;
				GCC_WARN_UNDECLARED_SELECTOR = YES;
				GCC_WARN_UNINITIALIZED_AUTOS = YES_AGGRESSIVE;
				GCC_WARN_UNUSED_FUNCTION = YES;
				GCC_WARN_UNUSED_VARIABLE = YES;
				IPHONEOS_DEPLOYMENT_TARGET = 9.2;
				MTL_ENABLE_DEBUG_INFO = NO;
				ONLY_ACTIVE_ARCH = NO;
				SDKROOT = iphoneos;
				TARGETED_DEVICE_FAMILY = "1,2";
				VALIDATE_PRODUCT = YES;
				VALID_ARCHS = "arm64 armv7";
			};
			name = Release;
		};
		648BE95F1C5F0FB500669C04 /* Debug */ = {
			isa = XCBuildConfiguration;
			buildSettings = {
				ARCHS = "$(ARCHS_STANDARD)";
				ASSETCATALOG_COMPILER_APPICON_NAME = AppIcon;
				CLANG_CXX_LIBRARY = "libstdc++";
				FRAMEWORK_SEARCH_PATHS = (
					"$(inherited)",
					"$(PROJECT_DIR)",
				);
				INFOPLIST_FILE = IMComponetSample/Info.plist;
				LD_RUNPATH_SEARCH_PATHS = "$(inherited) @executable_path/Frameworks";
				LIBRARY_SEARCH_PATHS = (
					"$(inherited)",
					"$(PROJECT_DIR)",
				);
				ONLY_ACTIVE_ARCH = NO;
				PRODUCT_BUNDLE_IDENTIFIER = com.agilityfeat.IMComponetSample;
				PRODUCT_NAME = "$(TARGET_NAME)";
				TARGETED_DEVICE_FAMILY = "1,2";
				VALID_ARCHS = "armv7 arm64";
			};
			name = Debug;
		};
		648BE9601C5F0FB500669C04 /* Release */ = {
			isa = XCBuildConfiguration;
			buildSettings = {
				ARCHS = "$(ARCHS_STANDARD)";
				ASSETCATALOG_COMPILER_APPICON_NAME = AppIcon;
				CLANG_CXX_LIBRARY = "libstdc++";
				FRAMEWORK_SEARCH_PATHS = (
					"$(inherited)",
					"$(PROJECT_DIR)",
				);
				INFOPLIST_FILE = IMComponetSample/Info.plist;
				LD_RUNPATH_SEARCH_PATHS = "$(inherited) @executable_path/Frameworks";
				LIBRARY_SEARCH_PATHS = (
					"$(inherited)",
					"$(PROJECT_DIR)",
				);
				ONLY_ACTIVE_ARCH = NO;
				PRODUCT_BUNDLE_IDENTIFIER = com.agilityfeat.IMComponetSample;
				PRODUCT_NAME = "$(TARGET_NAME)";
				TARGETED_DEVICE_FAMILY = "1,2";
				VALID_ARCHS = "armv7 arm64";
			};
			name = Release;
		};
/* End XCBuildConfiguration section */

/* Begin XCConfigurationList section */
		6457301A1C5FCCAE009690A4 /* Build configuration list for PBXNativeTarget "IMComponent" */ = {
			isa = XCConfigurationList;
			buildConfigurations = (
				6457301B1C5FCCAE009690A4 /* Debug */,
				6457301C1C5FCCAE009690A4 /* Release */,
			);
			defaultConfigurationIsVisible = 0;
		};
		648BE93F1C5F0FB500669C04 /* Build configuration list for PBXProject "IMComponetSample" */ = {
			isa = XCConfigurationList;
			buildConfigurations = (
				648BE95C1C5F0FB500669C04 /* Debug */,
				648BE95D1C5F0FB500669C04 /* Release */,
			);
			defaultConfigurationIsVisible = 0;
			defaultConfigurationName = Release;
		};
		648BE95E1C5F0FB500669C04 /* Build configuration list for PBXNativeTarget "IMComponetSample" */ = {
			isa = XCConfigurationList;
			buildConfigurations = (
				648BE95F1C5F0FB500669C04 /* Debug */,
				648BE9601C5F0FB500669C04 /* Release */,
			);
			defaultConfigurationIsVisible = 0;
			defaultConfigurationName = Release;
		};
/* End XCConfigurationList section */

/* Begin XCVersionGroup section */
		648BE9531C5F0FB500669C04 /* IMComponetSample.xcdatamodeld */ = {
			isa = XCVersionGroup;
			children = (
				648BE9541C5F0FB500669C04 /* IMComponetSample.xcdatamodel */,
			);
			currentVersion = 648BE9541C5F0FB500669C04 /* IMComponetSample.xcdatamodel */;
			path = IMComponetSample.xcdatamodeld;
			sourceTree = "<group>";
			versionGroupType = wrapper.xcdatamodel;
		};
/* End XCVersionGroup section */
	};
	rootObject = 648BE93C1C5F0FB500669C04 /* Project object */;
}
