// !$*UTF8*$!
{
	archiveVersion = 1;
	classes = {
	};
	objectVersion = 46;
	objects = {

/* Begin PBXAggregateTarget section */
		A07B971A1D1BA01C002397EE /* Distribution */ = {
			isa = PBXAggregateTarget;
			buildConfigurationList = A07B971B1D1BA01C002397EE /* Build configuration list for PBXAggregateTarget "Distribution" */;
			buildPhases = (
				A07B97481D1BA24D002397EE /* ShellScript */,
			);
			dependencies = (
			);
			name = Distribution;
			productName = Distribution;
		};
		A07B971E1D1BA023002397EE /* Build */ = {
			isa = PBXAggregateTarget;
			buildConfigurationList = A07B971F1D1BA023002397EE /* Build configuration list for PBXAggregateTarget "Build" */;
			buildPhases = (
				A07B97491D1BA27C002397EE /* ShellScript */,
			);
			dependencies = (
			);
			name = Build;
			productName = Build;
		};
/* End PBXAggregateTarget section */

/* Begin PBXBuildFile section */
		0AF9A0FD54558FE2673B0CD1 /* libPods-TextChatKit.a in Frameworks */ = {isa = PBXBuildFile; fileRef = E107C4267AC017502443B75B /* libPods-TextChatKit.a */; };
		A07B96941D1B6273002397EE /* main.m in Sources */ = {isa = PBXBuildFile; fileRef = A07B96931D1B6273002397EE /* main.m */; };
		A07B96971D1B6273002397EE /* AppDelegate.m in Sources */ = {isa = PBXBuildFile; fileRef = A07B96961D1B6273002397EE /* AppDelegate.m */; };
		A07B969A1D1B6273002397EE /* ViewController.m in Sources */ = {isa = PBXBuildFile; fileRef = A07B96991D1B6273002397EE /* ViewController.m */; };
		A07B969D1D1B6273002397EE /* Main.storyboard in Resources */ = {isa = PBXBuildFile; fileRef = A07B969B1D1B6273002397EE /* Main.storyboard */; };
		A07B969F1D1B6273002397EE /* Assets.xcassets in Resources */ = {isa = PBXBuildFile; fileRef = A07B969E1D1B6273002397EE /* Assets.xcassets */; };
		A07B96A21D1B6273002397EE /* LaunchScreen.storyboard in Resources */ = {isa = PBXBuildFile; fileRef = A07B96A01D1B6273002397EE /* LaunchScreen.storyboard */; };
		A07B96B11D1B6418002397EE /* TextChatKit.h in Headers */ = {isa = PBXBuildFile; fileRef = A07B96B01D1B6418002397EE /* TextChatKit.h */; settings = {ATTRIBUTES = (Public, ); }; };
		A07B96B81D1B6418002397EE /* TextChatKit.framework in Frameworks */ = {isa = PBXBuildFile; fileRef = A07B96AE1D1B6418002397EE /* TextChatKit.framework */; };
		A07B96C31D1B6418002397EE /* TextChatKit.framework in Frameworks */ = {isa = PBXBuildFile; fileRef = A07B96AE1D1B6418002397EE /* TextChatKit.framework */; };
		A07B96C41D1B6418002397EE /* TextChatKit.framework in Embed Frameworks */ = {isa = PBXBuildFile; fileRef = A07B96AE1D1B6418002397EE /* TextChatKit.framework */; settings = {ATTRIBUTES = (CodeSignOnCopy, RemoveHeadersOnCopy, ); }; };
		A07B96E81D1B6497002397EE /* GCDHelper.h in Headers */ = {isa = PBXBuildFile; fileRef = A07B96CD1D1B6497002397EE /* GCDHelper.h */; };
		A07B96E91D1B6497002397EE /* GCDHelper.m in Sources */ = {isa = PBXBuildFile; fileRef = A07B96CE1D1B6497002397EE /* GCDHelper.m */; };
		A07B96EF1D1B6497002397EE /* UIViewController+Helper.h in Headers */ = {isa = PBXBuildFile; fileRef = A07B96D51D1B6497002397EE /* UIViewController+Helper.h */; };
		A07B96F01D1B6497002397EE /* UIViewController+Helper.m in Sources */ = {isa = PBXBuildFile; fileRef = A07B96D61D1B6497002397EE /* UIViewController+Helper.m */; };
		A07B96F11D1B6497002397EE /* TextChatTableViewCell.h in Headers */ = {isa = PBXBuildFile; fileRef = A07B96D81D1B6497002397EE /* TextChatTableViewCell.h */; };
		A07B96F21D1B6497002397EE /* TextChatTableViewCell.m in Sources */ = {isa = PBXBuildFile; fileRef = A07B96D91D1B6497002397EE /* TextChatTableViewCell.m */; };
		A07B96F31D1B6497002397EE /* TextChatUICustomizator.h in Headers */ = {isa = PBXBuildFile; fileRef = A07B96DB1D1B6497002397EE /* TextChatUICustomizator.h */; settings = {ATTRIBUTES = (Public, ); }; };
		A07B96F41D1B6497002397EE /* TextChatUICustomizator.m in Sources */ = {isa = PBXBuildFile; fileRef = A07B96DC1D1B6497002397EE /* TextChatUICustomizator.m */; };
		A07B96F51D1B6497002397EE /* TextChatUICustomizator_Private.h in Headers */ = {isa = PBXBuildFile; fileRef = A07B96DD1D1B6497002397EE /* TextChatUICustomizator_Private.h */; };
		A07B96F61D1B6497002397EE /* TextChatView.h in Headers */ = {isa = PBXBuildFile; fileRef = A07B96DF1D1B6497002397EE /* TextChatView.h */; settings = {ATTRIBUTES = (Public, ); }; };
		A07B96F71D1B6497002397EE /* TextChatView.m in Sources */ = {isa = PBXBuildFile; fileRef = A07B96E01D1B6497002397EE /* TextChatView.m */; };
		A07B96F81D1B6497002397EE /* TextChatView_UserInterface.h in Headers */ = {isa = PBXBuildFile; fileRef = A07B96E11D1B6497002397EE /* TextChatView_UserInterface.h */; };
		A07B96F91D1B6497002397EE /* TextMessage.h in Headers */ = {isa = PBXBuildFile; fileRef = A07B96E31D1B6497002397EE /* TextMessage.h */; settings = {ATTRIBUTES = (Public, ); }; };
		A07B96FA1D1B6497002397EE /* TextMessage.m in Sources */ = {isa = PBXBuildFile; fileRef = A07B96E41D1B6497002397EE /* TextMessage.m */; };
		A07B96FB1D1B6497002397EE /* TextMessage_Private.h in Headers */ = {isa = PBXBuildFile; fileRef = A07B96E51D1B6497002397EE /* TextMessage_Private.h */; };
		A07B96FC1D1B6497002397EE /* TextMessageManager.h in Headers */ = {isa = PBXBuildFile; fileRef = A07B96E61D1B6497002397EE /* TextMessageManager.h */; };
		A07B96FD1D1B6497002397EE /* TextMessageManager.m in Sources */ = {isa = PBXBuildFile; fileRef = A07B96E71D1B6497002397EE /* TextMessageManager.m */; };
		A07B97001D1B64A1002397EE /* TextChatComponentTests.m in Sources */ = {isa = PBXBuildFile; fileRef = A07B96FE1D1B64A1002397EE /* TextChatComponentTests.m */; };
		A07B97011D1B64A1002397EE /* TextChatTests.m in Sources */ = {isa = PBXBuildFile; fileRef = A07B96FF1D1B64A1002397EE /* TextChatTests.m */; };
		A07B97131D1B64FB002397EE /* Assets.xcassets in Resources */ = {isa = PBXBuildFile; fileRef = A07B970C1D1B64FB002397EE /* Assets.xcassets */; };
		A07B97141D1B64FB002397EE /* TextChatComponentDivTableViewCell.xib in Resources */ = {isa = PBXBuildFile; fileRef = A07B970D1D1B64FB002397EE /* TextChatComponentDivTableViewCell.xib */; };
		A07B97151D1B64FB002397EE /* TextChatReceivedShortTableViewCell.xib in Resources */ = {isa = PBXBuildFile; fileRef = A07B970E1D1B64FB002397EE /* TextChatReceivedShortTableViewCell.xib */; };
		A07B97161D1B64FB002397EE /* TextChatReceivedTableViewCell.xib in Resources */ = {isa = PBXBuildFile; fileRef = A07B970F1D1B64FB002397EE /* TextChatReceivedTableViewCell.xib */; };
		A07B97171D1B64FB002397EE /* TextChatSentShortTableViewCell.xib in Resources */ = {isa = PBXBuildFile; fileRef = A07B97101D1B64FB002397EE /* TextChatSentShortTableViewCell.xib */; };
		A07B97181D1B64FB002397EE /* TextChatSentTableViewCell.xib in Resources */ = {isa = PBXBuildFile; fileRef = A07B97111D1B64FB002397EE /* TextChatSentTableViewCell.xib */; };
		A07B97191D1B64FB002397EE /* TextChatView.xib in Resources */ = {isa = PBXBuildFile; fileRef = A07B97121D1B64FB002397EE /* TextChatView.xib */; };
		A07B97451D1BA14A002397EE /* OTKAnalytics.h in Headers */ = {isa = PBXBuildFile; fileRef = A07B97431D1BA14A002397EE /* OTKAnalytics.h */; };
		A07B97461D1BA14A002397EE /* OTKAnalytics.m in Sources */ = {isa = PBXBuildFile; fileRef = A07B97441D1BA14A002397EE /* OTKAnalytics.m */; };
		A07B97471D1BA20E002397EE /* TextChatKitBundle.bundle in Resources */ = {isa = PBXBuildFile; fileRef = A07B97061D1B64CF002397EE /* TextChatKitBundle.bundle */; };
		A07B97691D1BAC5C002397EE /* UIViewController+Helper.m in Sources */ = {isa = PBXBuildFile; fileRef = A07B96D61D1B6497002397EE /* UIViewController+Helper.m */; };
		A07B976A1D1BAC5C002397EE /* TextMessageManager.m in Sources */ = {isa = PBXBuildFile; fileRef = A07B96E71D1B6497002397EE /* TextMessageManager.m */; };
		A07B976B1D1BAC5C002397EE /* TextMessage.m in Sources */ = {isa = PBXBuildFile; fileRef = A07B96E41D1B6497002397EE /* TextMessage.m */; };
		A07B976C1D1BAC5C002397EE /* GCDHelper.m in Sources */ = {isa = PBXBuildFile; fileRef = A07B96CE1D1B6497002397EE /* GCDHelper.m */; };
		A07B976D1D1BAC5C002397EE /* TextChatView.m in Sources */ = {isa = PBXBuildFile; fileRef = A07B96E01D1B6497002397EE /* TextChatView.m */; };
		A07B976E1D1BAC5C002397EE /* TextChatUICustomizator.m in Sources */ = {isa = PBXBuildFile; fileRef = A07B96DC1D1B6497002397EE /* TextChatUICustomizator.m */; };
		A07B976F1D1BAC5C002397EE /* TextChatTableViewCell.m in Sources */ = {isa = PBXBuildFile; fileRef = A07B96D91D1B6497002397EE /* TextChatTableViewCell.m */; };
		A07B97701D1BAC5C002397EE /* OTKAnalytics.m in Sources */ = {isa = PBXBuildFile; fileRef = A07B97441D1BA14A002397EE /* OTKAnalytics.m */; };
		A07B97721D1BAC5C002397EE /* libPods-TextChatKit.a in Frameworks */ = {isa = PBXBuildFile; fileRef = E107C4267AC017502443B75B /* libPods-TextChatKit.a */; };
		A07B97741D1BAC5C002397EE /* TextChatKit.h in Headers */ = {isa = PBXBuildFile; fileRef = A07B96B01D1B6418002397EE /* TextChatKit.h */; settings = {ATTRIBUTES = (Public, ); }; };
		A07B97751D1BAC5C002397EE /* TextMessage.h in Headers */ = {isa = PBXBuildFile; fileRef = A07B96E31D1B6497002397EE /* TextMessage.h */; settings = {ATTRIBUTES = (Public, ); }; };
		A07B97761D1BAC5C002397EE /* TextChatView.h in Headers */ = {isa = PBXBuildFile; fileRef = A07B96DF1D1B6497002397EE /* TextChatView.h */; settings = {ATTRIBUTES = (Public, ); }; };
		A07B97771D1BAC5C002397EE /* TextChatUICustomizator.h in Headers */ = {isa = PBXBuildFile; fileRef = A07B96DB1D1B6497002397EE /* TextChatUICustomizator.h */; settings = {ATTRIBUTES = (Public, ); }; };
		A07B97781D1BAC5C002397EE /* TextChatView_UserInterface.h in Headers */ = {isa = PBXBuildFile; fileRef = A07B96E11D1B6497002397EE /* TextChatView_UserInterface.h */; };
		A07B97791D1BAC5C002397EE /* GCDHelper.h in Headers */ = {isa = PBXBuildFile; fileRef = A07B96CD1D1B6497002397EE /* GCDHelper.h */; };
		A07B977A1D1BAC5C002397EE /* OTKAnalytics.h in Headers */ = {isa = PBXBuildFile; fileRef = A07B97431D1BA14A002397EE /* OTKAnalytics.h */; };
		A07B977B1D1BAC5C002397EE /* TextMessageManager.h in Headers */ = {isa = PBXBuildFile; fileRef = A07B96E61D1B6497002397EE /* TextMessageManager.h */; };
		A07B977C1D1BAC5C002397EE /* TextChatUICustomizator_Private.h in Headers */ = {isa = PBXBuildFile; fileRef = A07B96DD1D1B6497002397EE /* TextChatUICustomizator_Private.h */; };
		A07B977D1D1BAC5C002397EE /* TextChatTableViewCell.h in Headers */ = {isa = PBXBuildFile; fileRef = A07B96D81D1B6497002397EE /* TextChatTableViewCell.h */; };
		A07B977E1D1BAC5C002397EE /* TextMessage_Private.h in Headers */ = {isa = PBXBuildFile; fileRef = A07B96E51D1B6497002397EE /* TextMessage_Private.h */; };
		A07B977F1D1BAC5C002397EE /* UIViewController+Helper.h in Headers */ = {isa = PBXBuildFile; fileRef = A07B96D51D1B6497002397EE /* UIViewController+Helper.h */; };
		A0823BC31D1BAE0D00A67838 /* TextChatKit copy-Info.plist in Resources */ = {isa = PBXBuildFile; fileRef = A0823BC21D1BAE0D00A67838 /* TextChatKit copy-Info.plist */; };
		A0823BC41D1BAE0D00A67838 /* TextChatKit copy-Info.plist in Resources */ = {isa = PBXBuildFile; fileRef = A0823BC21D1BAE0D00A67838 /* TextChatKit copy-Info.plist */; };
		C48B72DB915154909A23D6A6 /* libPods-TextChatKitTests.a in Frameworks */ = {isa = PBXBuildFile; fileRef = 685CA88312D40F24D686A1DA /* libPods-TextChatKitTests.a */; };
/* End PBXBuildFile section */

/* Begin PBXContainerItemProxy section */
		A07B96B91D1B6418002397EE /* PBXContainerItemProxy */ = {
			isa = PBXContainerItemProxy;
			containerPortal = A07B96871D1B6273002397EE /* Project object */;
			proxyType = 1;
			remoteGlobalIDString = A07B96AD1D1B6418002397EE;
			remoteInfo = TextChatKit;
		};
		A07B96BB1D1B6418002397EE /* PBXContainerItemProxy */ = {
			isa = PBXContainerItemProxy;
			containerPortal = A07B96871D1B6273002397EE /* Project object */;
			proxyType = 1;
			remoteGlobalIDString = A07B968E1D1B6273002397EE;
			remoteInfo = TextChatAccPackKit;
		};
		A07B96C11D1B6418002397EE /* PBXContainerItemProxy */ = {
			isa = PBXContainerItemProxy;
			containerPortal = A07B96871D1B6273002397EE /* Project object */;
			proxyType = 1;
			remoteGlobalIDString = A07B96AD1D1B6418002397EE;
			remoteInfo = TextChatKit;
		};
/* End PBXContainerItemProxy section */

/* Begin PBXCopyFilesBuildPhase section */
		A07B96C81D1B6418002397EE /* Embed Frameworks */ = {
			isa = PBXCopyFilesBuildPhase;
			buildActionMask = 2147483647;
			dstPath = "";
			dstSubfolderSpec = 10;
			files = (
				A07B96C41D1B6418002397EE /* TextChatKit.framework in Embed Frameworks */,
			);
			name = "Embed Frameworks";
			runOnlyForDeploymentPostprocessing = 0;
		};
/* End PBXCopyFilesBuildPhase section */

/* Begin PBXFileReference section */
		50FE1A39CBB08D31EED1E806 /* Pods-TextChatKitTests.debug.xcconfig */ = {isa = PBXFileReference; includeInIndex = 1; lastKnownFileType = text.xcconfig; name = "Pods-TextChatKitTests.debug.xcconfig"; path = "Pods/Target Support Files/Pods-TextChatKitTests/Pods-TextChatKitTests.debug.xcconfig"; sourceTree = "<group>"; };
		685CA88312D40F24D686A1DA /* libPods-TextChatKitTests.a */ = {isa = PBXFileReference; explicitFileType = archive.ar; includeInIndex = 0; path = "libPods-TextChatKitTests.a"; sourceTree = BUILT_PRODUCTS_DIR; };
		846E325A7216156BD31F2409 /* Pods-TextChatKit.release.xcconfig */ = {isa = PBXFileReference; includeInIndex = 1; lastKnownFileType = text.xcconfig; name = "Pods-TextChatKit.release.xcconfig"; path = "Pods/Target Support Files/Pods-TextChatKit/Pods-TextChatKit.release.xcconfig"; sourceTree = "<group>"; };
		A07B968F1D1B6273002397EE /* TextChatAccPackKit.app */ = {isa = PBXFileReference; explicitFileType = wrapper.application; includeInIndex = 0; path = TextChatAccPackKit.app; sourceTree = BUILT_PRODUCTS_DIR; };
		A07B96931D1B6273002397EE /* main.m */ = {isa = PBXFileReference; lastKnownFileType = sourcecode.c.objc; path = main.m; sourceTree = "<group>"; };
		A07B96951D1B6273002397EE /* AppDelegate.h */ = {isa = PBXFileReference; lastKnownFileType = sourcecode.c.h; path = AppDelegate.h; sourceTree = "<group>"; };
		A07B96961D1B6273002397EE /* AppDelegate.m */ = {isa = PBXFileReference; lastKnownFileType = sourcecode.c.objc; path = AppDelegate.m; sourceTree = "<group>"; };
		A07B96981D1B6273002397EE /* ViewController.h */ = {isa = PBXFileReference; lastKnownFileType = sourcecode.c.h; path = ViewController.h; sourceTree = "<group>"; };
		A07B96991D1B6273002397EE /* ViewController.m */ = {isa = PBXFileReference; lastKnownFileType = sourcecode.c.objc; path = ViewController.m; sourceTree = "<group>"; };
		A07B969C1D1B6273002397EE /* Base */ = {isa = PBXFileReference; lastKnownFileType = file.storyboard; name = Base; path = Base.lproj/Main.storyboard; sourceTree = "<group>"; };
		A07B969E1D1B6273002397EE /* Assets.xcassets */ = {isa = PBXFileReference; lastKnownFileType = folder.assetcatalog; path = Assets.xcassets; sourceTree = "<group>"; };
		A07B96A11D1B6273002397EE /* Base */ = {isa = PBXFileReference; lastKnownFileType = file.storyboard; name = Base; path = Base.lproj/LaunchScreen.storyboard; sourceTree = "<group>"; };
		A07B96A31D1B6273002397EE /* Info.plist */ = {isa = PBXFileReference; lastKnownFileType = text.plist.xml; path = Info.plist; sourceTree = "<group>"; };
		A07B96AE1D1B6418002397EE /* TextChatKit.framework */ = {isa = PBXFileReference; explicitFileType = wrapper.framework; includeInIndex = 0; path = TextChatKit.framework; sourceTree = BUILT_PRODUCTS_DIR; };
		A07B96B01D1B6418002397EE /* TextChatKit.h */ = {isa = PBXFileReference; lastKnownFileType = sourcecode.c.h; path = TextChatKit.h; sourceTree = "<group>"; };
		A07B96B21D1B6418002397EE /* Info.plist */ = {isa = PBXFileReference; lastKnownFileType = text.plist.xml; path = Info.plist; sourceTree = "<group>"; };
		A07B96B71D1B6418002397EE /* TextChatKitTests.xctest */ = {isa = PBXFileReference; explicitFileType = wrapper.cfbundle; includeInIndex = 0; path = TextChatKitTests.xctest; sourceTree = BUILT_PRODUCTS_DIR; };
		A07B96C01D1B6418002397EE /* Info.plist */ = {isa = PBXFileReference; lastKnownFileType = text.plist.xml; path = Info.plist; sourceTree = "<group>"; };
		A07B96CD1D1B6497002397EE /* GCDHelper.h */ = {isa = PBXFileReference; fileEncoding = 4; lastKnownFileType = sourcecode.c.h; path = GCDHelper.h; sourceTree = "<group>"; };
		A07B96CE1D1B6497002397EE /* GCDHelper.m */ = {isa = PBXFileReference; fileEncoding = 4; lastKnownFileType = sourcecode.c.objc; path = GCDHelper.m; sourceTree = "<group>"; };
		A07B96D51D1B6497002397EE /* UIViewController+Helper.h */ = {isa = PBXFileReference; fileEncoding = 4; lastKnownFileType = sourcecode.c.h; path = "UIViewController+Helper.h"; sourceTree = "<group>"; };
		A07B96D61D1B6497002397EE /* UIViewController+Helper.m */ = {isa = PBXFileReference; fileEncoding = 4; lastKnownFileType = sourcecode.c.objc; path = "UIViewController+Helper.m"; sourceTree = "<group>"; };
		A07B96D81D1B6497002397EE /* TextChatTableViewCell.h */ = {isa = PBXFileReference; fileEncoding = 4; lastKnownFileType = sourcecode.c.h; path = TextChatTableViewCell.h; sourceTree = "<group>"; };
		A07B96D91D1B6497002397EE /* TextChatTableViewCell.m */ = {isa = PBXFileReference; fileEncoding = 4; lastKnownFileType = sourcecode.c.objc; path = TextChatTableViewCell.m; sourceTree = "<group>"; };
		A07B96DB1D1B6497002397EE /* TextChatUICustomizator.h */ = {isa = PBXFileReference; fileEncoding = 4; lastKnownFileType = sourcecode.c.h; path = TextChatUICustomizator.h; sourceTree = "<group>"; };
		A07B96DC1D1B6497002397EE /* TextChatUICustomizator.m */ = {isa = PBXFileReference; fileEncoding = 4; lastKnownFileType = sourcecode.c.objc; path = TextChatUICustomizator.m; sourceTree = "<group>"; };
		A07B96DD1D1B6497002397EE /* TextChatUICustomizator_Private.h */ = {isa = PBXFileReference; fileEncoding = 4; lastKnownFileType = sourcecode.c.h; path = TextChatUICustomizator_Private.h; sourceTree = "<group>"; };
		A07B96DF1D1B6497002397EE /* TextChatView.h */ = {isa = PBXFileReference; fileEncoding = 4; lastKnownFileType = sourcecode.c.h; path = TextChatView.h; sourceTree = "<group>"; };
		A07B96E01D1B6497002397EE /* TextChatView.m */ = {isa = PBXFileReference; fileEncoding = 4; lastKnownFileType = sourcecode.c.objc; path = TextChatView.m; sourceTree = "<group>"; };
		A07B96E11D1B6497002397EE /* TextChatView_UserInterface.h */ = {isa = PBXFileReference; fileEncoding = 4; lastKnownFileType = sourcecode.c.h; path = TextChatView_UserInterface.h; sourceTree = "<group>"; };
		A07B96E31D1B6497002397EE /* TextMessage.h */ = {isa = PBXFileReference; fileEncoding = 4; lastKnownFileType = sourcecode.c.h; path = TextMessage.h; sourceTree = "<group>"; };
		A07B96E41D1B6497002397EE /* TextMessage.m */ = {isa = PBXFileReference; fileEncoding = 4; lastKnownFileType = sourcecode.c.objc; path = TextMessage.m; sourceTree = "<group>"; };
		A07B96E51D1B6497002397EE /* TextMessage_Private.h */ = {isa = PBXFileReference; fileEncoding = 4; lastKnownFileType = sourcecode.c.h; path = TextMessage_Private.h; sourceTree = "<group>"; };
		A07B96E61D1B6497002397EE /* TextMessageManager.h */ = {isa = PBXFileReference; fileEncoding = 4; lastKnownFileType = sourcecode.c.h; path = TextMessageManager.h; sourceTree = "<group>"; };
		A07B96E71D1B6497002397EE /* TextMessageManager.m */ = {isa = PBXFileReference; fileEncoding = 4; lastKnownFileType = sourcecode.c.objc; path = TextMessageManager.m; sourceTree = "<group>"; };
		A07B96FE1D1B64A1002397EE /* TextChatComponentTests.m */ = {isa = PBXFileReference; fileEncoding = 4; lastKnownFileType = sourcecode.c.objc; path = TextChatComponentTests.m; sourceTree = "<group>"; };
		A07B96FF1D1B64A1002397EE /* TextChatTests.m */ = {isa = PBXFileReference; fileEncoding = 4; lastKnownFileType = sourcecode.c.objc; path = TextChatTests.m; sourceTree = "<group>"; };
		A07B97061D1B64CF002397EE /* TextChatKitBundle.bundle */ = {isa = PBXFileReference; explicitFileType = wrapper.cfbundle; includeInIndex = 0; path = TextChatKitBundle.bundle; sourceTree = BUILT_PRODUCTS_DIR; };
		A07B97081D1B64CF002397EE /* Info.plist */ = {isa = PBXFileReference; lastKnownFileType = text.plist.xml; path = Info.plist; sourceTree = "<group>"; };
		A07B970C1D1B64FB002397EE /* Assets.xcassets */ = {isa = PBXFileReference; lastKnownFileType = folder.assetcatalog; path = Assets.xcassets; sourceTree = "<group>"; };
		A07B970D1D1B64FB002397EE /* TextChatComponentDivTableViewCell.xib */ = {isa = PBXFileReference; fileEncoding = 4; lastKnownFileType = file.xib; path = TextChatComponentDivTableViewCell.xib; sourceTree = "<group>"; };
		A07B970E1D1B64FB002397EE /* TextChatReceivedShortTableViewCell.xib */ = {isa = PBXFileReference; fileEncoding = 4; lastKnownFileType = file.xib; path = TextChatReceivedShortTableViewCell.xib; sourceTree = "<group>"; };
		A07B970F1D1B64FB002397EE /* TextChatReceivedTableViewCell.xib */ = {isa = PBXFileReference; fileEncoding = 4; lastKnownFileType = file.xib; path = TextChatReceivedTableViewCell.xib; sourceTree = "<group>"; };
		A07B97101D1B64FB002397EE /* TextChatSentShortTableViewCell.xib */ = {isa = PBXFileReference; fileEncoding = 4; lastKnownFileType = file.xib; path = TextChatSentShortTableViewCell.xib; sourceTree = "<group>"; };
		A07B97111D1B64FB002397EE /* TextChatSentTableViewCell.xib */ = {isa = PBXFileReference; fileEncoding = 4; lastKnownFileType = file.xib; path = TextChatSentTableViewCell.xib; sourceTree = "<group>"; };
		A07B97121D1B64FB002397EE /* TextChatView.xib */ = {isa = PBXFileReference; fileEncoding = 4; lastKnownFileType = file.xib; path = TextChatView.xib; sourceTree = "<group>"; };
		A07B97431D1BA14A002397EE /* OTKAnalytics.h */ = {isa = PBXFileReference; fileEncoding = 4; lastKnownFileType = sourcecode.c.h; name = OTKAnalytics.h; path = "opentok-solutions-logging/iOS/SolutionsLogging/SolutionsLogging/OTKAnalytics.h"; sourceTree = "<group>"; };
		A07B97441D1BA14A002397EE /* OTKAnalytics.m */ = {isa = PBXFileReference; fileEncoding = 4; lastKnownFileType = sourcecode.c.objc; name = OTKAnalytics.m; path = "opentok-solutions-logging/iOS/SolutionsLogging/SolutionsLogging/OTKAnalytics.m"; sourceTree = "<group>"; };
		A07B97851D1BAC5C002397EE /* TextChatKit.framework */ = {isa = PBXFileReference; explicitFileType = wrapper.framework; includeInIndex = 0; path = TextChatKit.framework; sourceTree = BUILT_PRODUCTS_DIR; };
		A0823BC21D1BAE0D00A67838 /* TextChatKit copy-Info.plist */ = {isa = PBXFileReference; fileEncoding = 4; lastKnownFileType = text.plist.xml; path = "TextChatKit copy-Info.plist"; sourceTree = "<group>"; };
		A1CD7E4B8EB70C5B74932E99 /* Pods-TextChatKit.debug.xcconfig */ = {isa = PBXFileReference; includeInIndex = 1; lastKnownFileType = text.xcconfig; name = "Pods-TextChatKit.debug.xcconfig"; path = "Pods/Target Support Files/Pods-TextChatKit/Pods-TextChatKit.debug.xcconfig"; sourceTree = "<group>"; };
		B2A95124E541ECA27322EDFA /* Pods-TextChatKitTests.release.xcconfig */ = {isa = PBXFileReference; includeInIndex = 1; lastKnownFileType = text.xcconfig; name = "Pods-TextChatKitTests.release.xcconfig"; path = "Pods/Target Support Files/Pods-TextChatKitTests/Pods-TextChatKitTests.release.xcconfig"; sourceTree = "<group>"; };
		E107C4267AC017502443B75B /* libPods-TextChatKit.a */ = {isa = PBXFileReference; explicitFileType = archive.ar; includeInIndex = 0; path = "libPods-TextChatKit.a"; sourceTree = BUILT_PRODUCTS_DIR; };
/* End PBXFileReference section */

/* Begin PBXFrameworksBuildPhase section */
		A07B968C1D1B6273002397EE /* Frameworks */ = {
			isa = PBXFrameworksBuildPhase;
			buildActionMask = 2147483647;
			files = (
				A07B96C31D1B6418002397EE /* TextChatKit.framework in Frameworks */,
			);
			runOnlyForDeploymentPostprocessing = 0;
		};
		A07B96AA1D1B6418002397EE /* Frameworks */ = {
			isa = PBXFrameworksBuildPhase;
			buildActionMask = 2147483647;
			files = (
				0AF9A0FD54558FE2673B0CD1 /* libPods-TextChatKit.a in Frameworks */,
			);
			runOnlyForDeploymentPostprocessing = 0;
		};
		A07B96B41D1B6418002397EE /* Frameworks */ = {
			isa = PBXFrameworksBuildPhase;
			buildActionMask = 2147483647;
			files = (
				A07B96B81D1B6418002397EE /* TextChatKit.framework in Frameworks */,
				C48B72DB915154909A23D6A6 /* libPods-TextChatKitTests.a in Frameworks */,
			);
			runOnlyForDeploymentPostprocessing = 0;
		};
		A07B97031D1B64CF002397EE /* Frameworks */ = {
			isa = PBXFrameworksBuildPhase;
			buildActionMask = 2147483647;
			files = (
			);
			runOnlyForDeploymentPostprocessing = 0;
		};
		A07B97711D1BAC5C002397EE /* Frameworks */ = {
			isa = PBXFrameworksBuildPhase;
			buildActionMask = 2147483647;
			files = (
				A07B97721D1BAC5C002397EE /* libPods-TextChatKit.a in Frameworks */,
			);
			runOnlyForDeploymentPostprocessing = 0;
		};
/* End PBXFrameworksBuildPhase section */

/* Begin PBXGroup section */
		1DD1B72F15E461EDB703FABC /* Pods */ = {
			isa = PBXGroup;
			children = (
				A1CD7E4B8EB70C5B74932E99 /* Pods-TextChatKit.debug.xcconfig */,
				846E325A7216156BD31F2409 /* Pods-TextChatKit.release.xcconfig */,
				50FE1A39CBB08D31EED1E806 /* Pods-TextChatKitTests.debug.xcconfig */,
				B2A95124E541ECA27322EDFA /* Pods-TextChatKitTests.release.xcconfig */,
			);
			name = Pods;
			sourceTree = "<group>";
		};
		4C0B658D3A854282F017A47E /* Frameworks */ = {
			isa = PBXGroup;
			children = (
				E107C4267AC017502443B75B /* libPods-TextChatKit.a */,
				685CA88312D40F24D686A1DA /* libPods-TextChatKitTests.a */,
			);
			name = Frameworks;
			sourceTree = "<group>";
		};
		A07B96861D1B6273002397EE = {
			isa = PBXGroup;
			children = (
				A0823BC21D1BAE0D00A67838 /* TextChatKit copy-Info.plist */,
				A07B96911D1B6273002397EE /* TextChatAccPackKit */,
				A07B96AF1D1B6418002397EE /* TextChatKit */,
				A07B96BD1D1B6418002397EE /* TextChatKitTests */,
				A07B97071D1B64CF002397EE /* TextChatKitBundle */,
				A07B96901D1B6273002397EE /* Products */,
				1DD1B72F15E461EDB703FABC /* Pods */,
				4C0B658D3A854282F017A47E /* Frameworks */,
			);
			sourceTree = "<group>";
		};
		A07B96901D1B6273002397EE /* Products */ = {
			isa = PBXGroup;
			children = (
				A07B968F1D1B6273002397EE /* TextChatAccPackKit.app */,
				A07B96AE1D1B6418002397EE /* TextChatKit.framework */,
				A07B96B71D1B6418002397EE /* TextChatKitTests.xctest */,
				A07B97061D1B64CF002397EE /* TextChatKitBundle.bundle */,
				A07B97851D1BAC5C002397EE /* TextChatKit.framework */,
			);
			name = Products;
			sourceTree = "<group>";
		};
		A07B96911D1B6273002397EE /* TextChatAccPackKit */ = {
			isa = PBXGroup;
			children = (
				A07B96951D1B6273002397EE /* AppDelegate.h */,
				A07B96961D1B6273002397EE /* AppDelegate.m */,
				A07B96981D1B6273002397EE /* ViewController.h */,
				A07B96991D1B6273002397EE /* ViewController.m */,
				A07B969B1D1B6273002397EE /* Main.storyboard */,
				A07B969E1D1B6273002397EE /* Assets.xcassets */,
				A07B96A01D1B6273002397EE /* LaunchScreen.storyboard */,
				A07B96A31D1B6273002397EE /* Info.plist */,
				A07B96921D1B6273002397EE /* Supporting Files */,
			);
			path = TextChatAccPackKit;
			sourceTree = "<group>";
		};
		A07B96921D1B6273002397EE /* Supporting Files */ = {
			isa = PBXGroup;
			children = (
				A07B96931D1B6273002397EE /* main.m */,
			);
			name = "Supporting Files";
			sourceTree = "<group>";
		};
		A07B96AF1D1B6418002397EE /* TextChatKit */ = {
			isa = PBXGroup;
			children = (
				A07B97431D1BA14A002397EE /* OTKAnalytics.h */,
				A07B97441D1BA14A002397EE /* OTKAnalytics.m */,
				A07B96CC1D1B6497002397EE /* Helpers */,
				A07B96D71D1B6497002397EE /* TextChatTableViewCells */,
				A07B96DA1D1B6497002397EE /* TextChatUICustomizator */,
				A07B96DE1D1B6497002397EE /* TextChatView */,
				A07B96E21D1B6497002397EE /* TextMessage */,
				A07B96B01D1B6418002397EE /* TextChatKit.h */,
				A07B96B21D1B6418002397EE /* Info.plist */,
			);
			path = TextChatKit;
			sourceTree = "<group>";
		};
		A07B96BD1D1B6418002397EE /* TextChatKitTests */ = {
			isa = PBXGroup;
			children = (
				A07B96FE1D1B64A1002397EE /* TextChatComponentTests.m */,
				A07B96FF1D1B64A1002397EE /* TextChatTests.m */,
				A07B96C01D1B6418002397EE /* Info.plist */,
			);
			path = TextChatKitTests;
			sourceTree = "<group>";
		};
		A07B96CC1D1B6497002397EE /* Helpers */ = {
			isa = PBXGroup;
			children = (
				A07B96CD1D1B6497002397EE /* GCDHelper.h */,
				A07B96CE1D1B6497002397EE /* GCDHelper.m */,
				A07B96D51D1B6497002397EE /* UIViewController+Helper.h */,
				A07B96D61D1B6497002397EE /* UIViewController+Helper.m */,
			);
			path = Helpers;
			sourceTree = "<group>";
		};
		A07B96D71D1B6497002397EE /* TextChatTableViewCells */ = {
			isa = PBXGroup;
			children = (
				A07B96D81D1B6497002397EE /* TextChatTableViewCell.h */,
				A07B96D91D1B6497002397EE /* TextChatTableViewCell.m */,
			);
			path = TextChatTableViewCells;
			sourceTree = "<group>";
		};
		A07B96DA1D1B6497002397EE /* TextChatUICustomizator */ = {
			isa = PBXGroup;
			children = (
				A07B96DB1D1B6497002397EE /* TextChatUICustomizator.h */,
				A07B96DC1D1B6497002397EE /* TextChatUICustomizator.m */,
				A07B96DD1D1B6497002397EE /* TextChatUICustomizator_Private.h */,
			);
			path = TextChatUICustomizator;
			sourceTree = "<group>";
		};
		A07B96DE1D1B6497002397EE /* TextChatView */ = {
			isa = PBXGroup;
			children = (
				A07B96DF1D1B6497002397EE /* TextChatView.h */,
				A07B96E01D1B6497002397EE /* TextChatView.m */,
				A07B96E11D1B6497002397EE /* TextChatView_UserInterface.h */,
			);
			path = TextChatView;
			sourceTree = "<group>";
		};
		A07B96E21D1B6497002397EE /* TextMessage */ = {
			isa = PBXGroup;
			children = (
				A07B96E31D1B6497002397EE /* TextMessage.h */,
				A07B96E41D1B6497002397EE /* TextMessage.m */,
				A07B96E51D1B6497002397EE /* TextMessage_Private.h */,
				A07B96E61D1B6497002397EE /* TextMessageManager.h */,
				A07B96E71D1B6497002397EE /* TextMessageManager.m */,
			);
			path = TextMessage;
			sourceTree = "<group>";
		};
		A07B97071D1B64CF002397EE /* TextChatKitBundle */ = {
			isa = PBXGroup;
			children = (
				A07B970C1D1B64FB002397EE /* Assets.xcassets */,
				A07B970D1D1B64FB002397EE /* TextChatComponentDivTableViewCell.xib */,
				A07B970E1D1B64FB002397EE /* TextChatReceivedShortTableViewCell.xib */,
				A07B970F1D1B64FB002397EE /* TextChatReceivedTableViewCell.xib */,
				A07B97101D1B64FB002397EE /* TextChatSentShortTableViewCell.xib */,
				A07B97111D1B64FB002397EE /* TextChatSentTableViewCell.xib */,
				A07B97121D1B64FB002397EE /* TextChatView.xib */,
				A07B97081D1B64CF002397EE /* Info.plist */,
			);
			path = TextChatKitBundle;
			sourceTree = "<group>";
		};
/* End PBXGroup section */

/* Begin PBXHeadersBuildPhase section */
		A07B96AB1D1B6418002397EE /* Headers */ = {
			isa = PBXHeadersBuildPhase;
			buildActionMask = 2147483647;
			files = (
				A07B96B11D1B6418002397EE /* TextChatKit.h in Headers */,
				A07B96F91D1B6497002397EE /* TextMessage.h in Headers */,
				A07B96F61D1B6497002397EE /* TextChatView.h in Headers */,
				A07B96F31D1B6497002397EE /* TextChatUICustomizator.h in Headers */,
				A07B96F81D1B6497002397EE /* TextChatView_UserInterface.h in Headers */,
				A07B96E81D1B6497002397EE /* GCDHelper.h in Headers */,
				A07B97451D1BA14A002397EE /* OTKAnalytics.h in Headers */,
				A07B96FC1D1B6497002397EE /* TextMessageManager.h in Headers */,
				A07B96F51D1B6497002397EE /* TextChatUICustomizator_Private.h in Headers */,
				A07B96F11D1B6497002397EE /* TextChatTableViewCell.h in Headers */,
				A07B96FB1D1B6497002397EE /* TextMessage_Private.h in Headers */,
				A07B96EF1D1B6497002397EE /* UIViewController+Helper.h in Headers */,
			);
			runOnlyForDeploymentPostprocessing = 0;
		};
		A07B97731D1BAC5C002397EE /* Headers */ = {
			isa = PBXHeadersBuildPhase;
			buildActionMask = 2147483647;
			files = (
				A07B97741D1BAC5C002397EE /* TextChatKit.h in Headers */,
				A07B97751D1BAC5C002397EE /* TextMessage.h in Headers */,
				A07B97761D1BAC5C002397EE /* TextChatView.h in Headers */,
				A07B97771D1BAC5C002397EE /* TextChatUICustomizator.h in Headers */,
				A07B97781D1BAC5C002397EE /* TextChatView_UserInterface.h in Headers */,
				A07B97791D1BAC5C002397EE /* GCDHelper.h in Headers */,
				A07B977A1D1BAC5C002397EE /* OTKAnalytics.h in Headers */,
				A07B977B1D1BAC5C002397EE /* TextMessageManager.h in Headers */,
				A07B977C1D1BAC5C002397EE /* TextChatUICustomizator_Private.h in Headers */,
				A07B977D1D1BAC5C002397EE /* TextChatTableViewCell.h in Headers */,
				A07B977E1D1BAC5C002397EE /* TextMessage_Private.h in Headers */,
				A07B977F1D1BAC5C002397EE /* UIViewController+Helper.h in Headers */,
			);
			runOnlyForDeploymentPostprocessing = 0;
		};
/* End PBXHeadersBuildPhase section */

/* Begin PBXNativeTarget section */
		A07B968E1D1B6273002397EE /* TextChatAccPackKit */ = {
			isa = PBXNativeTarget;
			buildConfigurationList = A07B96A61D1B6273002397EE /* Build configuration list for PBXNativeTarget "TextChatAccPackKit" */;
			buildPhases = (
				A07B968B1D1B6273002397EE /* Sources */,
				A07B968C1D1B6273002397EE /* Frameworks */,
				A07B968D1D1B6273002397EE /* Resources */,
				A07B96C81D1B6418002397EE /* Embed Frameworks */,
			);
			buildRules = (
			);
			dependencies = (
				A07B96C21D1B6418002397EE /* PBXTargetDependency */,
			);
			name = TextChatAccPackKit;
			productName = TextChatAccPackKit;
			productReference = A07B968F1D1B6273002397EE /* TextChatAccPackKit.app */;
			productType = "com.apple.product-type.application";
		};
		A07B96AD1D1B6418002397EE /* TextChatKit */ = {
			isa = PBXNativeTarget;
			buildConfigurationList = A07B96C51D1B6418002397EE /* Build configuration list for PBXNativeTarget "TextChatKit" */;
			buildPhases = (
				985ACEB6939AE593C9503F27 /* 📦 Check Pods Manifest.lock */,
				A07B96A91D1B6418002397EE /* Sources */,
				A07B96AA1D1B6418002397EE /* Frameworks */,
				A07B96AB1D1B6418002397EE /* Headers */,
				A07B96AC1D1B6418002397EE /* Resources */,
				7C286F56A5655505120BE69C /* 📦 Copy Pods Resources */,
			);
			buildRules = (
			);
			dependencies = (
			);
			name = TextChatKit;
			productName = TextChatKit;
			productReference = A07B96AE1D1B6418002397EE /* TextChatKit.framework */;
			productType = "com.apple.product-type.framework";
		};
		A07B96B61D1B6418002397EE /* TextChatKitTests */ = {
			isa = PBXNativeTarget;
			buildConfigurationList = A07B96C91D1B6418002397EE /* Build configuration list for PBXNativeTarget "TextChatKitTests" */;
			buildPhases = (
				F76658B268E81F03BFFE256D /* 📦 Check Pods Manifest.lock */,
				A07B96B31D1B6418002397EE /* Sources */,
				A07B96B41D1B6418002397EE /* Frameworks */,
				A07B96B51D1B6418002397EE /* Resources */,
				CDADE32501D8438134677CA2 /* 📦 Embed Pods Frameworks */,
				B76C12C39F601F5D5FD0862D /* 📦 Copy Pods Resources */,
			);
			buildRules = (
			);
			dependencies = (
				A07B96BA1D1B6418002397EE /* PBXTargetDependency */,
				A07B96BC1D1B6418002397EE /* PBXTargetDependency */,
			);
			name = TextChatKitTests;
			productName = TextChatKitTests;
			productReference = A07B96B71D1B6418002397EE /* TextChatKitTests.xctest */;
			productType = "com.apple.product-type.bundle.unit-test";
		};
		A07B97051D1B64CF002397EE /* TextChatKitBundle */ = {
			isa = PBXNativeTarget;
			buildConfigurationList = A07B97091D1B64CF002397EE /* Build configuration list for PBXNativeTarget "TextChatKitBundle" */;
			buildPhases = (
				A07B97021D1B64CF002397EE /* Sources */,
				A07B97031D1B64CF002397EE /* Frameworks */,
				A07B97041D1B64CF002397EE /* Resources */,
			);
			buildRules = (
			);
			dependencies = (
			);
			name = TextChatKitBundle;
			productName = TextChatKitBundle;
			productReference = A07B97061D1B64CF002397EE /* TextChatKitBundle.bundle */;
			productType = "com.apple.product-type.bundle";
		};
		A07B97661D1BAC5C002397EE /* TextChatKit copy */ = {
			isa = PBXNativeTarget;
			buildConfigurationList = A07B97821D1BAC5C002397EE /* Build configuration list for PBXNativeTarget "TextChatKit copy" */;
			buildPhases = (
				A07B97671D1BAC5C002397EE /* 📦 Check Pods Manifest.lock */,
				A07B97681D1BAC5C002397EE /* Sources */,
				A07B97711D1BAC5C002397EE /* Frameworks */,
				A07B97731D1BAC5C002397EE /* Headers */,
				A07B97801D1BAC5C002397EE /* Resources */,
				A07B97811D1BAC5C002397EE /* 📦 Copy Pods Resources */,
			);
			buildRules = (
			);
			dependencies = (
			);
			name = "TextChatKit copy";
			productName = TextChatKit;
			productReference = A07B97851D1BAC5C002397EE /* TextChatKit.framework */;
			productType = "com.apple.product-type.framework";
		};
/* End PBXNativeTarget section */

/* Begin PBXProject section */
		A07B96871D1B6273002397EE /* Project object */ = {
			isa = PBXProject;
			attributes = {
				LastUpgradeCheck = 0730;
				ORGANIZATIONNAME = "Tokbox, Inc.";
				TargetAttributes = {
					A07B968E1D1B6273002397EE = {
						CreatedOnToolsVersion = 7.3;
					};
					A07B96AD1D1B6418002397EE = {
						CreatedOnToolsVersion = 7.3;
					};
					A07B96B61D1B6418002397EE = {
						CreatedOnToolsVersion = 7.3;
						TestTargetID = A07B968E1D1B6273002397EE;
					};
					A07B97051D1B64CF002397EE = {
						CreatedOnToolsVersion = 7.3;
					};
					A07B971A1D1BA01C002397EE = {
						CreatedOnToolsVersion = 7.3;
					};
					A07B971E1D1BA023002397EE = {
						CreatedOnToolsVersion = 7.3;
					};
				};
			};
			buildConfigurationList = A07B968A1D1B6273002397EE /* Build configuration list for PBXProject "TextChatAccPackKit" */;
			compatibilityVersion = "Xcode 3.2";
			developmentRegion = English;
			hasScannedForEncodings = 0;
			knownRegions = (
				en,
				Base,
			);
			mainGroup = A07B96861D1B6273002397EE;
			productRefGroup = A07B96901D1B6273002397EE /* Products */;
			projectDirPath = "";
			projectRoot = "";
			targets = (
				A07B968E1D1B6273002397EE /* TextChatAccPackKit */,
				A07B96AD1D1B6418002397EE /* TextChatKit */,
				A07B96B61D1B6418002397EE /* TextChatKitTests */,
				A07B97051D1B64CF002397EE /* TextChatKitBundle */,
				A07B971A1D1BA01C002397EE /* Distribution */,
				A07B971E1D1BA023002397EE /* Build */,
				A07B97661D1BAC5C002397EE /* TextChatKit copy */,
			);
		};
/* End PBXProject section */

/* Begin PBXResourcesBuildPhase section */
		A07B968D1D1B6273002397EE /* Resources */ = {
			isa = PBXResourcesBuildPhase;
			buildActionMask = 2147483647;
			files = (
				A07B97471D1BA20E002397EE /* TextChatKitBundle.bundle in Resources */,
				A07B96A21D1B6273002397EE /* LaunchScreen.storyboard in Resources */,
				A0823BC31D1BAE0D00A67838 /* TextChatKit copy-Info.plist in Resources */,
				A07B969F1D1B6273002397EE /* Assets.xcassets in Resources */,
				A07B969D1D1B6273002397EE /* Main.storyboard in Resources */,
			);
			runOnlyForDeploymentPostprocessing = 0;
		};
		A07B96AC1D1B6418002397EE /* Resources */ = {
			isa = PBXResourcesBuildPhase;
			buildActionMask = 2147483647;
			files = (
			);
			runOnlyForDeploymentPostprocessing = 0;
		};
		A07B96B51D1B6418002397EE /* Resources */ = {
			isa = PBXResourcesBuildPhase;
			buildActionMask = 2147483647;
			files = (
			);
			runOnlyForDeploymentPostprocessing = 0;
		};
		A07B97041D1B64CF002397EE /* Resources */ = {
			isa = PBXResourcesBuildPhase;
			buildActionMask = 2147483647;
			files = (
				A07B97181D1B64FB002397EE /* TextChatSentTableViewCell.xib in Resources */,
				A07B97141D1B64FB002397EE /* TextChatComponentDivTableViewCell.xib in Resources */,
				A07B97171D1B64FB002397EE /* TextChatSentShortTableViewCell.xib in Resources */,
				A07B97151D1B64FB002397EE /* TextChatReceivedShortTableViewCell.xib in Resources */,
				A07B97131D1B64FB002397EE /* Assets.xcassets in Resources */,
				A07B97161D1B64FB002397EE /* TextChatReceivedTableViewCell.xib in Resources */,
				A07B97191D1B64FB002397EE /* TextChatView.xib in Resources */,
			);
			runOnlyForDeploymentPostprocessing = 0;
		};
		A07B97801D1BAC5C002397EE /* Resources */ = {
			isa = PBXResourcesBuildPhase;
			buildActionMask = 2147483647;
			files = (
				A0823BC41D1BAE0D00A67838 /* TextChatKit copy-Info.plist in Resources */,
			);
			runOnlyForDeploymentPostprocessing = 0;
		};
/* End PBXResourcesBuildPhase section */

/* Begin PBXShellScriptBuildPhase section */
		7C286F56A5655505120BE69C /* 📦 Copy Pods Resources */ = {
			isa = PBXShellScriptBuildPhase;
			buildActionMask = 2147483647;
			files = (
			);
			inputPaths = (
			);
			name = "📦 Copy Pods Resources";
			outputPaths = (
			);
			runOnlyForDeploymentPostprocessing = 0;
			shellPath = /bin/sh;
			shellScript = "\"${SRCROOT}/Pods/Target Support Files/Pods-TextChatKit/Pods-TextChatKit-resources.sh\"\n";
			showEnvVarsInLog = 0;
		};
		985ACEB6939AE593C9503F27 /* 📦 Check Pods Manifest.lock */ = {
			isa = PBXShellScriptBuildPhase;
			buildActionMask = 2147483647;
			files = (
			);
			inputPaths = (
			);
			name = "📦 Check Pods Manifest.lock";
			outputPaths = (
			);
			runOnlyForDeploymentPostprocessing = 0;
			shellPath = /bin/sh;
			shellScript = "diff \"${PODS_ROOT}/../Podfile.lock\" \"${PODS_ROOT}/Manifest.lock\" > /dev/null\nif [[ $? != 0 ]] ; then\n    cat << EOM\nerror: The sandbox is not in sync with the Podfile.lock. Run 'pod install' or update your CocoaPods installation.\nEOM\n    exit 1\nfi\n";
			showEnvVarsInLog = 0;
		};
		A07B97481D1BA24D002397EE /* ShellScript */ = {
			isa = PBXShellScriptBuildPhase;
			buildActionMask = 2147483647;
			files = (
			);
			inputPaths = (
			);
			outputPaths = (
			);
			runOnlyForDeploymentPostprocessing = 0;
			shellPath = /bin/sh;
			shellScript = "# Merge Script\n\n# 1\n# Set bash script to exit immediately if any commands fail.\nset -e\n\n# 2\n# Setup some constants for use later on.\nWORKSPACE_NAME=\"TextChatAccPackKit.xcworkspace\"\nFRAMEWORK_NAME=\"TextChatKit\"\nBUNDLE_NAME=\"TextChatKitBundle\"\nSCHEME_NAME=\"TextChatKit copy\"\n\n# 3\n# If remnants from a previous build exist, delete them.\nif [ -d \"${SRCROOT}/build\" ]; then\nrm -rf \"${SRCROOT}/build\"\nfi\n\n# 4\n# Build the framework for device and for simulator (using\n# all needed architectures).\nxcodebuild -workspace \"${WORKSPACE_NAME}\" -scheme \"${SCHEME_NAME}\" -configuration Release -arch arm64 -arch armv7 -arch armv7s only_active_arch=no defines_module=yes -sdk \"iphoneos\" -derivedDataPath \"${SRCROOT}/build\"\nxcodebuild -workspace \"${WORKSPACE_NAME}\" -scheme \"${SCHEME_NAME}\" -configuration Release -arch x86_64 -arch i386 only_active_arch=no defines_module=yes -sdk \"iphonesimulator\" -derivedDataPath \"${SRCROOT}/build\"\n\n# 5\n# Remove .framework file if exists on OneToOneTextChatSample folder from previous run.\nif [ -d \"../OneToOneTextChatSample/${FRAMEWORK_NAME}.framework\" ]; then\nrm -rf \"../OneToOneTextChatSample/${FRAMEWORK_NAME}.framework\"\nfi\n\n# 6\n# Copy the device version of framework to OneToOneTextChatSample folder .\ncp -r \"${SRCROOT}/build/Build/Products/Release-iphoneos/${FRAMEWORK_NAME}.framework\" \"../OneToOneTextChatSample/${FRAMEWORK_NAME}.framework\"\n\n# 7\n# Replace the framework executable within the framework with\n# a new version created by merging the device and simulator\n# frameworks' executables with lipo.\nlipo -create -output \"../OneToOneTextChatSample/${FRAMEWORK_NAME}.framework/${FRAMEWORK_NAME}\" \"${SRCROOT}/build/Build/Products/Release-iphoneos/${FRAMEWORK_NAME}.framework/${FRAMEWORK_NAME}\" \"${SRCROOT}/build/Build/Products/Release-iphonesimulator/${FRAMEWORK_NAME}.framework/${FRAMEWORK_NAME}\"\n\n# 8\n# Copy the Swift module mappings for the simulator into the\n# framework.  The device mappings already exist from step 6.\n#cp -r \"${SRCROOT}/build/Release-iphonesimulator/${FRAMEWORK_NAME}.framework/Modules/${FRAMEWORK_NAME}.swiftmodule/\" \"${HOME}/Desktop/${FRAMEWORK_NAME}.framework/Modules/${FRAMEWORK_NAME}.swiftmodule\"\n\n# 9\n# Build the resource bundle for the static library\nxcodebuild -workspace \"${WORKSPACE_NAME}\" -scheme \"${BUNDLE_NAME}\" -configuration Release -arch x86_64 -arch i386 only_active_arch=no defines_module=yes -sdk \"iphoneos\" -derivedDataPath \"${SRCROOT}/build\"\n\n# 10\n# Remove .bundle file if exists on OneToOneTextChatSample folder from previous run\nif [ -d \"../OneToOneTextChatSample/${BUNDLE_NAME}.framework\" ]; then\nrm -rf \"../OneToOneTextChatSample/${BUNDLE_NAME}.framework\"\nfi\n\n# 11\n# Copy the resource bundle to OneToOneTextChatSample folder\ncp -r \"${SRCROOT}/build/Build/Products/Release-iphoneos/${BUNDLE_NAME}.bundle\" \"../OneToOneTextChatSample/${BUNDLE_NAME}.bundle\"\n\n# 12\n# re-direct to the Documentation folder and build the Documentation\ncd Documentation\nxcodebuild -project \"Documentation.xcodeproj\" -scheme \"AppleDoc\"\ncd ..\n\n# 13\n# re-direct to the OneToOneTextChatSample folder and zip all outputs into TextChatKit.zip\ncd ../OneToOneTextChatSample\nzip -r ../TextChatKit.zip TextChatKit.framework TextChatKitBundle.bundle docs\n\n# 15\n# Delete the most recent build.\nif [ -d \"${SRCROOT}/build\" ]; then\nrm -rf \"${SRCROOT}/build\"\nfi";
		};
		A07B97491D1BA27C002397EE /* ShellScript */ = {
			isa = PBXShellScriptBuildPhase;
			buildActionMask = 2147483647;
			files = (
			);
			inputPaths = (
			);
			outputPaths = (
			);
			runOnlyForDeploymentPostprocessing = 0;
			shellPath = /bin/sh;
			shellScript = "# Merge Script\n\n# 1\n# Set bash script to exit immediately if any commands fail.\nset -e\n\n# 2\n# Setup some constants for use later on.\nWORKSPACE_NAME=\"TextChatAccPackKit.xcworkspace\"\nFRAMEWORK_NAME=\"TextChatKit\"\nSCHEME_NAME=\"TextChatKit copy\"\nBUNDLE_NAME=\"TextChatKitBundle\"\n\n# 3\n# If remnants from a previous build exist, delete them.\nif [ -d \"${SRCROOT}/build\" ]; then\nrm -rf \"${SRCROOT}/build\"\nfi\n\n# 4\n# Build the framework for device and for simulator (using\n# all needed architectures).\nxcodebuild -workspace \"${WORKSPACE_NAME}\" -scheme \"${SCHEME_NAME}\" -configuration Release -arch arm64 -arch armv7 -arch armv7s only_active_arch=no defines_module=yes -sdk \"iphoneos\" -derivedDataPath \"${SRCROOT}/build\"\nxcodebuild -workspace \"${WORKSPACE_NAME}\" -scheme \"${SCHEME_NAME}\" -configuration Release -arch x86_64 -arch i386 only_active_arch=no defines_module=yes -sdk \"iphonesimulator\" -derivedDataPath \"${SRCROOT}/build\"\n\n# 5\n# Remove .framework file if exists on OneToOneTextChatSample folder from previous run.\nif [ -d \"../OneToOneTextChatSample/${FRAMEWORK_NAME}.framework\" ]; then\nrm -rf \"../OneToOneTextChatSample/${FRAMEWORK_NAME}.framework\"\nfi\n\n# 6\n# Copy the device version of framework to OneToOneTextChatSample folder .\ncp -r \"${SRCROOT}/build/Build/Products/Release-iphoneos/${FRAMEWORK_NAME}.framework\" \"../OneToOneTextChatSample/${FRAMEWORK_NAME}.framework\"\n\n# 7\n# Replace the framework executable within the framework with\n# a new version created by merging the device and simulator\n# frameworks' executables with lipo.\nlipo -create -output \"../OneToOneTextChatSample/${FRAMEWORK_NAME}.framework/${FRAMEWORK_NAME}\" \"${SRCROOT}/build/Build/Products/Release-iphoneos/${FRAMEWORK_NAME}.framework/${FRAMEWORK_NAME}\" \"${SRCROOT}/build/Build/Products/Release-iphonesimulator/${FRAMEWORK_NAME}.framework/${FRAMEWORK_NAME}\"\n\n# 8\n# Copy the Swift module mappings for the simulator into the\n# framework.  The device mappings already exist from step 6.\n#cp -r \"${SRCROOT}/build/Release-iphonesimulator/${FRAMEWORK_NAME}.framework/Modules/${FRAMEWORK_NAME}.swiftmodule/\" \"${HOME}/Desktop/${FRAMEWORK_NAME}.framework/Modules/${FRAMEWORK_NAME}.swiftmodule\"\n\n# 9\n# Build the resource bundle for the static library\nxcodebuild -workspace \"${WORKSPACE_NAME}\" -scheme \"${BUNDLE_NAME}\" -configuration Release -arch x86_64 -arch i386 only_active_arch=no defines_module=yes -sdk \"iphonesimulator\" -derivedDataPath \"${SRCROOT}/build\"\nxcodebuild -workspace \"${WORKSPACE_NAME}\" -scheme \"${BUNDLE_NAME}\" -configuration Debug -sdk \"iphonesimulator\"\n\n# 10\n# Remove .bundle file if exists on OneToOneTextChatSample folder from previous run\nif [ -d \"../OneToOneTextChatSample/${BUNDLE_NAME}.framework\" ]; then\nrm -rf \"../OneToOneTextChatSample/${BUNDLE_NAME}.framework\"\nfi\n\n# 11\n# Copy the resource bundle to OneToOneTextChatSample folder\ncp -r \"${SRCROOT}/build/Build/Products/Release-iphonesimulator/${BUNDLE_NAME}.bundle\" \"../OneToOneTextChatSample/${BUNDLE_NAME}.bundle\"\n\n# 12\n# Delete the most recent build.\nif [ -d \"${SRCROOT}/build\" ]; then\nrm -rf \"${SRCROOT}/build\"\nfi";
		};
		A07B97671D1BAC5C002397EE /* 📦 Check Pods Manifest.lock */ = {
			isa = PBXShellScriptBuildPhase;
			buildActionMask = 2147483647;
			files = (
			);
			inputPaths = (
			);
			name = "📦 Check Pods Manifest.lock";
			outputPaths = (
			);
			runOnlyForDeploymentPostprocessing = 0;
			shellPath = /bin/sh;
			shellScript = "diff \"${PODS_ROOT}/../Podfile.lock\" \"${PODS_ROOT}/Manifest.lock\" > /dev/null\nif [[ $? != 0 ]] ; then\n    cat << EOM\nerror: The sandbox is not in sync with the Podfile.lock. Run 'pod install' or update your CocoaPods installation.\nEOM\n    exit 1\nfi\n";
			showEnvVarsInLog = 0;
		};
		A07B97811D1BAC5C002397EE /* 📦 Copy Pods Resources */ = {
			isa = PBXShellScriptBuildPhase;
			buildActionMask = 2147483647;
			files = (
			);
			inputPaths = (
			);
			name = "📦 Copy Pods Resources";
			outputPaths = (
			);
			runOnlyForDeploymentPostprocessing = 0;
			shellPath = /bin/sh;
			shellScript = "\"${SRCROOT}/Pods/Target Support Files/Pods-TextChatKit/Pods-TextChatKit-resources.sh\"\n";
			showEnvVarsInLog = 0;
		};
		B76C12C39F601F5D5FD0862D /* 📦 Copy Pods Resources */ = {
			isa = PBXShellScriptBuildPhase;
			buildActionMask = 2147483647;
			files = (
			);
			inputPaths = (
			);
			name = "📦 Copy Pods Resources";
			outputPaths = (
			);
			runOnlyForDeploymentPostprocessing = 0;
			shellPath = /bin/sh;
			shellScript = "\"${SRCROOT}/Pods/Target Support Files/Pods-TextChatKitTests/Pods-TextChatKitTests-resources.sh\"\n";
			showEnvVarsInLog = 0;
		};
		CDADE32501D8438134677CA2 /* 📦 Embed Pods Frameworks */ = {
			isa = PBXShellScriptBuildPhase;
			buildActionMask = 2147483647;
			files = (
			);
			inputPaths = (
			);
			name = "📦 Embed Pods Frameworks";
			outputPaths = (
			);
			runOnlyForDeploymentPostprocessing = 0;
			shellPath = /bin/sh;
			shellScript = "\"${SRCROOT}/Pods/Target Support Files/Pods-TextChatKitTests/Pods-TextChatKitTests-frameworks.sh\"\n";
			showEnvVarsInLog = 0;
		};
		F76658B268E81F03BFFE256D /* 📦 Check Pods Manifest.lock */ = {
			isa = PBXShellScriptBuildPhase;
			buildActionMask = 2147483647;
			files = (
			);
			inputPaths = (
			);
			name = "📦 Check Pods Manifest.lock";
			outputPaths = (
			);
			runOnlyForDeploymentPostprocessing = 0;
			shellPath = /bin/sh;
			shellScript = "diff \"${PODS_ROOT}/../Podfile.lock\" \"${PODS_ROOT}/Manifest.lock\" > /dev/null\nif [[ $? != 0 ]] ; then\n    cat << EOM\nerror: The sandbox is not in sync with the Podfile.lock. Run 'pod install' or update your CocoaPods installation.\nEOM\n    exit 1\nfi\n";
			showEnvVarsInLog = 0;
		};
/* End PBXShellScriptBuildPhase section */

/* Begin PBXSourcesBuildPhase section */
		A07B968B1D1B6273002397EE /* Sources */ = {
			isa = PBXSourcesBuildPhase;
			buildActionMask = 2147483647;
			files = (
				A07B969A1D1B6273002397EE /* ViewController.m in Sources */,
				A07B96971D1B6273002397EE /* AppDelegate.m in Sources */,
				A07B96941D1B6273002397EE /* main.m in Sources */,
			);
			runOnlyForDeploymentPostprocessing = 0;
		};
		A07B96A91D1B6418002397EE /* Sources */ = {
			isa = PBXSourcesBuildPhase;
			buildActionMask = 2147483647;
			files = (
				A07B96F01D1B6497002397EE /* UIViewController+Helper.m in Sources */,
				A07B96FD1D1B6497002397EE /* TextMessageManager.m in Sources */,
				A07B96FA1D1B6497002397EE /* TextMessage.m in Sources */,
				A07B96E91D1B6497002397EE /* GCDHelper.m in Sources */,
				A07B96F71D1B6497002397EE /* TextChatView.m in Sources */,
				A07B96F41D1B6497002397EE /* TextChatUICustomizator.m in Sources */,
				A07B96F21D1B6497002397EE /* TextChatTableViewCell.m in Sources */,
				A07B97461D1BA14A002397EE /* OTKAnalytics.m in Sources */,
			);
			runOnlyForDeploymentPostprocessing = 0;
		};
		A07B96B31D1B6418002397EE /* Sources */ = {
			isa = PBXSourcesBuildPhase;
			buildActionMask = 2147483647;
			files = (
				A07B97011D1B64A1002397EE /* TextChatTests.m in Sources */,
				A07B97001D1B64A1002397EE /* TextChatComponentTests.m in Sources */,
			);
			runOnlyForDeploymentPostprocessing = 0;
		};
		A07B97021D1B64CF002397EE /* Sources */ = {
			isa = PBXSourcesBuildPhase;
			buildActionMask = 2147483647;
			files = (
			);
			runOnlyForDeploymentPostprocessing = 0;
		};
		A07B97681D1BAC5C002397EE /* Sources */ = {
			isa = PBXSourcesBuildPhase;
			buildActionMask = 2147483647;
			files = (
				A07B97691D1BAC5C002397EE /* UIViewController+Helper.m in Sources */,
				A07B976A1D1BAC5C002397EE /* TextMessageManager.m in Sources */,
				A07B976B1D1BAC5C002397EE /* TextMessage.m in Sources */,
				A07B976C1D1BAC5C002397EE /* GCDHelper.m in Sources */,
				A07B976D1D1BAC5C002397EE /* TextChatView.m in Sources */,
				A07B976E1D1BAC5C002397EE /* TextChatUICustomizator.m in Sources */,
				A07B976F1D1BAC5C002397EE /* TextChatTableViewCell.m in Sources */,
				A07B97701D1BAC5C002397EE /* OTKAnalytics.m in Sources */,
			);
			runOnlyForDeploymentPostprocessing = 0;
		};
/* End PBXSourcesBuildPhase section */

/* Begin PBXTargetDependency section */
		A07B96BA1D1B6418002397EE /* PBXTargetDependency */ = {
			isa = PBXTargetDependency;
			target = A07B96AD1D1B6418002397EE /* TextChatKit */;
			targetProxy = A07B96B91D1B6418002397EE /* PBXContainerItemProxy */;
		};
		A07B96BC1D1B6418002397EE /* PBXTargetDependency */ = {
			isa = PBXTargetDependency;
			target = A07B968E1D1B6273002397EE /* TextChatAccPackKit */;
			targetProxy = A07B96BB1D1B6418002397EE /* PBXContainerItemProxy */;
		};
		A07B96C21D1B6418002397EE /* PBXTargetDependency */ = {
			isa = PBXTargetDependency;
			target = A07B96AD1D1B6418002397EE /* TextChatKit */;
			targetProxy = A07B96C11D1B6418002397EE /* PBXContainerItemProxy */;
		};
/* End PBXTargetDependency section */

/* Begin PBXVariantGroup section */
		A07B969B1D1B6273002397EE /* Main.storyboard */ = {
			isa = PBXVariantGroup;
			children = (
				A07B969C1D1B6273002397EE /* Base */,
			);
			name = Main.storyboard;
			sourceTree = "<group>";
		};
		A07B96A01D1B6273002397EE /* LaunchScreen.storyboard */ = {
			isa = PBXVariantGroup;
			children = (
				A07B96A11D1B6273002397EE /* Base */,
			);
			name = LaunchScreen.storyboard;
			sourceTree = "<group>";
		};
/* End PBXVariantGroup section */

/* Begin XCBuildConfiguration section */
		A07B96A41D1B6273002397EE /* Debug */ = {
			isa = XCBuildConfiguration;
			buildSettings = {
				ALWAYS_SEARCH_USER_PATHS = NO;
				CLANG_ANALYZER_NONNULL = YES;
				CLANG_CXX_LANGUAGE_STANDARD = "gnu++0x";
				CLANG_CXX_LIBRARY = "libc++";
				CLANG_ENABLE_MODULES = YES;
				CLANG_ENABLE_OBJC_ARC = YES;
				CLANG_WARN_BOOL_CONVERSION = YES;
				CLANG_WARN_CONSTANT_CONVERSION = YES;
				CLANG_WARN_DIRECT_OBJC_ISA_USAGE = YES_ERROR;
				CLANG_WARN_EMPTY_BODY = YES;
				CLANG_WARN_ENUM_CONVERSION = YES;
				CLANG_WARN_INT_CONVERSION = YES;
				CLANG_WARN_OBJC_ROOT_CLASS = YES_ERROR;
				CLANG_WARN_UNREACHABLE_CODE = YES;
				CLANG_WARN__DUPLICATE_METHOD_MATCH = YES;
				"CODE_SIGN_IDENTITY[sdk=iphoneos*]" = "iPhone Developer";
				COPY_PHASE_STRIP = NO;
				DEBUG_INFORMATION_FORMAT = dwarf;
				ENABLE_STRICT_OBJC_MSGSEND = YES;
				ENABLE_TESTABILITY = YES;
				GCC_C_LANGUAGE_STANDARD = gnu99;
				GCC_DYNAMIC_NO_PIC = NO;
				GCC_NO_COMMON_BLOCKS = YES;
				GCC_OPTIMIZATION_LEVEL = 0;
				GCC_PREPROCESSOR_DEFINITIONS = (
					"DEBUG=1",
					"$(inherited)",
				);
				GCC_WARN_64_TO_32_BIT_CONVERSION = YES;
				GCC_WARN_ABOUT_RETURN_TYPE = YES_ERROR;
				GCC_WARN_UNDECLARED_SELECTOR = YES;
				GCC_WARN_UNINITIALIZED_AUTOS = YES_AGGRESSIVE;
				GCC_WARN_UNUSED_FUNCTION = YES;
				GCC_WARN_UNUSED_VARIABLE = YES;
				IPHONEOS_DEPLOYMENT_TARGET = 9.3;
				MTL_ENABLE_DEBUG_INFO = YES;
				ONLY_ACTIVE_ARCH = YES;
				SDKROOT = iphoneos;
				TARGETED_DEVICE_FAMILY = "1,2";
			};
			name = Debug;
		};
		A07B96A51D1B6273002397EE /* Release */ = {
			isa = XCBuildConfiguration;
			buildSettings = {
				ALWAYS_SEARCH_USER_PATHS = NO;
				CLANG_ANALYZER_NONNULL = YES;
				CLANG_CXX_LANGUAGE_STANDARD = "gnu++0x";
				CLANG_CXX_LIBRARY = "libc++";
				CLANG_ENABLE_MODULES = YES;
				CLANG_ENABLE_OBJC_ARC = YES;
				CLANG_WARN_BOOL_CONVERSION = YES;
				CLANG_WARN_CONSTANT_CONVERSION = YES;
				CLANG_WARN_DIRECT_OBJC_ISA_USAGE = YES_ERROR;
				CLANG_WARN_EMPTY_BODY = YES;
				CLANG_WARN_ENUM_CONVERSION = YES;
				CLANG_WARN_INT_CONVERSION = YES;
				CLANG_WARN_OBJC_ROOT_CLASS = YES_ERROR;
				CLANG_WARN_UNREACHABLE_CODE = YES;
				CLANG_WARN__DUPLICATE_METHOD_MATCH = YES;
				"CODE_SIGN_IDENTITY[sdk=iphoneos*]" = "iPhone Developer";
				COPY_PHASE_STRIP = NO;
				DEBUG_INFORMATION_FORMAT = "dwarf-with-dsym";
				ENABLE_NS_ASSERTIONS = NO;
				ENABLE_STRICT_OBJC_MSGSEND = YES;
				GCC_C_LANGUAGE_STANDARD = gnu99;
				GCC_NO_COMMON_BLOCKS = YES;
				GCC_WARN_64_TO_32_BIT_CONVERSION = YES;
				GCC_WARN_ABOUT_RETURN_TYPE = YES_ERROR;
				GCC_WARN_UNDECLARED_SELECTOR = YES;
				GCC_WARN_UNINITIALIZED_AUTOS = YES_AGGRESSIVE;
				GCC_WARN_UNUSED_FUNCTION = YES;
				GCC_WARN_UNUSED_VARIABLE = YES;
				IPHONEOS_DEPLOYMENT_TARGET = 9.3;
				MTL_ENABLE_DEBUG_INFO = NO;
				SDKROOT = iphoneos;
				TARGETED_DEVICE_FAMILY = "1,2";
				VALIDATE_PRODUCT = YES;
			};
			name = Release;
		};
		A07B96A71D1B6273002397EE /* Debug */ = {
			isa = XCBuildConfiguration;
			buildSettings = {
				ASSETCATALOG_COMPILER_APPICON_NAME = AppIcon;
				INFOPLIST_FILE = TextChatAccPackKit/Info.plist;
				IPHONEOS_DEPLOYMENT_TARGET = 8.0;
				LD_RUNPATH_SEARCH_PATHS = "$(inherited) @executable_path/Frameworks";
				ONLY_ACTIVE_ARCH = YES;
				PRODUCT_BUNDLE_IDENTIFIER = com.lucashuang.TextChatAccPackKit;
				PRODUCT_NAME = "$(TARGET_NAME)";
			};
			name = Debug;
		};
		A07B96A81D1B6273002397EE /* Release */ = {
			isa = XCBuildConfiguration;
			buildSettings = {
				ASSETCATALOG_COMPILER_APPICON_NAME = AppIcon;
				INFOPLIST_FILE = TextChatAccPackKit/Info.plist;
				IPHONEOS_DEPLOYMENT_TARGET = 8.0;
				LD_RUNPATH_SEARCH_PATHS = "$(inherited) @executable_path/Frameworks";
				ONLY_ACTIVE_ARCH = NO;
				PRODUCT_BUNDLE_IDENTIFIER = com.lucashuang.TextChatAccPackKit;
				PRODUCT_NAME = "$(TARGET_NAME)";
			};
			name = Release;
		};
		A07B96C61D1B6418002397EE /* Debug */ = {
			isa = XCBuildConfiguration;
			baseConfigurationReference = A1CD7E4B8EB70C5B74932E99 /* Pods-TextChatKit.debug.xcconfig */;
			buildSettings = {
				CURRENT_PROJECT_VERSION = 1;
				DEFINES_MODULE = YES;
				DYLIB_COMPATIBILITY_VERSION = 1;
				DYLIB_CURRENT_VERSION = 1;
				DYLIB_INSTALL_NAME_BASE = "@rpath";
				INFOPLIST_FILE = TextChatKit/Info.plist;
				INSTALL_PATH = "$(LOCAL_LIBRARY_DIR)/Frameworks";
				IPHONEOS_DEPLOYMENT_TARGET = 8.0;
				LD_RUNPATH_SEARCH_PATHS = "$(inherited) @executable_path/Frameworks @loader_path/Frameworks";
				ONLY_ACTIVE_ARCH = YES;
				PRODUCT_BUNDLE_IDENTIFIER = com.lucashuang.TextChatKit;
				PRODUCT_NAME = "$(TARGET_NAME)";
				SKIP_INSTALL = YES;
				VERSIONING_SYSTEM = "apple-generic";
				VERSION_INFO_PREFIX = "";
			};
			name = Debug;
		};
		A07B96C71D1B6418002397EE /* Release */ = {
			isa = XCBuildConfiguration;
			baseConfigurationReference = 846E325A7216156BD31F2409 /* Pods-TextChatKit.release.xcconfig */;
			buildSettings = {
				CURRENT_PROJECT_VERSION = 1;
				DEFINES_MODULE = YES;
				DYLIB_COMPATIBILITY_VERSION = 1;
				DYLIB_CURRENT_VERSION = 1;
				DYLIB_INSTALL_NAME_BASE = "@rpath";
				INFOPLIST_FILE = TextChatKit/Info.plist;
				INSTALL_PATH = "$(LOCAL_LIBRARY_DIR)/Frameworks";
				IPHONEOS_DEPLOYMENT_TARGET = 8.0;
				LD_RUNPATH_SEARCH_PATHS = "$(inherited) @executable_path/Frameworks @loader_path/Frameworks";
				PRODUCT_BUNDLE_IDENTIFIER = com.lucashuang.TextChatKit;
				PRODUCT_NAME = "$(TARGET_NAME)";
				SKIP_INSTALL = YES;
				VERSIONING_SYSTEM = "apple-generic";
				VERSION_INFO_PREFIX = "";
			};
			name = Release;
		};
		A07B96CA1D1B6418002397EE /* Debug */ = {
			isa = XCBuildConfiguration;
			baseConfigurationReference = 50FE1A39CBB08D31EED1E806 /* Pods-TextChatKitTests.debug.xcconfig */;
			buildSettings = {
				BUNDLE_LOADER = "$(TEST_HOST)";
				INFOPLIST_FILE = TextChatKitTests/Info.plist;
				LD_RUNPATH_SEARCH_PATHS = "$(inherited) @executable_path/Frameworks @loader_path/Frameworks";
				PRODUCT_BUNDLE_IDENTIFIER = com.lucashuang.TextChatKitTests;
				PRODUCT_NAME = "$(TARGET_NAME)";
				TEST_HOST = "$(BUILT_PRODUCTS_DIR)/TextChatAccPackKit.app/TextChatAccPackKit";
			};
			name = Debug;
		};
		A07B96CB1D1B6418002397EE /* Release */ = {
			isa = XCBuildConfiguration;
			baseConfigurationReference = B2A95124E541ECA27322EDFA /* Pods-TextChatKitTests.release.xcconfig */;
			buildSettings = {
				BUNDLE_LOADER = "$(TEST_HOST)";
				INFOPLIST_FILE = TextChatKitTests/Info.plist;
				LD_RUNPATH_SEARCH_PATHS = "$(inherited) @executable_path/Frameworks @loader_path/Frameworks";
				PRODUCT_BUNDLE_IDENTIFIER = com.lucashuang.TextChatKitTests;
				PRODUCT_NAME = "$(TARGET_NAME)";
				TEST_HOST = "$(BUILT_PRODUCTS_DIR)/TextChatAccPackKit.app/TextChatAccPackKit";
			};
			name = Release;
		};
		A07B970A1D1B64CF002397EE /* Debug */ = {
			isa = XCBuildConfiguration;
			buildSettings = {
				CODE_SIGN_IDENTITY = "-";
				COMBINE_HIDPI_IMAGES = YES;
				INFOPLIST_FILE = TextChatKitBundle/Info.plist;
				INSTALL_PATH = "$(LOCAL_LIBRARY_DIR)/Bundles";
				MACOSX_DEPLOYMENT_TARGET = 10.11;
				PRODUCT_BUNDLE_IDENTIFIER = com.lucashuang.TextChatKitBundle;
				PRODUCT_NAME = "$(TARGET_NAME)";
				SDKROOT = macosx;
				SKIP_INSTALL = YES;
				SUPPORTED_PLATFORMS = "iphonesimulator iphoneos";
				WRAPPER_EXTENSION = bundle;
			};
			name = Debug;
		};
		A07B970B1D1B64CF002397EE /* Release */ = {
			isa = XCBuildConfiguration;
			buildSettings = {
				CODE_SIGN_IDENTITY = "-";
				COMBINE_HIDPI_IMAGES = YES;
				INFOPLIST_FILE = TextChatKitBundle/Info.plist;
				INSTALL_PATH = "$(LOCAL_LIBRARY_DIR)/Bundles";
				MACOSX_DEPLOYMENT_TARGET = 10.11;
				PRODUCT_BUNDLE_IDENTIFIER = com.lucashuang.TextChatKitBundle;
				PRODUCT_NAME = "$(TARGET_NAME)";
				SDKROOT = macosx;
				SKIP_INSTALL = YES;
				SUPPORTED_PLATFORMS = "iphonesimulator iphoneos";
				WRAPPER_EXTENSION = bundle;
			};
			name = Release;
		};
		A07B971C1D1BA01C002397EE /* Debug */ = {
			isa = XCBuildConfiguration;
			buildSettings = {
				PRODUCT_NAME = "$(TARGET_NAME)";
			};
			name = Debug;
		};
		A07B971D1D1BA01C002397EE /* Release */ = {
			isa = XCBuildConfiguration;
			buildSettings = {
				PRODUCT_NAME = "$(TARGET_NAME)";
			};
			name = Release;
		};
		A07B97201D1BA023002397EE /* Debug */ = {
			isa = XCBuildConfiguration;
			buildSettings = {
				PRODUCT_NAME = "$(TARGET_NAME)";
			};
			name = Debug;
		};
		A07B97211D1BA023002397EE /* Release */ = {
			isa = XCBuildConfiguration;
			buildSettings = {
				PRODUCT_NAME = "$(TARGET_NAME)";
			};
			name = Release;
		};
		A07B97831D1BAC5C002397EE /* Debug */ = {
			isa = XCBuildConfiguration;
			baseConfigurationReference = A1CD7E4B8EB70C5B74932E99 /* Pods-TextChatKit.debug.xcconfig */;
			buildSettings = {
				CURRENT_PROJECT_VERSION = 1;
				DEFINES_MODULE = YES;
				DYLIB_COMPATIBILITY_VERSION = 1;
				DYLIB_CURRENT_VERSION = 1;
				DYLIB_INSTALL_NAME_BASE = "@rpath";
				INFOPLIST_FILE = "TextChatKit copy-Info.plist";
				INSTALL_PATH = "$(LOCAL_LIBRARY_DIR)/Frameworks";
				IPHONEOS_DEPLOYMENT_TARGET = 8.0;
				LD_RUNPATH_SEARCH_PATHS = "$(inherited) @executable_path/Frameworks @loader_path/Frameworks";
				MACH_O_TYPE = staticlib;
				ONLY_ACTIVE_ARCH = YES;
				PRODUCT_BUNDLE_IDENTIFIER = com.lucashuang.TextChatKit;
				PRODUCT_NAME = TextChatKit;
				SKIP_INSTALL = YES;
				VERSIONING_SYSTEM = "apple-generic";
				VERSION_INFO_PREFIX = "";
			};
			name = Debug;
		};
		A07B97841D1BAC5C002397EE /* Release */ = {
			isa = XCBuildConfiguration;
			baseConfigurationReference = 846E325A7216156BD31F2409 /* Pods-TextChatKit.release.xcconfig */;
			buildSettings = {
				CURRENT_PROJECT_VERSION = 1;
				DEFINES_MODULE = YES;
				DYLIB_COMPATIBILITY_VERSION = 1;
				DYLIB_CURRENT_VERSION = 1;
				DYLIB_INSTALL_NAME_BASE = "@rpath";
				INFOPLIST_FILE = "TextChatKit copy-Info.plist";
				INSTALL_PATH = "$(LOCAL_LIBRARY_DIR)/Frameworks";
				IPHONEOS_DEPLOYMENT_TARGET = 8.0;
				LD_RUNPATH_SEARCH_PATHS = "$(inherited) @executable_path/Frameworks @loader_path/Frameworks";
				MACH_O_TYPE = staticlib;
				PRODUCT_BUNDLE_IDENTIFIER = com.lucashuang.TextChatKit;
				PRODUCT_NAME = TextChatKit;
				SKIP_INSTALL = YES;
				VERSIONING_SYSTEM = "apple-generic";
				VERSION_INFO_PREFIX = "";
			};
			name = Release;
		};
/* End XCBuildConfiguration section */

/* Begin XCConfigurationList section */
		A07B968A1D1B6273002397EE /* Build configuration list for PBXProject "TextChatAccPackKit" */ = {
			isa = XCConfigurationList;
			buildConfigurations = (
				A07B96A41D1B6273002397EE /* Debug */,
				A07B96A51D1B6273002397EE /* Release */,
			);
			defaultConfigurationIsVisible = 0;
			defaultConfigurationName = Release;
		};
		A07B96A61D1B6273002397EE /* Build configuration list for PBXNativeTarget "TextChatAccPackKit" */ = {
			isa = XCConfigurationList;
			buildConfigurations = (
				A07B96A71D1B6273002397EE /* Debug */,
				A07B96A81D1B6273002397EE /* Release */,
			);
			defaultConfigurationIsVisible = 0;
			defaultConfigurationName = Release;
		};
		A07B96C51D1B6418002397EE /* Build configuration list for PBXNativeTarget "TextChatKit" */ = {
			isa = XCConfigurationList;
			buildConfigurations = (
				A07B96C61D1B6418002397EE /* Debug */,
				A07B96C71D1B6418002397EE /* Release */,
			);
			defaultConfigurationIsVisible = 0;
			defaultConfigurationName = Release;
		};
		A07B96C91D1B6418002397EE /* Build configuration list for PBXNativeTarget "TextChatKitTests" */ = {
			isa = XCConfigurationList;
			buildConfigurations = (
				A07B96CA1D1B6418002397EE /* Debug */,
				A07B96CB1D1B6418002397EE /* Release */,
			);
			defaultConfigurationIsVisible = 0;
			defaultConfigurationName = Release;
		};
		A07B97091D1B64CF002397EE /* Build configuration list for PBXNativeTarget "TextChatKitBundle" */ = {
			isa = XCConfigurationList;
			buildConfigurations = (
				A07B970A1D1B64CF002397EE /* Debug */,
				A07B970B1D1B64CF002397EE /* Release */,
			);
			defaultConfigurationIsVisible = 0;
			defaultConfigurationName = Release;
		};
		A07B971B1D1BA01C002397EE /* Build configuration list for PBXAggregateTarget "Distribution" */ = {
			isa = XCConfigurationList;
			buildConfigurations = (
				A07B971C1D1BA01C002397EE /* Debug */,
				A07B971D1D1BA01C002397EE /* Release */,
			);
			defaultConfigurationIsVisible = 0;
			defaultConfigurationName = Release;
		};
		A07B971F1D1BA023002397EE /* Build configuration list for PBXAggregateTarget "Build" */ = {
			isa = XCConfigurationList;
			buildConfigurations = (
				A07B97201D1BA023002397EE /* Debug */,
				A07B97211D1BA023002397EE /* Release */,
			);
			defaultConfigurationIsVisible = 0;
			defaultConfigurationName = Release;
		};
		A07B97821D1BAC5C002397EE /* Build configuration list for PBXNativeTarget "TextChatKit copy" */ = {
			isa = XCConfigurationList;
			buildConfigurations = (
				A07B97831D1BAC5C002397EE /* Debug */,
				A07B97841D1BAC5C002397EE /* Release */,
			);
			defaultConfigurationIsVisible = 0;
			defaultConfigurationName = Release;
		};
/* End XCConfigurationList section */
	};
	rootObject = A07B96871D1B6273002397EE /* Project object */;
}
