// !$*UTF8*$!
{
	archiveVersion = 1;
	classes = {
	};
	objectVersion = 46;
	objects = {

/* Begin PBXAggregateTarget section */
		A0E9FA871D4032FC00460599 /* Distribution */ = {
			isa = PBXAggregateTarget;
			buildConfigurationList = A0E9FA8A1D4032FC00460599 /* Build configuration list for PBXAggregateTarget "Distribution" */;
			buildPhases = (
				A0E9FA8B1D40330000460599 /* ShellScript */,
			);
			dependencies = (
			);
			name = Distribution;
			productName = Distribution;
		};
/* End PBXAggregateTarget section */

/* Begin PBXBuildFile section */
		A058350C1D2F4BAD00E484FB /* ShareWholeScreenViewController.m in Sources */ = {isa = PBXBuildFile; fileRef = A058350B1D2F4BAD00E484FB /* ShareWholeScreenViewController.m */; };
		A058350F1D2F4E4700E484FB /* ColorViewController.m in Sources */ = {isa = PBXBuildFile; fileRef = A058350E1D2F4E4700E484FB /* ColorViewController.m */; };
		A0844FB01D38512400D0EB83 /* OTScreenSharer_Private.h in Headers */ = {isa = PBXBuildFile; fileRef = A0844FAF1D38512400D0EB83 /* OTScreenSharer_Private.h */; };
		A09A4AC71CD02A990024C349 /* OTScreenShareKit.framework in Frameworks */ = {isa = PBXBuildFile; fileRef = A09A4AC01CD02A990024C349 /* OTScreenShareKit.framework */; };
		A09A4AC81CD02A990024C349 /* OTScreenShareKit.framework in Embed Frameworks */ = {isa = PBXBuildFile; fileRef = A09A4AC01CD02A990024C349 /* OTScreenShareKit.framework */; settings = {ATTRIBUTES = (CodeSignOnCopy, RemoveHeadersOnCopy, ); }; };
		A0CFE14B1D25BF8200D8449B /* OTScreenShareKit.h in Headers */ = {isa = PBXBuildFile; fileRef = A0CFE0BB1D25BF8200D8449B /* OTScreenShareKit.h */; settings = {ATTRIBUTES = (Public, ); }; };
		A0CFE14C1D25BF8200D8449B /* OTScreenSharer.h in Headers */ = {isa = PBXBuildFile; fileRef = A0CFE0BC1D25BF8200D8449B /* OTScreenSharer.h */; settings = {ATTRIBUTES = (Public, ); }; };
		A0CFE14D1D25BF8200D8449B /* OTScreenSharer.m in Sources */ = {isa = PBXBuildFile; fileRef = A0CFE0BD1D25BF8200D8449B /* OTScreenSharer.m */; };
		A0CFE14E1D25BF8200D8449B /* OTScreenCapture.h in Headers */ = {isa = PBXBuildFile; fileRef = A0CFE0BE1D25BF8200D8449B /* OTScreenCapture.h */; };
		A0CFE14F1D25BF8200D8449B /* OTScreenCapture.m in Sources */ = {isa = PBXBuildFile; fileRef = A0CFE0BF1D25BF8200D8449B /* OTScreenCapture.m */; };
		A0CFE1731D25BFB800D8449B /* AppDelegate.m in Sources */ = {isa = PBXBuildFile; fileRef = A0CFE1681D25BFB800D8449B /* AppDelegate.m */; };
		A0CFE1741D25BFB800D8449B /* Assets.xcassets in Resources */ = {isa = PBXBuildFile; fileRef = A0CFE1691D25BFB800D8449B /* Assets.xcassets */; };
		A0CFE1781D25BFB800D8449B /* main.m in Sources */ = {isa = PBXBuildFile; fileRef = A0CFE16F1D25BFB800D8449B /* main.m */; };
		A0CFE1791D25BFB800D8449B /* mvc.png in Resources */ = {isa = PBXBuildFile; fileRef = A0CFE1701D25BFB800D8449B /* mvc.png */; };
		A0CFE1C31D25CEAB00D8449B /* LaunchScreen.storyboard in Resources */ = {isa = PBXBuildFile; fileRef = A0CFE16A1D25BFB800D8449B /* LaunchScreen.storyboard */; };
		A0CFE1C41D25CEAB00D8449B /* Main.storyboard in Resources */ = {isa = PBXBuildFile; fileRef = A0CFE16C1D25BFB800D8449B /* Main.storyboard */; };
		A0CFE4731D26428500D8449B /* OTScreenSharerTests.m in Sources */ = {isa = PBXBuildFile; fileRef = A0CFE4571D25F29100D8449B /* OTScreenSharerTests.m */; };
		A0E9FA8F1D40334600460599 /* OTScreenCapture.m in Sources */ = {isa = PBXBuildFile; fileRef = A0CFE0BF1D25BF8200D8449B /* OTScreenCapture.m */; };
		A0E9FA901D40334600460599 /* OTScreenSharer.m in Sources */ = {isa = PBXBuildFile; fileRef = A0CFE0BD1D25BF8200D8449B /* OTScreenSharer.m */; };
		A0E9FA931D40334600460599 /* OTScreenSharer_Private.h in Headers */ = {isa = PBXBuildFile; fileRef = A0844FAF1D38512400D0EB83 /* OTScreenSharer_Private.h */; };
		A0E9FA941D40334600460599 /* OTScreenShareKit.h in Headers */ = {isa = PBXBuildFile; fileRef = A0CFE0BB1D25BF8200D8449B /* OTScreenShareKit.h */; settings = {ATTRIBUTES = (Public, ); }; };
		A0E9FA951D40334600460599 /* OTScreenSharer.h in Headers */ = {isa = PBXBuildFile; fileRef = A0CFE0BC1D25BF8200D8449B /* OTScreenSharer.h */; settings = {ATTRIBUTES = (Public, ); }; };
		A0E9FA961D40334600460599 /* OTScreenCapture.h in Headers */ = {isa = PBXBuildFile; fileRef = A0CFE0BE1D25BF8200D8449B /* OTScreenCapture.h */; };
/* End PBXBuildFile section */

/* Begin PBXContainerItemProxy section */
		A09A4AC51CD02A990024C349 /* PBXContainerItemProxy */ = {
			isa = PBXContainerItemProxy;
			containerPortal = A09A4A991CD02A800024C349 /* Project object */;
			proxyType = 1;
			remoteGlobalIDString = A09A4ABF1CD02A990024C349;
			remoteInfo = ScreenShareKit;
		};
		A0CFE4681D25F49D00D8449B /* PBXContainerItemProxy */ = {
			isa = PBXContainerItemProxy;
			containerPortal = A09A4A991CD02A800024C349 /* Project object */;
			proxyType = 1;
			remoteGlobalIDString = A09A4AA01CD02A800024C349;
			remoteInfo = OTScreenShareAccPackKit;
		};
/* End PBXContainerItemProxy section */

/* Begin PBXCopyFilesBuildPhase section */
		A09A4ACC1CD02A990024C349 /* Embed Frameworks */ = {
			isa = PBXCopyFilesBuildPhase;
			buildActionMask = 2147483647;
			dstPath = "";
			dstSubfolderSpec = 10;
			files = (
				A09A4AC81CD02A990024C349 /* OTScreenShareKit.framework in Embed Frameworks */,
			);
			name = "Embed Frameworks";
			runOnlyForDeploymentPostprocessing = 0;
		};
/* End PBXCopyFilesBuildPhase section */

/* Begin PBXFileReference section */
		A058350A1D2F4BAD00E484FB /* ShareWholeScreenViewController.h */ = {isa = PBXFileReference; fileEncoding = 4; lastKnownFileType = sourcecode.c.h; path = ShareWholeScreenViewController.h; sourceTree = "<group>"; };
		A058350B1D2F4BAD00E484FB /* ShareWholeScreenViewController.m */ = {isa = PBXFileReference; fileEncoding = 4; lastKnownFileType = sourcecode.c.objc; path = ShareWholeScreenViewController.m; sourceTree = "<group>"; };
		A058350D1D2F4E4700E484FB /* ColorViewController.h */ = {isa = PBXFileReference; fileEncoding = 4; lastKnownFileType = sourcecode.c.h; path = ColorViewController.h; sourceTree = "<group>"; };
		A058350E1D2F4E4700E484FB /* ColorViewController.m */ = {isa = PBXFileReference; fileEncoding = 4; lastKnownFileType = sourcecode.c.objc; path = ColorViewController.m; sourceTree = "<group>"; };
		A0844FAF1D38512400D0EB83 /* OTScreenSharer_Private.h */ = {isa = PBXFileReference; fileEncoding = 4; lastKnownFileType = sourcecode.c.h; path = OTScreenSharer_Private.h; sourceTree = "<group>"; };
		A09A4AA11CD02A800024C349 /* OTScreenShareAccPackKit.app */ = {isa = PBXFileReference; explicitFileType = wrapper.application; includeInIndex = 0; path = OTScreenShareAccPackKit.app; sourceTree = BUILT_PRODUCTS_DIR; };
		A09A4AC01CD02A990024C349 /* OTScreenShareKit.framework */ = {isa = PBXFileReference; explicitFileType = wrapper.framework; includeInIndex = 0; path = OTScreenShareKit.framework; sourceTree = BUILT_PRODUCTS_DIR; };
		A0CFE0B41D25BF8200D8449B /* Info.plist */ = {isa = PBXFileReference; fileEncoding = 4; lastKnownFileType = text.plist.xml; path = Info.plist; sourceTree = "<group>"; };
		A0CFE0BB1D25BF8200D8449B /* OTScreenShareKit.h */ = {isa = PBXFileReference; fileEncoding = 4; lastKnownFileType = sourcecode.c.h; path = OTScreenShareKit.h; sourceTree = "<group>"; };
		A0CFE0BC1D25BF8200D8449B /* OTScreenSharer.h */ = {isa = PBXFileReference; fileEncoding = 4; lastKnownFileType = sourcecode.c.h; path = OTScreenSharer.h; sourceTree = "<group>"; };
		A0CFE0BD1D25BF8200D8449B /* OTScreenSharer.m */ = {isa = PBXFileReference; fileEncoding = 4; lastKnownFileType = sourcecode.c.objc; path = OTScreenSharer.m; sourceTree = "<group>"; };
		A0CFE0BE1D25BF8200D8449B /* OTScreenCapture.h */ = {isa = PBXFileReference; fileEncoding = 4; lastKnownFileType = sourcecode.c.h; path = OTScreenCapture.h; sourceTree = "<group>"; };
		A0CFE0BF1D25BF8200D8449B /* OTScreenCapture.m */ = {isa = PBXFileReference; fileEncoding = 4; lastKnownFileType = sourcecode.c.objc; path = OTScreenCapture.m; sourceTree = "<group>"; };
		A0CFE1671D25BFB800D8449B /* AppDelegate.h */ = {isa = PBXFileReference; fileEncoding = 4; lastKnownFileType = sourcecode.c.h; path = AppDelegate.h; sourceTree = "<group>"; };
		A0CFE1681D25BFB800D8449B /* AppDelegate.m */ = {isa = PBXFileReference; fileEncoding = 4; lastKnownFileType = sourcecode.c.objc; path = AppDelegate.m; sourceTree = "<group>"; };
		A0CFE1691D25BFB800D8449B /* Assets.xcassets */ = {isa = PBXFileReference; lastKnownFileType = folder.assetcatalog; path = Assets.xcassets; sourceTree = "<group>"; };
		A0CFE16B1D25BFB800D8449B /* Base */ = {isa = PBXFileReference; lastKnownFileType = file.storyboard; name = Base; path = Base.lproj/LaunchScreen.storyboard; sourceTree = "<group>"; };
		A0CFE16D1D25BFB800D8449B /* Base */ = {isa = PBXFileReference; lastKnownFileType = file.storyboard; name = Base; path = Base.lproj/Main.storyboard; sourceTree = "<group>"; };
		A0CFE16E1D25BFB800D8449B /* Info.plist */ = {isa = PBXFileReference; fileEncoding = 4; lastKnownFileType = text.plist.xml; path = Info.plist; sourceTree = "<group>"; };
		A0CFE16F1D25BFB800D8449B /* main.m */ = {isa = PBXFileReference; fileEncoding = 4; lastKnownFileType = sourcecode.c.objc; path = main.m; sourceTree = "<group>"; };
		A0CFE1701D25BFB800D8449B /* mvc.png */ = {isa = PBXFileReference; lastKnownFileType = image.png; path = mvc.png; sourceTree = "<group>"; };
		A0CFE4571D25F29100D8449B /* OTScreenSharerTests.m */ = {isa = PBXFileReference; fileEncoding = 4; lastKnownFileType = sourcecode.c.objc; path = OTScreenSharerTests.m; sourceTree = "<group>"; };
		A0CFE4631D25F49D00D8449B /* OTScreenShareKitTests.xctest */ = {isa = PBXFileReference; explicitFileType = wrapper.cfbundle; includeInIndex = 0; path = OTScreenShareKitTests.xctest; sourceTree = BUILT_PRODUCTS_DIR; };
		A0CFE46D1D26422700D8449B /* Info.plist */ = {isa = PBXFileReference; fileEncoding = 4; lastKnownFileType = text.plist.xml; path = Info.plist; sourceTree = "<group>"; };
		A0E9FA9B1D40334600460599 /* OTScreenShareKit.framework */ = {isa = PBXFileReference; explicitFileType = wrapper.framework; includeInIndex = 0; path = OTScreenShareKit.framework; sourceTree = BUILT_PRODUCTS_DIR; };
/* End PBXFileReference section */

/* Begin PBXFrameworksBuildPhase section */
		A09A4A9E1CD02A800024C349 /* Frameworks */ = {
			isa = PBXFrameworksBuildPhase;
			buildActionMask = 2147483647;
			files = (
				A09A4AC71CD02A990024C349 /* OTScreenShareKit.framework in Frameworks */,
			);
			runOnlyForDeploymentPostprocessing = 0;
		};
		A09A4ABC1CD02A990024C349 /* Frameworks */ = {
			isa = PBXFrameworksBuildPhase;
			buildActionMask = 2147483647;
			files = (
			);
			runOnlyForDeploymentPostprocessing = 0;
		};
		A0CFE4601D25F49D00D8449B /* Frameworks */ = {
			isa = PBXFrameworksBuildPhase;
			buildActionMask = 2147483647;
			files = (
			);
			runOnlyForDeploymentPostprocessing = 0;
		};
		A0E9FA911D40334600460599 /* Frameworks */ = {
			isa = PBXFrameworksBuildPhase;
			buildActionMask = 2147483647;
			files = (
			);
			runOnlyForDeploymentPostprocessing = 0;
		};
/* End PBXFrameworksBuildPhase section */

/* Begin PBXGroup section */
		A09A4A981CD02A800024C349 = {
			isa = PBXGroup;
			children = (
				A0CFE1621D25BFB800D8449B /* OTScreenShareAccPackKit */,
				A0CFDFF91D25BF8200D8449B /* OTScreenShareKit */,
				A0CFE44B1D25F28400D8449B /* OTScreenShareKitTests */,
				A09A4AA21CD02A800024C349 /* Products */,
			);
			sourceTree = "<group>";
		};
		A09A4AA21CD02A800024C349 /* Products */ = {
			isa = PBXGroup;
			children = (
				A09A4AA11CD02A800024C349 /* OTScreenShareAccPackKit.app */,
				A09A4AC01CD02A990024C349 /* OTScreenShareKit.framework */,
				A0CFE4631D25F49D00D8449B /* OTScreenShareKitTests.xctest */,
				A0E9FA9B1D40334600460599 /* OTScreenShareKit.framework */,
			);
			name = Products;
			sourceTree = "<group>";
		};
		A0CFDFF91D25BF8200D8449B /* OTScreenShareKit */ = {
			isa = PBXGroup;
			children = (
				A0CFE0B51D25BF8200D8449B /* ScreenShare */,
				A0CFE0B41D25BF8200D8449B /* Info.plist */,
			);
			path = OTScreenShareKit;
			sourceTree = "<group>";
		};
		A0CFE0B51D25BF8200D8449B /* ScreenShare */ = {
			isa = PBXGroup;
			children = (
				A0CFE0BB1D25BF8200D8449B /* OTScreenShareKit.h */,
				A0844FAF1D38512400D0EB83 /* OTScreenSharer_Private.h */,
				A0CFE0BC1D25BF8200D8449B /* OTScreenSharer.h */,
				A0CFE0BD1D25BF8200D8449B /* OTScreenSharer.m */,
				A0CFE0BE1D25BF8200D8449B /* OTScreenCapture.h */,
				A0CFE0BF1D25BF8200D8449B /* OTScreenCapture.m */,
			);
			path = ScreenShare;
			sourceTree = "<group>";
		};
		A0CFE1621D25BFB800D8449B /* OTScreenShareAccPackKit */ = {
			isa = PBXGroup;
			children = (
				A0CFE1671D25BFB800D8449B /* AppDelegate.h */,
				A0CFE1681D25BFB800D8449B /* AppDelegate.m */,
				A0CFE1691D25BFB800D8449B /* Assets.xcassets */,
				A0CFE16A1D25BFB800D8449B /* LaunchScreen.storyboard */,
				A058350A1D2F4BAD00E484FB /* ShareWholeScreenViewController.h */,
				A058350B1D2F4BAD00E484FB /* ShareWholeScreenViewController.m */,
				A058350D1D2F4E4700E484FB /* ColorViewController.h */,
				A058350E1D2F4E4700E484FB /* ColorViewController.m */,
				A0CFE16C1D25BFB800D8449B /* Main.storyboard */,
				A0CFE16E1D25BFB800D8449B /* Info.plist */,
				A0CFE16F1D25BFB800D8449B /* main.m */,
				A0CFE1701D25BFB800D8449B /* mvc.png */,
			);
			path = OTScreenShareAccPackKit;
			sourceTree = "<group>";
		};
		A0CFE44B1D25F28400D8449B /* OTScreenShareKitTests */ = {
			isa = PBXGroup;
			children = (
				A0CFE4571D25F29100D8449B /* OTScreenSharerTests.m */,
				A0CFE46D1D26422700D8449B /* Info.plist */,
			);
			path = OTScreenShareKitTests;
			sourceTree = "<group>";
		};
/* End PBXGroup section */

/* Begin PBXHeadersBuildPhase section */
		A09A4ABD1CD02A990024C349 /* Headers */ = {
			isa = PBXHeadersBuildPhase;
			buildActionMask = 2147483647;
			files = (
				A0844FB01D38512400D0EB83 /* OTScreenSharer_Private.h in Headers */,
				A0CFE14B1D25BF8200D8449B /* OTScreenShareKit.h in Headers */,
				A0CFE14C1D25BF8200D8449B /* OTScreenSharer.h in Headers */,
				A0CFE14E1D25BF8200D8449B /* OTScreenCapture.h in Headers */,
			);
			runOnlyForDeploymentPostprocessing = 0;
		};
		A0E9FA921D40334600460599 /* Headers */ = {
			isa = PBXHeadersBuildPhase;
			buildActionMask = 2147483647;
			files = (
				A0E9FA931D40334600460599 /* OTScreenSharer_Private.h in Headers */,
				A0E9FA941D40334600460599 /* OTScreenShareKit.h in Headers */,
				A0E9FA951D40334600460599 /* OTScreenSharer.h in Headers */,
				A0E9FA961D40334600460599 /* OTScreenCapture.h in Headers */,
			);
			runOnlyForDeploymentPostprocessing = 0;
		};
/* End PBXHeadersBuildPhase section */

/* Begin PBXNativeTarget section */
		A09A4AA01CD02A800024C349 /* OTScreenShareAccPackKit */ = {
			isa = PBXNativeTarget;
			buildConfigurationList = A09A4AB81CD02A800024C349 /* Build configuration list for PBXNativeTarget "OTScreenShareAccPackKit" */;
			buildPhases = (
				A09A4A9D1CD02A800024C349 /* Sources */,
				A09A4A9E1CD02A800024C349 /* Frameworks */,
				A09A4A9F1CD02A800024C349 /* Resources */,
				A09A4ACC1CD02A990024C349 /* Embed Frameworks */,
			);
			buildRules = (
			);
			dependencies = (
				A09A4AC61CD02A990024C349 /* PBXTargetDependency */,
			);
			name = OTScreenShareAccPackKit;
			productName = ScreenShareSample;
			productReference = A09A4AA11CD02A800024C349 /* OTScreenShareAccPackKit.app */;
			productType = "com.apple.product-type.application";
		};
		A09A4ABF1CD02A990024C349 /* OTScreenShareKit */ = {
			isa = PBXNativeTarget;
			buildConfigurationList = A09A4AC91CD02A990024C349 /* Build configuration list for PBXNativeTarget "OTScreenShareKit" */;
			buildPhases = (
				A09A4ABB1CD02A990024C349 /* Sources */,
				A09A4ABC1CD02A990024C349 /* Frameworks */,
				A09A4ABD1CD02A990024C349 /* Headers */,
				A09A4ABE1CD02A990024C349 /* Resources */,
			);
			buildRules = (
			);
			dependencies = (
			);
			name = OTScreenShareKit;
			productName = ScreenShareKit;
			productReference = A09A4AC01CD02A990024C349 /* OTScreenShareKit.framework */;
			productType = "com.apple.product-type.framework";
		};
		A0CFE4621D25F49D00D8449B /* OTScreenShareKitTests */ = {
			isa = PBXNativeTarget;
			buildConfigurationList = A0CFE46A1D25F49D00D8449B /* Build configuration list for PBXNativeTarget "OTScreenShareKitTests" */;
			buildPhases = (
				A0CFE45F1D25F49D00D8449B /* Sources */,
				A0CFE4601D25F49D00D8449B /* Frameworks */,
				A0CFE4611D25F49D00D8449B /* Resources */,
			);
			buildRules = (
			);
			dependencies = (
				A0CFE4691D25F49D00D8449B /* PBXTargetDependency */,
			);
			name = OTScreenShareKitTests;
			productName = OTScreenShareKitTests;
			productReference = A0CFE4631D25F49D00D8449B /* OTScreenShareKitTests.xctest */;
			productType = "com.apple.product-type.bundle.unit-test";
		};
		A0E9FA8D1D40334600460599 /* OTScreenShareKitStatic */ = {
			isa = PBXNativeTarget;
			buildConfigurationList = A0E9FA981D40334600460599 /* Build configuration list for PBXNativeTarget "OTScreenShareKitStatic" */;
			buildPhases = (
				A0E9FA8E1D40334600460599 /* Sources */,
				A0E9FA911D40334600460599 /* Frameworks */,
				A0E9FA921D40334600460599 /* Headers */,
				A0E9FA971D40334600460599 /* Resources */,
			);
			buildRules = (
			);
			dependencies = (
			);
			name = OTScreenShareKitStatic;
			productName = ScreenShareKit;
			productReference = A0E9FA9B1D40334600460599 /* OTScreenShareKit.framework */;
			productType = "com.apple.product-type.framework";
		};
/* End PBXNativeTarget section */

/* Begin PBXProject section */
		A09A4A991CD02A800024C349 /* Project object */ = {
			isa = PBXProject;
			attributes = {
				CLASSPREFIX = OT;
				LastUpgradeCheck = 0730;
				ORGANIZATIONNAME = "Tokbox, Inc.";
				TargetAttributes = {
					A09A4AA01CD02A800024C349 = {
						CreatedOnToolsVersion = 7.3;
					};
					A09A4ABF1CD02A990024C349 = {
						CreatedOnToolsVersion = 7.3;
					};
					A0CFE4621D25F49D00D8449B = {
						CreatedOnToolsVersion = 7.3;
						TestTargetID = A09A4AA01CD02A800024C349;
					};
					A0E9FA871D4032FC00460599 = {
						CreatedOnToolsVersion = 7.3;
					};
				};
			};
			buildConfigurationList = A09A4A9C1CD02A800024C349 /* Build configuration list for PBXProject "OTScreenShareAccPackKit" */;
			compatibilityVersion = "Xcode 3.2";
			developmentRegion = English;
			hasScannedForEncodings = 0;
			knownRegions = (
				en,
				Base,
			);
			mainGroup = A09A4A981CD02A800024C349;
			productRefGroup = A09A4AA21CD02A800024C349 /* Products */;
			projectDirPath = "";
			projectRoot = "";
			targets = (
				A09A4AA01CD02A800024C349 /* OTScreenShareAccPackKit */,
				A09A4ABF1CD02A990024C349 /* OTScreenShareKit */,
				A0CFE4621D25F49D00D8449B /* OTScreenShareKitTests */,
				A0E9FA871D4032FC00460599 /* Distribution */,
				A0E9FA8D1D40334600460599 /* OTScreenShareKitStatic */,
			);
		};
/* End PBXProject section */

/* Begin PBXResourcesBuildPhase section */
		A09A4A9F1CD02A800024C349 /* Resources */ = {
			isa = PBXResourcesBuildPhase;
			buildActionMask = 2147483647;
			files = (
				A0CFE1C31D25CEAB00D8449B /* LaunchScreen.storyboard in Resources */,
				A0CFE1C41D25CEAB00D8449B /* Main.storyboard in Resources */,
				A0CFE1791D25BFB800D8449B /* mvc.png in Resources */,
				A0CFE1741D25BFB800D8449B /* Assets.xcassets in Resources */,
			);
			runOnlyForDeploymentPostprocessing = 0;
		};
		A09A4ABE1CD02A990024C349 /* Resources */ = {
			isa = PBXResourcesBuildPhase;
			buildActionMask = 2147483647;
			files = (
			);
			runOnlyForDeploymentPostprocessing = 0;
		};
		A0CFE4611D25F49D00D8449B /* Resources */ = {
			isa = PBXResourcesBuildPhase;
			buildActionMask = 2147483647;
			files = (
			);
			runOnlyForDeploymentPostprocessing = 0;
		};
		A0E9FA971D40334600460599 /* Resources */ = {
			isa = PBXResourcesBuildPhase;
			buildActionMask = 2147483647;
			files = (
			);
			runOnlyForDeploymentPostprocessing = 0;
		};
/* End PBXResourcesBuildPhase section */

/* Begin PBXShellScriptBuildPhase section */
		A0E9FA8B1D40330000460599 /* ShellScript */ = {
			isa = PBXShellScriptBuildPhase;
			buildActionMask = 2147483647;
			files = (
			);
			inputPaths = (
			);
			outputPaths = (
			);
			runOnlyForDeploymentPostprocessing = 0;
			shellPath = /bin/sh;
			shellScript = "# Merge Script\n\n# 1\n# Set bash script to exit immediately if any commands fail.\nset -e\n\n# 2\n# Setup some constants for use later on.\nWORKSPACE_NAME=\"OTScreenShareAccPackKit.xcworkspace\"\nFRAMEWORK_NAME=\"OTScreenShareKit\"\nSCHEME_NAME=\"OTScreenShareKitStatic\"\n\n# Build fat framework\nxcodebuild -workspace \"${WORKSPACE_NAME}\" -scheme \"${SCHEME_NAME}\" -configuration Release -arch arm64 -arch armv7 -arch armv7s only_active_arch=no defines_module=yes -sdk \"iphoneos\" -derivedDataPath \"${SRCROOT}/build\"\nxcodebuild -workspace \"${WORKSPACE_NAME}\" -scheme \"${SCHEME_NAME}\" -configuration Release -arch x86_64 -arch i386 only_active_arch=no defines_module=yes -sdk \"iphonesimulator\" -derivedDataPath \"${SRCROOT}/build\"\ncp -r \"${SRCROOT}/build/Build/Products/Release-iphoneos/${FRAMEWORK_NAME}.framework\" \"./${FRAMEWORK_NAME}.framework\"\n\n# Replace the framework executable within the framework with a new version created by merging the device and simulator frameworks' executables with lipo.\nlipo -create -output \"./${FRAMEWORK_NAME}.framework/${FRAMEWORK_NAME}\" \"${SRCROOT}/build/Build/Products/Release-iphoneos/${FRAMEWORK_NAME}.framework/${FRAMEWORK_NAME}\" \"${SRCROOT}/build/Build/Products/Release-iphonesimulator/${FRAMEWORK_NAME}.framework/${FRAMEWORK_NAME}\"\n\n# 6\n# Copy the Swift module mappings for the simulator into the\n# framework.  The device mappings already exist from step 6.\n#cp -r \"${SRCROOT}/build/Release-iphonesimulator/${FRAMEWORK_NAME}.framework/Modules/${FRAMEWORK_NAME}.swiftmodule/\" \"${HOME}/Desktop/${FRAMEWORK_NAME}.framework/Modules/${FRAMEWORK_NAME}.swiftmodule\"\n\n# re-direct to the Documentation folder and build the Documentation\n# cd Documentation\n# xcodebuild -project \"Documentation.xcodeproj\" -scheme \"AppleDoc\"\n# cd ..\n\n# Create binary\nzip -r ./ScreenShareKit.zip OTScreenShareKit.framework\n\n# Delete the most recent build.\nif [ -d \"${SRCROOT}/${FRAMEWORK_NAME}.framework\" ]; then\nrm -rf \"${SRCROOT}/${FRAMEWORK_NAME}.framework\"\nfi\n\nif [ -d \"${SRCROOT}/build\" ]; then\nrm -rf \"${SRCROOT}/build\"\nfi";
		};
/* End PBXShellScriptBuildPhase section */

/* Begin PBXSourcesBuildPhase section */
		A09A4A9D1CD02A800024C349 /* Sources */ = {
			isa = PBXSourcesBuildPhase;
			buildActionMask = 2147483647;
			files = (
				A0CFE1781D25BFB800D8449B /* main.m in Sources */,
				A058350F1D2F4E4700E484FB /* ColorViewController.m in Sources */,
				A058350C1D2F4BAD00E484FB /* ShareWholeScreenViewController.m in Sources */,
				A0CFE1731D25BFB800D8449B /* AppDelegate.m in Sources */,
			);
			runOnlyForDeploymentPostprocessing = 0;
		};
		A09A4ABB1CD02A990024C349 /* Sources */ = {
			isa = PBXSourcesBuildPhase;
			buildActionMask = 2147483647;
			files = (
				A0CFE14F1D25BF8200D8449B /* OTScreenCapture.m in Sources */,
				A0CFE14D1D25BF8200D8449B /* OTScreenSharer.m in Sources */,
			);
			runOnlyForDeploymentPostprocessing = 0;
		};
		A0CFE45F1D25F49D00D8449B /* Sources */ = {
			isa = PBXSourcesBuildPhase;
			buildActionMask = 2147483647;
			files = (
				A0CFE4731D26428500D8449B /* OTScreenSharerTests.m in Sources */,
			);
			runOnlyForDeploymentPostprocessing = 0;
		};
		A0E9FA8E1D40334600460599 /* Sources */ = {
			isa = PBXSourcesBuildPhase;
			buildActionMask = 2147483647;
			files = (
				A0E9FA8F1D40334600460599 /* OTScreenCapture.m in Sources */,
				A0E9FA901D40334600460599 /* OTScreenSharer.m in Sources */,
			);
			runOnlyForDeploymentPostprocessing = 0;
		};
/* End PBXSourcesBuildPhase section */

/* Begin PBXTargetDependency section */
		A09A4AC61CD02A990024C349 /* PBXTargetDependency */ = {
			isa = PBXTargetDependency;
			target = A09A4ABF1CD02A990024C349 /* OTScreenShareKit */;
			targetProxy = A09A4AC51CD02A990024C349 /* PBXContainerItemProxy */;
		};
		A0CFE4691D25F49D00D8449B /* PBXTargetDependency */ = {
			isa = PBXTargetDependency;
			target = A09A4AA01CD02A800024C349 /* OTScreenShareAccPackKit */;
			targetProxy = A0CFE4681D25F49D00D8449B /* PBXContainerItemProxy */;
		};
/* End PBXTargetDependency section */

/* Begin PBXVariantGroup section */
		A0CFE16A1D25BFB800D8449B /* LaunchScreen.storyboard */ = {
			isa = PBXVariantGroup;
			children = (
				A0CFE16B1D25BFB800D8449B /* Base */,
			);
			name = LaunchScreen.storyboard;
			sourceTree = "<group>";
		};
		A0CFE16C1D25BFB800D8449B /* Main.storyboard */ = {
			isa = PBXVariantGroup;
			children = (
				A0CFE16D1D25BFB800D8449B /* Base */,
			);
			name = Main.storyboard;
			sourceTree = "<group>";
		};
/* End PBXVariantGroup section */

/* Begin XCBuildConfiguration section */
		A09A4AB61CD02A800024C349 /* Debug */ = {
			isa = XCBuildConfiguration;
			buildSettings = {
				ALWAYS_SEARCH_USER_PATHS = NO;
				CLANG_ANALYZER_NONNULL = YES;
				CLANG_CXX_LANGUAGE_STANDARD = "gnu++0x";
				CLANG_CXX_LIBRARY = "libc++";
				CLANG_ENABLE_MODULES = YES;
				CLANG_ENABLE_OBJC_ARC = YES;
				CLANG_WARN_BOOL_CONVERSION = YES;
				CLANG_WARN_CONSTANT_CONVERSION = YES;
				CLANG_WARN_DIRECT_OBJC_ISA_USAGE = YES_ERROR;
				CLANG_WARN_EMPTY_BODY = YES;
				CLANG_WARN_ENUM_CONVERSION = YES;
				CLANG_WARN_INT_CONVERSION = YES;
				CLANG_WARN_OBJC_ROOT_CLASS = YES_ERROR;
				CLANG_WARN_UNREACHABLE_CODE = YES;
				CLANG_WARN__DUPLICATE_METHOD_MATCH = YES;
				"CODE_SIGN_IDENTITY[sdk=iphoneos*]" = "iPhone Developer";
				COPY_PHASE_STRIP = NO;
				DEBUG_INFORMATION_FORMAT = dwarf;
				ENABLE_STRICT_OBJC_MSGSEND = YES;
				ENABLE_TESTABILITY = YES;
				GCC_C_LANGUAGE_STANDARD = gnu99;
				GCC_DYNAMIC_NO_PIC = NO;
				GCC_NO_COMMON_BLOCKS = YES;
				GCC_OPTIMIZATION_LEVEL = 0;
				GCC_PREPROCESSOR_DEFINITIONS = (
					"DEBUG=1",
					"$(inherited)",
				);
				GCC_WARN_64_TO_32_BIT_CONVERSION = YES;
				GCC_WARN_ABOUT_RETURN_TYPE = YES_ERROR;
				GCC_WARN_UNDECLARED_SELECTOR = YES;
				GCC_WARN_UNINITIALIZED_AUTOS = YES_AGGRESSIVE;
				GCC_WARN_UNUSED_FUNCTION = YES;
				GCC_WARN_UNUSED_VARIABLE = YES;
				IPHONEOS_DEPLOYMENT_TARGET = 9.3;
				MTL_ENABLE_DEBUG_INFO = YES;
				ONLY_ACTIVE_ARCH = YES;
				SDKROOT = iphoneos;
				TARGETED_DEVICE_FAMILY = "1,2";
			};
			name = Debug;
		};
		A09A4AB71CD02A800024C349 /* Release */ = {
			isa = XCBuildConfiguration;
			buildSettings = {
				ALWAYS_SEARCH_USER_PATHS = NO;
				CLANG_ANALYZER_NONNULL = YES;
				CLANG_CXX_LANGUAGE_STANDARD = "gnu++0x";
				CLANG_CXX_LIBRARY = "libc++";
				CLANG_ENABLE_MODULES = YES;
				CLANG_ENABLE_OBJC_ARC = YES;
				CLANG_WARN_BOOL_CONVERSION = YES;
				CLANG_WARN_CONSTANT_CONVERSION = YES;
				CLANG_WARN_DIRECT_OBJC_ISA_USAGE = YES_ERROR;
				CLANG_WARN_EMPTY_BODY = YES;
				CLANG_WARN_ENUM_CONVERSION = YES;
				CLANG_WARN_INT_CONVERSION = YES;
				CLANG_WARN_OBJC_ROOT_CLASS = YES_ERROR;
				CLANG_WARN_UNREACHABLE_CODE = YES;
				CLANG_WARN__DUPLICATE_METHOD_MATCH = YES;
				"CODE_SIGN_IDENTITY[sdk=iphoneos*]" = "iPhone Developer";
				COPY_PHASE_STRIP = NO;
				DEBUG_INFORMATION_FORMAT = "dwarf-with-dsym";
				ENABLE_NS_ASSERTIONS = NO;
				ENABLE_STRICT_OBJC_MSGSEND = YES;
				GCC_C_LANGUAGE_STANDARD = gnu99;
				GCC_NO_COMMON_BLOCKS = YES;
				GCC_WARN_64_TO_32_BIT_CONVERSION = YES;
				GCC_WARN_ABOUT_RETURN_TYPE = YES_ERROR;
				GCC_WARN_UNDECLARED_SELECTOR = YES;
				GCC_WARN_UNINITIALIZED_AUTOS = YES_AGGRESSIVE;
				GCC_WARN_UNUSED_FUNCTION = YES;
				GCC_WARN_UNUSED_VARIABLE = YES;
				IPHONEOS_DEPLOYMENT_TARGET = 9.3;
				MTL_ENABLE_DEBUG_INFO = NO;
				SDKROOT = iphoneos;
				TARGETED_DEVICE_FAMILY = "1,2";
				VALIDATE_PRODUCT = YES;
			};
			name = Release;
		};
		A09A4AB91CD02A800024C349 /* Debug */ = {
			isa = XCBuildConfiguration;
			buildSettings = {
				ASSETCATALOG_COMPILER_APPICON_NAME = AppIcon;
				ENABLE_BITCODE = NO;
				FRAMEWORK_SEARCH_PATHS = (
					"$(inherited)",
					"$(PROJECT_DIR)/Pods/OpenTok",
				);
				INFOPLIST_FILE = "$(SRCROOT)/OTScreenShareAccPackKit/Info.plist";
				IPHONEOS_DEPLOYMENT_TARGET = 8.0;
				LD_RUNPATH_SEARCH_PATHS = "$(inherited) @executable_path/Frameworks";
				PRODUCT_BUNDLE_IDENTIFIER = com.Tokbox.ScreenShareSample;
				PRODUCT_NAME = OTScreenShareAccPackKit;
			};
			name = Debug;
		};
		A09A4ABA1CD02A800024C349 /* Release */ = {
			isa = XCBuildConfiguration;
			buildSettings = {
				ASSETCATALOG_COMPILER_APPICON_NAME = AppIcon;
				ENABLE_BITCODE = NO;
				FRAMEWORK_SEARCH_PATHS = (
					"$(inherited)",
					"$(PROJECT_DIR)/Pods/OpenTok",
				);
				INFOPLIST_FILE = "$(SRCROOT)/OTScreenShareAccPackKit/Info.plist";
				IPHONEOS_DEPLOYMENT_TARGET = 8.0;
				LD_RUNPATH_SEARCH_PATHS = "$(inherited) @executable_path/Frameworks";
				PRODUCT_BUNDLE_IDENTIFIER = com.Tokbox.ScreenShareSample;
				PRODUCT_NAME = OTScreenShareAccPackKit;
			};
			name = Release;
		};
		A09A4ACA1CD02A990024C349 /* Debug */ = {
			isa = XCBuildConfiguration;
			buildSettings = {
				CURRENT_PROJECT_VERSION = 1;
				DEFINES_MODULE = YES;
				DYLIB_COMPATIBILITY_VERSION = 1;
				DYLIB_CURRENT_VERSION = 1;
				DYLIB_INSTALL_NAME_BASE = "@rpath";
				FRAMEWORK_SEARCH_PATHS = (
					"$(inherited)",
					"$(PROJECT_DIR)/Pods/OpenTok",
				);
				INFOPLIST_FILE = OTScreenShareKit/Info.plist;
				INSTALL_PATH = "$(LOCAL_LIBRARY_DIR)/Frameworks";
				IPHONEOS_DEPLOYMENT_TARGET = 8.0;
				LD_RUNPATH_SEARCH_PATHS = "$(inherited) @executable_path/Frameworks @loader_path/Frameworks";
				MACH_O_TYPE = mh_dylib;
				PRODUCT_BUNDLE_IDENTIFIER = com.Tokbox.ScreenShareKit;
				PRODUCT_NAME = "$(TARGET_NAME)";
				SKIP_INSTALL = YES;
				VERSIONING_SYSTEM = "apple-generic";
				VERSION_INFO_PREFIX = "";
			};
			name = Debug;
		};
		A09A4ACB1CD02A990024C349 /* Release */ = {
			isa = XCBuildConfiguration;
			buildSettings = {
				CURRENT_PROJECT_VERSION = 1;
				DEFINES_MODULE = YES;
				DYLIB_COMPATIBILITY_VERSION = 1;
				DYLIB_CURRENT_VERSION = 1;
				DYLIB_INSTALL_NAME_BASE = "@rpath";
				FRAMEWORK_SEARCH_PATHS = (
					"$(inherited)",
					"$(PROJECT_DIR)/Pods/OpenTok",
				);
				INFOPLIST_FILE = OTScreenShareKit/Info.plist;
				INSTALL_PATH = "$(LOCAL_LIBRARY_DIR)/Frameworks";
				IPHONEOS_DEPLOYMENT_TARGET = 8.0;
				LD_RUNPATH_SEARCH_PATHS = "$(inherited) @executable_path/Frameworks @loader_path/Frameworks";
				MACH_O_TYPE = mh_dylib;
				PRODUCT_BUNDLE_IDENTIFIER = com.Tokbox.ScreenShareKit;
				PRODUCT_NAME = "$(TARGET_NAME)";
				SKIP_INSTALL = YES;
				VERSIONING_SYSTEM = "apple-generic";
				VERSION_INFO_PREFIX = "";
			};
			name = Release;
		};
		A0CFE46B1D25F49D00D8449B /* Debug */ = {
			isa = XCBuildConfiguration;
			buildSettings = {
				INFOPLIST_FILE = OTScreenShareKitTests/Info.plist;
				LD_RUNPATH_SEARCH_PATHS = "$(inherited) @executable_path/Frameworks @loader_path/Frameworks";
				PRODUCT_BUNDLE_IDENTIFIER = com.tokbox.OTScreenShareKitTests;
				PRODUCT_NAME = "$(TARGET_NAME)";
				TEST_HOST = "$(BUILT_PRODUCTS_DIR)/OTScreenShareAccPackKit.app/OTScreenShareAccPackKit";
			};
			name = Debug;
		};
		A0CFE46C1D25F49D00D8449B /* Release */ = {
			isa = XCBuildConfiguration;
			buildSettings = {
				INFOPLIST_FILE = OTScreenShareKitTests/Info.plist;
				LD_RUNPATH_SEARCH_PATHS = "$(inherited) @executable_path/Frameworks @loader_path/Frameworks";
				PRODUCT_BUNDLE_IDENTIFIER = com.tokbox.OTScreenShareKitTests;
				PRODUCT_NAME = "$(TARGET_NAME)";
				TEST_HOST = "$(BUILT_PRODUCTS_DIR)/OTScreenShareAccPackKit.app/OTScreenShareAccPackKit";
			};
			name = Release;
		};
		A0E9FA881D4032FC00460599 /* Debug */ = {
			isa = XCBuildConfiguration;
			buildSettings = {
				PRODUCT_NAME = "$(TARGET_NAME)";
			};
			name = Debug;
		};
		A0E9FA891D4032FC00460599 /* Release */ = {
			isa = XCBuildConfiguration;
			buildSettings = {
				PRODUCT_NAME = "$(TARGET_NAME)";
			};
			name = Release;
		};
		A0E9FA991D40334600460599 /* Debug */ = {
			isa = XCBuildConfiguration;
			buildSettings = {
				CURRENT_PROJECT_VERSION = 1;
				DEFINES_MODULE = YES;
				DYLIB_COMPATIBILITY_VERSION = 1;
				DYLIB_CURRENT_VERSION = 1;
				DYLIB_INSTALL_NAME_BASE = "@rpath";
				FRAMEWORK_SEARCH_PATHS = (
					"$(inherited)",
					"$(PROJECT_DIR)/Pods/OpenTok",
				);
				INFOPLIST_FILE = OTScreenShareKitStatic.plist;
				INSTALL_PATH = "$(LOCAL_LIBRARY_DIR)/Frameworks";
				IPHONEOS_DEPLOYMENT_TARGET = 8.0;
				LD_RUNPATH_SEARCH_PATHS = "$(inherited) @executable_path/Frameworks @loader_path/Frameworks";
				MACH_O_TYPE = staticlib;
				PRODUCT_BUNDLE_IDENTIFIER = com.Tokbox.ScreenShareKit;
				PRODUCT_NAME = OTScreenShareKit;
				SKIP_INSTALL = YES;
				VERSIONING_SYSTEM = "apple-generic";
				VERSION_INFO_PREFIX = "";
			};
			name = Debug;
		};
		A0E9FA9A1D40334600460599 /* Release */ = {
			isa = XCBuildConfiguration;
			buildSettings = {
				CURRENT_PROJECT_VERSION = 1;
				DEFINES_MODULE = YES;
				DYLIB_COMPATIBILITY_VERSION = 1;
				DYLIB_CURRENT_VERSION = 1;
				DYLIB_INSTALL_NAME_BASE = "@rpath";
				FRAMEWORK_SEARCH_PATHS = (
					"$(inherited)",
					"$(PROJECT_DIR)/Pods/OpenTok",
				);
				INFOPLIST_FILE = OTScreenShareKitStatic.plist;
				INSTALL_PATH = "$(LOCAL_LIBRARY_DIR)/Frameworks";
				IPHONEOS_DEPLOYMENT_TARGET = 8.0;
				LD_RUNPATH_SEARCH_PATHS = "$(inherited) @executable_path/Frameworks @loader_path/Frameworks";
				MACH_O_TYPE = staticlib;
				PRODUCT_BUNDLE_IDENTIFIER = com.Tokbox.ScreenShareKit;
				PRODUCT_NAME = OTScreenShareKit;
				SKIP_INSTALL = YES;
				VERSIONING_SYSTEM = "apple-generic";
				VERSION_INFO_PREFIX = "";
			};
			name = Release;
		};
/* End XCBuildConfiguration section */

/* Begin XCConfigurationList section */
		A09A4A9C1CD02A800024C349 /* Build configuration list for PBXProject "OTScreenShareAccPackKit" */ = {
			isa = XCConfigurationList;
			buildConfigurations = (
				A09A4AB61CD02A800024C349 /* Debug */,
				A09A4AB71CD02A800024C349 /* Release */,
			);
			defaultConfigurationIsVisible = 0;
			defaultConfigurationName = Release;
		};
		A09A4AB81CD02A800024C349 /* Build configuration list for PBXNativeTarget "OTScreenShareAccPackKit" */ = {
			isa = XCConfigurationList;
			buildConfigurations = (
				A09A4AB91CD02A800024C349 /* Debug */,
				A09A4ABA1CD02A800024C349 /* Release */,
			);
			defaultConfigurationIsVisible = 0;
			defaultConfigurationName = Release;
		};
		A09A4AC91CD02A990024C349 /* Build configuration list for PBXNativeTarget "OTScreenShareKit" */ = {
			isa = XCConfigurationList;
			buildConfigurations = (
				A09A4ACA1CD02A990024C349 /* Debug */,
				A09A4ACB1CD02A990024C349 /* Release */,
			);
			defaultConfigurationIsVisible = 0;
			defaultConfigurationName = Release;
		};
		A0CFE46A1D25F49D00D8449B /* Build configuration list for PBXNativeTarget "OTScreenShareKitTests" */ = {
			isa = XCConfigurationList;
			buildConfigurations = (
				A0CFE46B1D25F49D00D8449B /* Debug */,
				A0CFE46C1D25F49D00D8449B /* Release */,
			);
			defaultConfigurationIsVisible = 0;
			defaultConfigurationName = Release;
		};
		A0E9FA8A1D4032FC00460599 /* Build configuration list for PBXAggregateTarget "Distribution" */ = {
			isa = XCConfigurationList;
			buildConfigurations = (
				A0E9FA881D4032FC00460599 /* Debug */,
				A0E9FA891D4032FC00460599 /* Release */,
			);
			defaultConfigurationIsVisible = 0;
			defaultConfigurationName = Release;
		};
		A0E9FA981D40334600460599 /* Build configuration list for PBXNativeTarget "OTScreenShareKitStatic" */ = {
			isa = XCConfigurationList;
			buildConfigurations = (
				A0E9FA991D40334600460599 /* Debug */,
				A0E9FA9A1D40334600460599 /* Release */,
			);
			defaultConfigurationIsVisible = 0;
			defaultConfigurationName = Release;
		};
/* End XCConfigurationList section */
	};
	rootObject = A09A4A991CD02A800024C349 /* Project object */;
}
