// !$*UTF8*$!
{
	archiveVersion = 1;
	classes = {
	};
	objectVersion = 46;
	objects = {

/* Begin PBXAggregateTarget section */
		64657FC01C7EC52900A225FE /* Make Framework */ = {
			isa = PBXAggregateTarget;
			buildConfigurationList = 64657FC11C7EC52900A225FE /* Build configuration list for PBXAggregateTarget "Make Framework" */;
			buildPhases = (
				64657FC61C7EC53D00A225FE /* ShellScript */,
			);
			dependencies = (
				64657FC51C7EC53B00A225FE /* PBXTargetDependency */,
			);
			name = "Make Framework";
			productName = "Make Framework";
		};
/* End PBXAggregateTarget section */

/* Begin PBXBuildFile section */
		64657F891C7EC38700A225FE /* close x white.png in Resources */ = {isa = PBXBuildFile; fileRef = 64657F741C7EC38700A225FE /* close x white.png */; };
		64657F8A1C7EC38700A225FE /* close x white@2x.png in Resources */ = {isa = PBXBuildFile; fileRef = 64657F751C7EC38700A225FE /* close x white@2x.png */; };
		64657F8B1C7EC38700A225FE /* close x white@3x.png in Resources */ = {isa = PBXBuildFile; fileRef = 64657F761C7EC38700A225FE /* close x white@3x.png */; };
		64657F8C1C7EC38700A225FE /* maximize.png in Resources */ = {isa = PBXBuildFile; fileRef = 64657F771C7EC38700A225FE /* maximize.png */; };
		64657F8D1C7EC38700A225FE /* maximize@2x.png in Resources */ = {isa = PBXBuildFile; fileRef = 64657F781C7EC38700A225FE /* maximize@2x.png */; };
		64657F8E1C7EC38700A225FE /* maximize@3x.png in Resources */ = {isa = PBXBuildFile; fileRef = 64657F791C7EC38700A225FE /* maximize@3x.png */; };
		64657F8F1C7EC38700A225FE /* minimize.png in Resources */ = {isa = PBXBuildFile; fileRef = 64657F7A1C7EC38700A225FE /* minimize.png */; };
		64657F901C7EC38700A225FE /* minimize@2x.png in Resources */ = {isa = PBXBuildFile; fileRef = 64657F7B1C7EC38700A225FE /* minimize@2x.png */; };
		64657F911C7EC38700A225FE /* minimize@3x.png in Resources */ = {isa = PBXBuildFile; fileRef = 64657F7C1C7EC38700A225FE /* minimize@3x.png */; };
		64657F921C7EC38700A225FE /* TextChatComponent.h in Headers */ = {isa = PBXBuildFile; fileRef = 64657F7D1C7EC38700A225FE /* TextChatComponent.h */; settings = {ATTRIBUTES = (Public, ); }; };
		64657F931C7EC38700A225FE /* TextChatComponent.m in Sources */ = {isa = PBXBuildFile; fileRef = 64657F7E1C7EC38700A225FE /* TextChatComponent.m */; };
		64657F941C7EC38700A225FE /* TextChatComponent.xib in Resources */ = {isa = PBXBuildFile; fileRef = 64657F7F1C7EC38700A225FE /* TextChatComponent.xib */; };
		64657F951C7EC38700A225FE /* TextChatComponentChatView.h in Headers */ = {isa = PBXBuildFile; fileRef = 64657F801C7EC38700A225FE /* TextChatComponentChatView.h */; settings = {ATTRIBUTES = (Public, ); }; };
		64657F961C7EC38700A225FE /* TextChatComponentChatView.m in Sources */ = {isa = PBXBuildFile; fileRef = 64657F811C7EC38700A225FE /* TextChatComponentChatView.m */; };
		64657F971C7EC38700A225FE /* TextChatComponentDivTableViewCell.xib in Resources */ = {isa = PBXBuildFile; fileRef = 64657F821C7EC38700A225FE /* TextChatComponentDivTableViewCell.xib */; };
		64657F981C7EC38700A225FE /* TextChatComponentRecvShortTableViewCell.xib in Resources */ = {isa = PBXBuildFile; fileRef = 64657F831C7EC38700A225FE /* TextChatComponentRecvShortTableViewCell.xib */; };
		64657F991C7EC38700A225FE /* TextChatComponentRecvTableViewCell.xib in Resources */ = {isa = PBXBuildFile; fileRef = 64657F841C7EC38700A225FE /* TextChatComponentRecvTableViewCell.xib */; };
		64657F9A1C7EC38700A225FE /* TextChatComponentSentShortTableViewCell.xib in Resources */ = {isa = PBXBuildFile; fileRef = 64657F851C7EC38700A225FE /* TextChatComponentSentShortTableViewCell.xib */; };
		64657F9B1C7EC38700A225FE /* TextChatComponentSentTableViewCell.xib in Resources */ = {isa = PBXBuildFile; fileRef = 64657F861C7EC38700A225FE /* TextChatComponentSentTableViewCell.xib */; };
		64657F9C1C7EC38700A225FE /* TextChatComponentTableViewCell.h in Headers */ = {isa = PBXBuildFile; fileRef = 64657F871C7EC38700A225FE /* TextChatComponentTableViewCell.h */; settings = {ATTRIBUTES = (Public, ); }; };
		64657F9D1C7EC38700A225FE /* TextChatComponentTableViewCell.m in Sources */ = {isa = PBXBuildFile; fileRef = 64657F881C7EC38700A225FE /* TextChatComponentTableViewCell.m */; };
		64657FA41C7EC41A00A225FE /* CoreVideo.framework in Frameworks */ = {isa = PBXBuildFile; fileRef = 64657FA21C7EC41A00A225FE /* CoreVideo.framework */; };
		64657FA51C7EC41A00A225FE /* VideoToolbox.framework in Frameworks */ = {isa = PBXBuildFile; fileRef = 64657FA31C7EC41A00A225FE /* VideoToolbox.framework */; };
		64657FA71C7EC42300A225FE /* AVKit.framework in Frameworks */ = {isa = PBXBuildFile; fileRef = 64657FA61C7EC42300A225FE /* AVKit.framework */; };
		64657FA91C7EC42C00A225FE /* libsqlite3.tbd in Frameworks */ = {isa = PBXBuildFile; fileRef = 64657FA81C7EC42C00A225FE /* libsqlite3.tbd */; };
		64657FAB1C7EC43400A225FE /* AudioToolbox.framework in Frameworks */ = {isa = PBXBuildFile; fileRef = 64657FAA1C7EC43400A225FE /* AudioToolbox.framework */; };
		64657FAD1C7EC43D00A225FE /* CoreGraphics.framework in Frameworks */ = {isa = PBXBuildFile; fileRef = 64657FAC1C7EC43D00A225FE /* CoreGraphics.framework */; };
		64657FAF1C7EC44500A225FE /* QuartzCore.framework in Frameworks */ = {isa = PBXBuildFile; fileRef = 64657FAE1C7EC44500A225FE /* QuartzCore.framework */; };
		64657FB01C7EC44E00A225FE /* Foundation.framework in Frameworks */ = {isa = PBXBuildFile; fileRef = 64657FA01C7EC3AC00A225FE /* Foundation.framework */; };
		64657FB21C7EC45700A225FE /* CoreTelephony.framework in Frameworks */ = {isa = PBXBuildFile; fileRef = 64657FB11C7EC45700A225FE /* CoreTelephony.framework */; };
		64657FB41C7EC45E00A225FE /* GLKit.framework in Frameworks */ = {isa = PBXBuildFile; fileRef = 64657FB31C7EC45E00A225FE /* GLKit.framework */; };
		64657FB61C7EC46600A225FE /* CoreMedia.framework in Frameworks */ = {isa = PBXBuildFile; fileRef = 64657FB51C7EC46600A225FE /* CoreMedia.framework */; };
		64657FB71C7EC46C00A225FE /* UIKit.framework in Frameworks */ = {isa = PBXBuildFile; fileRef = 64657F9E1C7EC3A300A225FE /* UIKit.framework */; };
		64657FB91C7EC47600A225FE /* SystemConfiguration.framework in Frameworks */ = {isa = PBXBuildFile; fileRef = 64657FB81C7EC47600A225FE /* SystemConfiguration.framework */; };
		64657FBB1C7EC47D00A225FE /* AVFoundation.framework in Frameworks */ = {isa = PBXBuildFile; fileRef = 64657FBA1C7EC47D00A225FE /* AVFoundation.framework */; };
		64657FBD1C7EC48500A225FE /* OpenGLES.framework in Frameworks */ = {isa = PBXBuildFile; fileRef = 64657FBC1C7EC48500A225FE /* OpenGLES.framework */; };
		64657FBF1C7EC48D00A225FE /* libc++.tbd in Frameworks */ = {isa = PBXBuildFile; fileRef = 64657FBE1C7EC48D00A225FE /* libc++.tbd */; };
		64A1A3E11C7ED49300F37263 /* close x white.png in Resources */ = {isa = PBXBuildFile; fileRef = 64657F741C7EC38700A225FE /* close x white.png */; };
		64A1A3E21C7ED49300F37263 /* close x white@2x.png in Resources */ = {isa = PBXBuildFile; fileRef = 64657F751C7EC38700A225FE /* close x white@2x.png */; };
		64A1A3E31C7ED49300F37263 /* close x white@3x.png in Resources */ = {isa = PBXBuildFile; fileRef = 64657F761C7EC38700A225FE /* close x white@3x.png */; };
		64A1A3E41C7ED49300F37263 /* maximize.png in Resources */ = {isa = PBXBuildFile; fileRef = 64657F771C7EC38700A225FE /* maximize.png */; };
		64A1A3E51C7ED49300F37263 /* maximize@2x.png in Resources */ = {isa = PBXBuildFile; fileRef = 64657F781C7EC38700A225FE /* maximize@2x.png */; };
		64A1A3E61C7ED49300F37263 /* maximize@3x.png in Resources */ = {isa = PBXBuildFile; fileRef = 64657F791C7EC38700A225FE /* maximize@3x.png */; };
		64A1A3E71C7ED49300F37263 /* minimize.png in Resources */ = {isa = PBXBuildFile; fileRef = 64657F7A1C7EC38700A225FE /* minimize.png */; };
		64A1A3E81C7ED49300F37263 /* minimize@2x.png in Resources */ = {isa = PBXBuildFile; fileRef = 64657F7B1C7EC38700A225FE /* minimize@2x.png */; };
		64A1A3E91C7ED49300F37263 /* minimize@3x.png in Resources */ = {isa = PBXBuildFile; fileRef = 64657F7C1C7EC38700A225FE /* minimize@3x.png */; };
		64A1A3EA1C7ED49300F37263 /* TextChatComponent.xib in Resources */ = {isa = PBXBuildFile; fileRef = 64657F7F1C7EC38700A225FE /* TextChatComponent.xib */; };
		64A1A3EB1C7ED49300F37263 /* TextChatComponentDivTableViewCell.xib in Resources */ = {isa = PBXBuildFile; fileRef = 64657F821C7EC38700A225FE /* TextChatComponentDivTableViewCell.xib */; };
		64A1A3EC1C7ED49300F37263 /* TextChatComponentRecvShortTableViewCell.xib in Resources */ = {isa = PBXBuildFile; fileRef = 64657F831C7EC38700A225FE /* TextChatComponentRecvShortTableViewCell.xib */; };
		64A1A3ED1C7ED49300F37263 /* TextChatComponentRecvTableViewCell.xib in Resources */ = {isa = PBXBuildFile; fileRef = 64657F841C7EC38700A225FE /* TextChatComponentRecvTableViewCell.xib */; };
		64A1A3EE1C7ED49300F37263 /* TextChatComponentSentShortTableViewCell.xib in Resources */ = {isa = PBXBuildFile; fileRef = 64657F851C7EC38700A225FE /* TextChatComponentSentShortTableViewCell.xib */; };
		64A1A3EF1C7ED49300F37263 /* TextChatComponentSentTableViewCell.xib in Resources */ = {isa = PBXBuildFile; fileRef = 64657F861C7EC38700A225FE /* TextChatComponentSentTableViewCell.xib */; };
/* End PBXBuildFile section */

/* Begin PBXContainerItemProxy section */
		64657FC41C7EC53B00A225FE /* PBXContainerItemProxy */ = {
			isa = PBXContainerItemProxy;
			containerPortal = 6479BF9A1C7EC2FF00462678 /* Project object */;
			proxyType = 1;
			remoteGlobalIDString = 6479BFA21C7EC2FF00462678;
			remoteInfo = "text-chat-component";
		};
		64A1A3F01C7ED4A600F37263 /* PBXContainerItemProxy */ = {
			isa = PBXContainerItemProxy;
			containerPortal = 6479BF9A1C7EC2FF00462678 /* Project object */;
			proxyType = 1;
			remoteGlobalIDString = 6479BFA21C7EC2FF00462678;
			remoteInfo = TextChatKit;
		};
/* End PBXContainerItemProxy section */

/* Begin PBXFileReference section */
		64657F741C7EC38700A225FE /* close x white.png */ = {isa = PBXFileReference; lastKnownFileType = image.png; name = "close x white.png"; path = "../text-chat-component/close x white.png"; sourceTree = "<group>"; };
		64657F751C7EC38700A225FE /* close x white@2x.png */ = {isa = PBXFileReference; lastKnownFileType = image.png; name = "close x white@2x.png"; path = "../text-chat-component/close x white@2x.png"; sourceTree = "<group>"; };
		64657F761C7EC38700A225FE /* close x white@3x.png */ = {isa = PBXFileReference; lastKnownFileType = image.png; name = "close x white@3x.png"; path = "../text-chat-component/close x white@3x.png"; sourceTree = "<group>"; };
		64657F771C7EC38700A225FE /* maximize.png */ = {isa = PBXFileReference; lastKnownFileType = image.png; name = maximize.png; path = "../text-chat-component/maximize.png"; sourceTree = "<group>"; };
		64657F781C7EC38700A225FE /* maximize@2x.png */ = {isa = PBXFileReference; lastKnownFileType = image.png; name = "maximize@2x.png"; path = "../text-chat-component/maximize@2x.png"; sourceTree = "<group>"; };
		64657F791C7EC38700A225FE /* maximize@3x.png */ = {isa = PBXFileReference; lastKnownFileType = image.png; name = "maximize@3x.png"; path = "../text-chat-component/maximize@3x.png"; sourceTree = "<group>"; };
		64657F7A1C7EC38700A225FE /* minimize.png */ = {isa = PBXFileReference; lastKnownFileType = image.png; name = minimize.png; path = "../text-chat-component/minimize.png"; sourceTree = "<group>"; };
		64657F7B1C7EC38700A225FE /* minimize@2x.png */ = {isa = PBXFileReference; lastKnownFileType = image.png; name = "minimize@2x.png"; path = "../text-chat-component/minimize@2x.png"; sourceTree = "<group>"; };
		64657F7C1C7EC38700A225FE /* minimize@3x.png */ = {isa = PBXFileReference; lastKnownFileType = image.png; name = "minimize@3x.png"; path = "../text-chat-component/minimize@3x.png"; sourceTree = "<group>"; };
		64657F7D1C7EC38700A225FE /* TextChatComponent.h */ = {isa = PBXFileReference; fileEncoding = 4; lastKnownFileType = sourcecode.c.h; path = TextChatComponent.h; sourceTree = "<group>"; };
		64657F7E1C7EC38700A225FE /* TextChatComponent.m */ = {isa = PBXFileReference; fileEncoding = 4; lastKnownFileType = sourcecode.c.objc; path = TextChatComponent.m; sourceTree = "<group>"; };
		64657F7F1C7EC38700A225FE /* TextChatComponent.xib */ = {isa = PBXFileReference; fileEncoding = 4; lastKnownFileType = file.xib; name = TextChatComponent.xib; path = "../text-chat-component/TextChatComponent.xib"; sourceTree = "<group>"; };
		64657F801C7EC38700A225FE /* TextChatComponentChatView.h */ = {isa = PBXFileReference; fileEncoding = 4; lastKnownFileType = sourcecode.c.h; path = TextChatComponentChatView.h; sourceTree = "<group>"; };
		64657F811C7EC38700A225FE /* TextChatComponentChatView.m */ = {isa = PBXFileReference; fileEncoding = 4; lastKnownFileType = sourcecode.c.objc; path = TextChatComponentChatView.m; sourceTree = "<group>"; };
		64657F821C7EC38700A225FE /* TextChatComponentDivTableViewCell.xib */ = {isa = PBXFileReference; fileEncoding = 4; lastKnownFileType = file.xib; name = TextChatComponentDivTableViewCell.xib; path = "../text-chat-component/TextChatComponentDivTableViewCell.xib"; sourceTree = "<group>"; };
		64657F831C7EC38700A225FE /* TextChatComponentRecvShortTableViewCell.xib */ = {isa = PBXFileReference; fileEncoding = 4; lastKnownFileType = file.xib; name = TextChatComponentRecvShortTableViewCell.xib; path = "../text-chat-component/TextChatComponentRecvShortTableViewCell.xib"; sourceTree = "<group>"; };
		64657F841C7EC38700A225FE /* TextChatComponentRecvTableViewCell.xib */ = {isa = PBXFileReference; fileEncoding = 4; lastKnownFileType = file.xib; name = TextChatComponentRecvTableViewCell.xib; path = "../text-chat-component/TextChatComponentRecvTableViewCell.xib"; sourceTree = "<group>"; };
		64657F851C7EC38700A225FE /* TextChatComponentSentShortTableViewCell.xib */ = {isa = PBXFileReference; fileEncoding = 4; lastKnownFileType = file.xib; name = TextChatComponentSentShortTableViewCell.xib; path = "../text-chat-component/TextChatComponentSentShortTableViewCell.xib"; sourceTree = "<group>"; };
		64657F861C7EC38700A225FE /* TextChatComponentSentTableViewCell.xib */ = {isa = PBXFileReference; fileEncoding = 4; lastKnownFileType = file.xib; name = TextChatComponentSentTableViewCell.xib; path = "../text-chat-component/TextChatComponentSentTableViewCell.xib"; sourceTree = "<group>"; };
		64657F871C7EC38700A225FE /* TextChatComponentTableViewCell.h */ = {isa = PBXFileReference; fileEncoding = 4; lastKnownFileType = sourcecode.c.h; path = TextChatComponentTableViewCell.h; sourceTree = "<group>"; };
		64657F881C7EC38700A225FE /* TextChatComponentTableViewCell.m */ = {isa = PBXFileReference; fileEncoding = 4; lastKnownFileType = sourcecode.c.objc; path = TextChatComponentTableViewCell.m; sourceTree = "<group>"; };
		64657F9E1C7EC3A300A225FE /* UIKit.framework */ = {isa = PBXFileReference; lastKnownFileType = wrapper.framework; name = UIKit.framework; path = System/Library/Frameworks/UIKit.framework; sourceTree = SDKROOT; };
		64657FA01C7EC3AC00A225FE /* Foundation.framework */ = {isa = PBXFileReference; lastKnownFileType = wrapper.framework; name = Foundation.framework; path = System/Library/Frameworks/Foundation.framework; sourceTree = SDKROOT; };
		64657FA21C7EC41A00A225FE /* CoreVideo.framework */ = {isa = PBXFileReference; lastKnownFileType = wrapper.framework; name = CoreVideo.framework; path = System/Library/Frameworks/CoreVideo.framework; sourceTree = SDKROOT; };
		64657FA31C7EC41A00A225FE /* VideoToolbox.framework */ = {isa = PBXFileReference; lastKnownFileType = wrapper.framework; name = VideoToolbox.framework; path = System/Library/Frameworks/VideoToolbox.framework; sourceTree = SDKROOT; };
		64657FA61C7EC42300A225FE /* AVKit.framework */ = {isa = PBXFileReference; lastKnownFileType = wrapper.framework; name = AVKit.framework; path = System/Library/Frameworks/AVKit.framework; sourceTree = SDKROOT; };
		64657FA81C7EC42C00A225FE /* libsqlite3.tbd */ = {isa = PBXFileReference; lastKnownFileType = "sourcecode.text-based-dylib-definition"; name = libsqlite3.tbd; path = usr/lib/libsqlite3.tbd; sourceTree = SDKROOT; };
		64657FAA1C7EC43400A225FE /* AudioToolbox.framework */ = {isa = PBXFileReference; lastKnownFileType = wrapper.framework; name = AudioToolbox.framework; path = System/Library/Frameworks/AudioToolbox.framework; sourceTree = SDKROOT; };
		64657FAC1C7EC43D00A225FE /* CoreGraphics.framework */ = {isa = PBXFileReference; lastKnownFileType = wrapper.framework; name = CoreGraphics.framework; path = System/Library/Frameworks/CoreGraphics.framework; sourceTree = SDKROOT; };
		64657FAE1C7EC44500A225FE /* QuartzCore.framework */ = {isa = PBXFileReference; lastKnownFileType = wrapper.framework; name = QuartzCore.framework; path = System/Library/Frameworks/QuartzCore.framework; sourceTree = SDKROOT; };
		64657FB11C7EC45700A225FE /* CoreTelephony.framework */ = {isa = PBXFileReference; lastKnownFileType = wrapper.framework; name = CoreTelephony.framework; path = System/Library/Frameworks/CoreTelephony.framework; sourceTree = SDKROOT; };
		64657FB31C7EC45E00A225FE /* GLKit.framework */ = {isa = PBXFileReference; lastKnownFileType = wrapper.framework; name = GLKit.framework; path = System/Library/Frameworks/GLKit.framework; sourceTree = SDKROOT; };
		64657FB51C7EC46600A225FE /* CoreMedia.framework */ = {isa = PBXFileReference; lastKnownFileType = wrapper.framework; name = CoreMedia.framework; path = System/Library/Frameworks/CoreMedia.framework; sourceTree = SDKROOT; };
		64657FB81C7EC47600A225FE /* SystemConfiguration.framework */ = {isa = PBXFileReference; lastKnownFileType = wrapper.framework; name = SystemConfiguration.framework; path = System/Library/Frameworks/SystemConfiguration.framework; sourceTree = SDKROOT; };
		64657FBA1C7EC47D00A225FE /* AVFoundation.framework */ = {isa = PBXFileReference; lastKnownFileType = wrapper.framework; name = AVFoundation.framework; path = System/Library/Frameworks/AVFoundation.framework; sourceTree = SDKROOT; };
		64657FBC1C7EC48500A225FE /* OpenGLES.framework */ = {isa = PBXFileReference; lastKnownFileType = wrapper.framework; name = OpenGLES.framework; path = System/Library/Frameworks/OpenGLES.framework; sourceTree = SDKROOT; };
		64657FBE1C7EC48D00A225FE /* libc++.tbd */ = {isa = PBXFileReference; lastKnownFileType = "sourcecode.text-based-dylib-definition"; name = "libc++.tbd"; path = "usr/lib/libc++.tbd"; sourceTree = SDKROOT; };
		6479BFA31C7EC2FF00462678 /* TextChatKit.framework */ = {isa = PBXFileReference; explicitFileType = wrapper.framework; includeInIndex = 0; path = TextChatKit.framework; sourceTree = BUILT_PRODUCTS_DIR; };
		6479BFA81C7EC2FF00462678 /* Info.plist */ = {isa = PBXFileReference; lastKnownFileType = text.plist.xml; path = Info.plist; sourceTree = "<group>"; };
		64A1A3DB1C7ED41400F37263 /* text-chat-component-bundle.bundle */ = {isa = PBXFileReference; explicitFileType = wrapper.cfbundle; includeInIndex = 0; path = "text-chat-component-bundle.bundle"; sourceTree = BUILT_PRODUCTS_DIR; };
		64A1A3DD1C7ED41400F37263 /* Info.plist */ = {isa = PBXFileReference; lastKnownFileType = text.plist.xml; path = Info.plist; sourceTree = "<group>"; };
/* End PBXFileReference section */

/* Begin PBXFrameworksBuildPhase section */
		6479BF9F1C7EC2FF00462678 /* Frameworks */ = {
			isa = PBXFrameworksBuildPhase;
			buildActionMask = 2147483647;
			files = (
				64657FBF1C7EC48D00A225FE /* libc++.tbd in Frameworks */,
				64657FBD1C7EC48500A225FE /* OpenGLES.framework in Frameworks */,
				64657FBB1C7EC47D00A225FE /* AVFoundation.framework in Frameworks */,
				64657FB91C7EC47600A225FE /* SystemConfiguration.framework in Frameworks */,
				64657FB71C7EC46C00A225FE /* UIKit.framework in Frameworks */,
				64657FB61C7EC46600A225FE /* CoreMedia.framework in Frameworks */,
				64657FB41C7EC45E00A225FE /* GLKit.framework in Frameworks */,
				64657FB21C7EC45700A225FE /* CoreTelephony.framework in Frameworks */,
				64657FB01C7EC44E00A225FE /* Foundation.framework in Frameworks */,
				64657FAF1C7EC44500A225FE /* QuartzCore.framework in Frameworks */,
				64657FAD1C7EC43D00A225FE /* CoreGraphics.framework in Frameworks */,
				64657FAB1C7EC43400A225FE /* AudioToolbox.framework in Frameworks */,
				64657FA91C7EC42C00A225FE /* libsqlite3.tbd in Frameworks */,
				64657FA71C7EC42300A225FE /* AVKit.framework in Frameworks */,
				64657FA41C7EC41A00A225FE /* CoreVideo.framework in Frameworks */,
				64657FA51C7EC41A00A225FE /* VideoToolbox.framework in Frameworks */,
			);
			runOnlyForDeploymentPostprocessing = 0;
		};
		64A1A3D81C7ED41400F37263 /* Frameworks */ = {
			isa = PBXFrameworksBuildPhase;
			buildActionMask = 2147483647;
			files = (
			);
			runOnlyForDeploymentPostprocessing = 0;
		};
/* End PBXFrameworksBuildPhase section */

/* Begin PBXGroup section */
		6479BF991C7EC2FF00462678 = {
			isa = PBXGroup;
			children = (
				64657FBE1C7EC48D00A225FE /* libc++.tbd */,
				64657FBC1C7EC48500A225FE /* OpenGLES.framework */,
				64657FBA1C7EC47D00A225FE /* AVFoundation.framework */,
				64657FB81C7EC47600A225FE /* SystemConfiguration.framework */,
				64657FB51C7EC46600A225FE /* CoreMedia.framework */,
				64657FB31C7EC45E00A225FE /* GLKit.framework */,
				64657FB11C7EC45700A225FE /* CoreTelephony.framework */,
				64657FAE1C7EC44500A225FE /* QuartzCore.framework */,
				64657FAC1C7EC43D00A225FE /* CoreGraphics.framework */,
				64657FAA1C7EC43400A225FE /* AudioToolbox.framework */,
				64657FA81C7EC42C00A225FE /* libsqlite3.tbd */,
				64657FA61C7EC42300A225FE /* AVKit.framework */,
				64657FA21C7EC41A00A225FE /* CoreVideo.framework */,
				64657FA31C7EC41A00A225FE /* VideoToolbox.framework */,
				64657FA01C7EC3AC00A225FE /* Foundation.framework */,
				64657F9E1C7EC3A300A225FE /* UIKit.framework */,
				6479BFA51C7EC2FF00462678 /* text-chat-component */,
				64A1A3DC1C7ED41400F37263 /* text-chat-component-bundle */,
				6479BFA41C7EC2FF00462678 /* Products */,
			);
			sourceTree = "<group>";
		};
		6479BFA41C7EC2FF00462678 /* Products */ = {
			isa = PBXGroup;
			children = (
				6479BFA31C7EC2FF00462678 /* TextChatKit.framework */,
				64A1A3DB1C7ED41400F37263 /* text-chat-component-bundle.bundle */,
			);
			name = Products;
			sourceTree = "<group>";
		};
		6479BFA51C7EC2FF00462678 /* text-chat-component */ = {
			isa = PBXGroup;
			children = (
				64657F7D1C7EC38700A225FE /* TextChatComponent.h */,
				64657F7E1C7EC38700A225FE /* TextChatComponent.m */,
				64657F801C7EC38700A225FE /* TextChatComponentChatView.h */,
				64657F811C7EC38700A225FE /* TextChatComponentChatView.m */,
				64657F871C7EC38700A225FE /* TextChatComponentTableViewCell.h */,
				64657F881C7EC38700A225FE /* TextChatComponentTableViewCell.m */,
				6479BFA81C7EC2FF00462678 /* Info.plist */,
			);
			path = "text-chat-component";
			sourceTree = "<group>";
		};
		64A1A3DC1C7ED41400F37263 /* text-chat-component-bundle */ = {
			isa = PBXGroup;
			children = (
				64657F741C7EC38700A225FE /* close x white.png */,
				64657F751C7EC38700A225FE /* close x white@2x.png */,
				64657F761C7EC38700A225FE /* close x white@3x.png */,
				64657F771C7EC38700A225FE /* maximize.png */,
				64657F781C7EC38700A225FE /* maximize@2x.png */,
				64657F791C7EC38700A225FE /* maximize@3x.png */,
				64657F7A1C7EC38700A225FE /* minimize.png */,
				64657F7B1C7EC38700A225FE /* minimize@2x.png */,
				64657F7C1C7EC38700A225FE /* minimize@3x.png */,
				64657F7F1C7EC38700A225FE /* TextChatComponent.xib */,
				64657F821C7EC38700A225FE /* TextChatComponentDivTableViewCell.xib */,
				64657F831C7EC38700A225FE /* TextChatComponentRecvShortTableViewCell.xib */,
				64657F841C7EC38700A225FE /* TextChatComponentRecvTableViewCell.xib */,
				64657F851C7EC38700A225FE /* TextChatComponentSentShortTableViewCell.xib */,
				64657F861C7EC38700A225FE /* TextChatComponentSentTableViewCell.xib */,
				64A1A3DD1C7ED41400F37263 /* Info.plist */,
			);
			path = "text-chat-component-bundle";
			sourceTree = "<group>";
		};
/* End PBXGroup section */

/* Begin PBXHeadersBuildPhase section */
		6479BFA01C7EC2FF00462678 /* Headers */ = {
			isa = PBXHeadersBuildPhase;
			buildActionMask = 2147483647;
			files = (
				64657F9C1C7EC38700A225FE /* TextChatComponentTableViewCell.h in Headers */,
				64657F951C7EC38700A225FE /* TextChatComponentChatView.h in Headers */,
				64657F921C7EC38700A225FE /* TextChatComponent.h in Headers */,
			);
			runOnlyForDeploymentPostprocessing = 0;
		};
/* End PBXHeadersBuildPhase section */

/* Begin PBXNativeTarget section */
		6479BFA21C7EC2FF00462678 /* TextChatKit */ = {
			isa = PBXNativeTarget;
			buildConfigurationList = 6479BFAB1C7EC2FF00462678 /* Build configuration list for PBXNativeTarget "TextChatKit" */;
			buildPhases = (
				6479BF9E1C7EC2FF00462678 /* Sources */,
				6479BF9F1C7EC2FF00462678 /* Frameworks */,
				6479BFA01C7EC2FF00462678 /* Headers */,
				6479BFA11C7EC2FF00462678 /* Resources */,
			);
			buildRules = (
			);
			dependencies = (
			);
			name = TextChatKit;
			productName = "text-chat-component";
			productReference = 6479BFA31C7EC2FF00462678 /* TextChatKit.framework */;
			productType = "com.apple.product-type.framework";
		};
		64A1A3DA1C7ED41400F37263 /* text-chat-component-bundle */ = {
			isa = PBXNativeTarget;
			buildConfigurationList = 64A1A3DE1C7ED41400F37263 /* Build configuration list for PBXNativeTarget "text-chat-component-bundle" */;
			buildPhases = (
				64A1A3D71C7ED41400F37263 /* Sources */,
				64A1A3D81C7ED41400F37263 /* Frameworks */,
				64A1A3D91C7ED41400F37263 /* Resources */,
			);
			buildRules = (
			);
			dependencies = (
				64A1A3F11C7ED4A600F37263 /* PBXTargetDependency */,
			);
			name = "text-chat-component-bundle";
			productName = "text-chat-component-bundle";
			productReference = 64A1A3DB1C7ED41400F37263 /* text-chat-component-bundle.bundle */;
			productType = "com.apple.product-type.bundle";
		};
/* End PBXNativeTarget section */

/* Begin PBXProject section */
		6479BF9A1C7EC2FF00462678 /* Project object */ = {
			isa = PBXProject;
			attributes = {
				LastUpgradeCheck = 0720;
				ORGANIZATIONNAME = "Esteban Cordero";
				TargetAttributes = {
					64657FC01C7EC52900A225FE = {
						CreatedOnToolsVersion = 7.2.1;
					};
					6479BFA21C7EC2FF00462678 = {
						CreatedOnToolsVersion = 7.2.1;
					};
					64A1A3DA1C7ED41400F37263 = {
						CreatedOnToolsVersion = 7.2.1;
					};
				};
			};
			buildConfigurationList = 6479BF9D1C7EC2FF00462678 /* Build configuration list for PBXProject "text-chat-component" */;
			compatibilityVersion = "Xcode 3.2";
			developmentRegion = English;
			hasScannedForEncodings = 0;
			knownRegions = (
				en,
			);
			mainGroup = 6479BF991C7EC2FF00462678;
			productRefGroup = 6479BFA41C7EC2FF00462678 /* Products */;
			projectDirPath = "";
			projectRoot = "";
			targets = (
				6479BFA21C7EC2FF00462678 /* TextChatKit */,
				64657FC01C7EC52900A225FE /* Make Framework */,
				64A1A3DA1C7ED41400F37263 /* text-chat-component-bundle */,
			);
		};
/* End PBXProject section */

/* Begin PBXResourcesBuildPhase section */
		6479BFA11C7EC2FF00462678 /* Resources */ = {
			isa = PBXResourcesBuildPhase;
			buildActionMask = 2147483647;
			files = (
				64657F8B1C7EC38700A225FE /* close x white@3x.png in Resources */,
				64657F911C7EC38700A225FE /* minimize@3x.png in Resources */,
				64657F991C7EC38700A225FE /* TextChatComponentRecvTableViewCell.xib in Resources */,
				64657F941C7EC38700A225FE /* TextChatComponent.xib in Resources */,
				64657F981C7EC38700A225FE /* TextChatComponentRecvShortTableViewCell.xib in Resources */,
				64657F9A1C7EC38700A225FE /* TextChatComponentSentShortTableViewCell.xib in Resources */,
				64657F8D1C7EC38700A225FE /* maximize@2x.png in Resources */,
				64657F9B1C7EC38700A225FE /* TextChatComponentSentTableViewCell.xib in Resources */,
				64657F8A1C7EC38700A225FE /* close x white@2x.png in Resources */,
				64657F8E1C7EC38700A225FE /* maximize@3x.png in Resources */,
				64657F891C7EC38700A225FE /* close x white.png in Resources */,
				64657F8F1C7EC38700A225FE /* minimize.png in Resources */,
				64657F971C7EC38700A225FE /* TextChatComponentDivTableViewCell.xib in Resources */,
				64657F901C7EC38700A225FE /* minimize@2x.png in Resources */,
				64657F8C1C7EC38700A225FE /* maximize.png in Resources */,
			);
			runOnlyForDeploymentPostprocessing = 0;
		};
		64A1A3D91C7ED41400F37263 /* Resources */ = {
			isa = PBXResourcesBuildPhase;
			buildActionMask = 2147483647;
			files = (
				64A1A3E11C7ED49300F37263 /* close x white.png in Resources */,
				64A1A3E21C7ED49300F37263 /* close x white@2x.png in Resources */,
				64A1A3E31C7ED49300F37263 /* close x white@3x.png in Resources */,
				64A1A3E41C7ED49300F37263 /* maximize.png in Resources */,
				64A1A3E51C7ED49300F37263 /* maximize@2x.png in Resources */,
				64A1A3E61C7ED49300F37263 /* maximize@3x.png in Resources */,
				64A1A3E71C7ED49300F37263 /* minimize.png in Resources */,
				64A1A3E81C7ED49300F37263 /* minimize@2x.png in Resources */,
				64A1A3E91C7ED49300F37263 /* minimize@3x.png in Resources */,
				64A1A3EA1C7ED49300F37263 /* TextChatComponent.xib in Resources */,
				64A1A3EB1C7ED49300F37263 /* TextChatComponentDivTableViewCell.xib in Resources */,
				64A1A3EC1C7ED49300F37263 /* TextChatComponentRecvShortTableViewCell.xib in Resources */,
				64A1A3ED1C7ED49300F37263 /* TextChatComponentRecvTableViewCell.xib in Resources */,
				64A1A3EE1C7ED49300F37263 /* TextChatComponentSentShortTableViewCell.xib in Resources */,
				64A1A3EF1C7ED49300F37263 /* TextChatComponentSentTableViewCell.xib in Resources */,
			);
			runOnlyForDeploymentPostprocessing = 0;
		};
/* End PBXResourcesBuildPhase section */

/* Begin PBXShellScriptBuildPhase section */
		64657FC61C7EC53D00A225FE /* ShellScript */ = {
			isa = PBXShellScriptBuildPhase;
			buildActionMask = 12;
			files = (
			);
			inputPaths = (
			);
			outputPaths = (
			);
			runOnlyForDeploymentPostprocessing = 0;
			shellPath = /bin/sh;
			shellScript = "# Merge Script\n\n# 1\n# Set bash script to exit immediately if any commands fail.\nset -e\n\n# 2\n# Setup some constants for use later on.\nFRAMEWORK_NAME=\"TextChatKit\"\n\n# 3\n# If remnants from a previous build exist, delete them.\nif [ -d \"${SRCROOT}/build\" ]; then\nrm -rf \"${SRCROOT}/build\"\nfi\n\n# 4\n# Build the framework for device and for simulator (using\n# all needed architectures).\nxcodebuild -target \"${FRAMEWORK_NAME}\" -configuration Release -arch arm64 -arch armv7 -arch armv7s only_active_arch=no defines_module=yes -sdk \"iphoneos\"\nxcodebuild -target \"${FRAMEWORK_NAME}\" -configuration Release -arch x86_64 -arch i386 only_active_arch=no defines_module=yes -sdk \"iphonesimulator\"\n\n# 5\n# Remove .framework file if exists on Desktop from previous run.\nif [ -d \"${HOME}/Desktop/${FRAMEWORK_NAME}.framework\" ]; then\nrm -rf \"${HOME}/Desktop/${FRAMEWORK_NAME}.framework\"\nfi\n\n# 6\n# Copy the device version of framework to Desktop.\ncp -r \"${SRCROOT}/build/Release-iphoneos/${FRAMEWORK_NAME}.framework\" \"${HOME}/Desktop/${FRAMEWORK_NAME}.framework\"\n\n# 7\n# Replace the framework executable within the framework with\n# a new version created by merging the device and simulator\n# frameworks' executables with lipo.\nlipo -create -output \"${HOME}/Desktop/${FRAMEWORK_NAME}.framework/${FRAMEWORK_NAME}\" \"${SRCROOT}/build/Release-iphoneos/${FRAMEWORK_NAME}.framework/${FRAMEWORK_NAME}\" \"${SRCROOT}/build/Release-iphonesimulator/${FRAMEWORK_NAME}.framework/${FRAMEWORK_NAME}\"\n\n# 8\n# Copy the Swift module mappings for the simulator into the\n# framework.  The device mappings already exist from step 6.\n#cp -r \"${SRCROOT}/build/Release-iphonesimulator/${FRAMEWORK_NAME}.framework/Modules/${FRAMEWORK_NAME}.swiftmodule/\" \"${HOME}/Desktop/${FRAMEWORK_NAME}.framework/Modules/${FRAMEWORK_NAME}.swiftmodule\"\n\n# 9\n# Delete the most recent build.\nif [ -d \"${SRCROOT}/build\" ]; then\nrm -rf \"${SRCROOT}/build\"\nfi";
		};
/* End PBXShellScriptBuildPhase section */

/* Begin PBXSourcesBuildPhase section */
		6479BF9E1C7EC2FF00462678 /* Sources */ = {
			isa = PBXSourcesBuildPhase;
			buildActionMask = 2147483647;
			files = (
				64657F931C7EC38700A225FE /* TextChatComponent.m in Sources */,
				64657F9D1C7EC38700A225FE /* TextChatComponentTableViewCell.m in Sources */,
				64657F961C7EC38700A225FE /* TextChatComponentChatView.m in Sources */,
			);
			runOnlyForDeploymentPostprocessing = 0;
		};
		64A1A3D71C7ED41400F37263 /* Sources */ = {
			isa = PBXSourcesBuildPhase;
			buildActionMask = 2147483647;
			files = (
			);
			runOnlyForDeploymentPostprocessing = 0;
		};
/* End PBXSourcesBuildPhase section */

/* Begin PBXTargetDependency section */
		64657FC51C7EC53B00A225FE /* PBXTargetDependency */ = {
			isa = PBXTargetDependency;
			target = 6479BFA21C7EC2FF00462678 /* TextChatKit */;
			targetProxy = 64657FC41C7EC53B00A225FE /* PBXContainerItemProxy */;
		};
		64A1A3F11C7ED4A600F37263 /* PBXTargetDependency */ = {
			isa = PBXTargetDependency;
			target = 6479BFA21C7EC2FF00462678 /* TextChatKit */;
			targetProxy = 64A1A3F01C7ED4A600F37263 /* PBXContainerItemProxy */;
		};
/* End PBXTargetDependency section */

/* Begin XCBuildConfiguration section */
		64657FC21C7EC52900A225FE /* Debug */ = {
			isa = XCBuildConfiguration;
			buildSettings = {
				ONLY_ACTIVE_ARCH = NO;
				PRODUCT_NAME = "$(TARGET_NAME)";
				SDKROOT = iphoneos9.2;
				VALID_ARCHS = "arm64 armv7 armv7s i386 x86_64";
			};
			name = Debug;
		};
		64657FC31C7EC52900A225FE /* Release */ = {
			isa = XCBuildConfiguration;
			buildSettings = {
				ONLY_ACTIVE_ARCH = NO;
				PRODUCT_NAME = "$(TARGET_NAME)";
				SDKROOT = iphoneos9.2;
				VALID_ARCHS = "arm64 armv7 armv7s i386 x86_64";
			};
			name = Release;
		};
		6479BFA91C7EC2FF00462678 /* Debug */ = {
			isa = XCBuildConfiguration;
			buildSettings = {
				ALWAYS_SEARCH_USER_PATHS = NO;
				CLANG_CXX_LANGUAGE_STANDARD = "gnu++0x";
				CLANG_CXX_LIBRARY = "libc++";
				CLANG_ENABLE_MODULES = YES;
				CLANG_ENABLE_OBJC_ARC = YES;
				CLANG_WARN_BOOL_CONVERSION = YES;
				CLANG_WARN_CONSTANT_CONVERSION = YES;
				CLANG_WARN_DIRECT_OBJC_ISA_USAGE = YES_ERROR;
				CLANG_WARN_EMPTY_BODY = YES;
				CLANG_WARN_ENUM_CONVERSION = YES;
				CLANG_WARN_INT_CONVERSION = YES;
				CLANG_WARN_OBJC_ROOT_CLASS = YES_ERROR;
				CLANG_WARN_UNREACHABLE_CODE = YES;
				CLANG_WARN__DUPLICATE_METHOD_MATCH = YES;
				"CODE_SIGN_IDENTITY[sdk=iphoneos*]" = "iPhone Developer";
				COPY_PHASE_STRIP = NO;
				CURRENT_PROJECT_VERSION = 1;
				DEBUG_INFORMATION_FORMAT = dwarf;
				ENABLE_BITCODE = NO;
				ENABLE_STRICT_OBJC_MSGSEND = YES;
				ENABLE_TESTABILITY = YES;
				GCC_C_LANGUAGE_STANDARD = gnu99;
				GCC_DYNAMIC_NO_PIC = NO;
				GCC_NO_COMMON_BLOCKS = YES;
				GCC_OPTIMIZATION_LEVEL = 0;
				GCC_PREPROCESSOR_DEFINITIONS = (
					"DEBUG=1",
					"$(inherited)",
				);
				GCC_WARN_64_TO_32_BIT_CONVERSION = YES;
				GCC_WARN_ABOUT_RETURN_TYPE = YES_ERROR;
				GCC_WARN_UNDECLARED_SELECTOR = YES;
				GCC_WARN_UNINITIALIZED_AUTOS = YES_AGGRESSIVE;
				GCC_WARN_UNUSED_FUNCTION = YES;
				GCC_WARN_UNUSED_VARIABLE = YES;
				IPHONEOS_DEPLOYMENT_TARGET = 9.0;
				MTL_ENABLE_DEBUG_INFO = YES;
				ONLY_ACTIVE_ARCH = NO;
				SDKROOT = iphoneos9.2;
				STRIP_STYLE = "non-global";
				TARGETED_DEVICE_FAMILY = "1,2";
				VALID_ARCHS = "arm64 armv7 armv7s i386 x86_64";
				VERSIONING_SYSTEM = "apple-generic";
				VERSION_INFO_PREFIX = "";
			};
			name = Debug;
		};
		6479BFAA1C7EC2FF00462678 /* Release */ = {
			isa = XCBuildConfiguration;
			buildSettings = {
				ALWAYS_SEARCH_USER_PATHS = NO;
				CLANG_CXX_LANGUAGE_STANDARD = "gnu++0x";
				CLANG_CXX_LIBRARY = "libc++";
				CLANG_ENABLE_MODULES = YES;
				CLANG_ENABLE_OBJC_ARC = YES;
				CLANG_WARN_BOOL_CONVERSION = YES;
				CLANG_WARN_CONSTANT_CONVERSION = YES;
				CLANG_WARN_DIRECT_OBJC_ISA_USAGE = YES_ERROR;
				CLANG_WARN_EMPTY_BODY = YES;
				CLANG_WARN_ENUM_CONVERSION = YES;
				CLANG_WARN_INT_CONVERSION = YES;
				CLANG_WARN_OBJC_ROOT_CLASS = YES_ERROR;
				CLANG_WARN_UNREACHABLE_CODE = YES;
				CLANG_WARN__DUPLICATE_METHOD_MATCH = YES;
				"CODE_SIGN_IDENTITY[sdk=iphoneos*]" = "iPhone Developer";
				COPY_PHASE_STRIP = NO;
				CURRENT_PROJECT_VERSION = 1;
				DEBUG_INFORMATION_FORMAT = "dwarf-with-dsym";
				ENABLE_BITCODE = NO;
				ENABLE_NS_ASSERTIONS = NO;
				ENABLE_STRICT_OBJC_MSGSEND = YES;
				GCC_C_LANGUAGE_STANDARD = gnu99;
				GCC_NO_COMMON_BLOCKS = YES;
				GCC_WARN_64_TO_32_BIT_CONVERSION = YES;
				GCC_WARN_ABOUT_RETURN_TYPE = YES_ERROR;
				GCC_WARN_UNDECLARED_SELECTOR = YES;
				GCC_WARN_UNINITIALIZED_AUTOS = YES_AGGRESSIVE;
				GCC_WARN_UNUSED_FUNCTION = YES;
				GCC_WARN_UNUSED_VARIABLE = YES;
				IPHONEOS_DEPLOYMENT_TARGET = 9.0;
				MTL_ENABLE_DEBUG_INFO = NO;
				ONLY_ACTIVE_ARCH = NO;
				SDKROOT = iphoneos9.2;
				STRIP_STYLE = "non-global";
				TARGETED_DEVICE_FAMILY = "1,2";
				VALIDATE_PRODUCT = YES;
				VALID_ARCHS = "arm64 armv7 armv7s i386 x86_64";
				VERSIONING_SYSTEM = "apple-generic";
				VERSION_INFO_PREFIX = "";
			};
			name = Release;
		};
		6479BFAC1C7EC2FF00462678 /* Debug */ = {
			isa = XCBuildConfiguration;
			buildSettings = {
				CODE_SIGN_IDENTITY = "iPhone Developer";
				DEFINES_MODULE = YES;
				DYLIB_COMPATIBILITY_VERSION = 1;
				DYLIB_CURRENT_VERSION = 1;
				DYLIB_INSTALL_NAME_BASE = "@rpath";
				INFOPLIST_FILE = "text-chat-component/Info.plist";
				INSTALL_PATH = "$(LOCAL_LIBRARY_DIR)/Frameworks";
				IPHONEOS_DEPLOYMENT_TARGET = 9.0;
				LD_RUNPATH_SEARCH_PATHS = "$(inherited) @executable_path/Frameworks @loader_path/Frameworks";
				ONLY_ACTIVE_ARCH = NO;
				PRODUCT_BUNDLE_IDENTIFIER = "com.agilityfeat.text-chat-component.text-chat-component";
				PRODUCT_NAME = TextChatKit;
				SDKROOT = iphoneos9.2;
				SKIP_INSTALL = YES;
				VALID_ARCHS = "arm64 armv7 armv7s i386 x86_64";
			};
			name = Debug;
		};
		6479BFAD1C7EC2FF00462678 /* Release */ = {
			isa = XCBuildConfiguration;
			buildSettings = {
				CODE_SIGN_IDENTITY = "iPhone Developer";
				DEFINES_MODULE = YES;
				DYLIB_COMPATIBILITY_VERSION = 1;
				DYLIB_CURRENT_VERSION = 1;
				DYLIB_INSTALL_NAME_BASE = "@rpath";
				INFOPLIST_FILE = "text-chat-component/Info.plist";
				INSTALL_PATH = "$(LOCAL_LIBRARY_DIR)/Frameworks";
				IPHONEOS_DEPLOYMENT_TARGET = 9.0;
				LD_RUNPATH_SEARCH_PATHS = "$(inherited) @executable_path/Frameworks @loader_path/Frameworks";
				ONLY_ACTIVE_ARCH = NO;
				PRODUCT_BUNDLE_IDENTIFIER = "com.agilityfeat.text-chat-component.text-chat-component";
				PRODUCT_NAME = TextChatKit;
				SDKROOT = iphoneos9.2;
				SKIP_INSTALL = YES;
				VALID_ARCHS = "arm64 armv7 armv7s i386 x86_64";
			};
			name = Release;
		};
		64A1A3DF1C7ED41400F37263 /* Debug */ = {
			isa = XCBuildConfiguration;
			buildSettings = {
				CODE_SIGN_IDENTITY = "-";
				COMBINE_HIDPI_IMAGES = YES;
				INFOPLIST_FILE = "text-chat-component-bundle/Info.plist";
				INSTALL_PATH = "$(LOCAL_LIBRARY_DIR)/Bundles";
				MACOSX_DEPLOYMENT_TARGET = 10.11;
				ONLY_ACTIVE_ARCH = NO;
				PRODUCT_BUNDLE_IDENTIFIER = "com.agilityfeat.text-chat-component.text-chat-component-bundle";
				PRODUCT_NAME = "$(TARGET_NAME)";
				SDKROOT = iphoneos9.2;
				SKIP_INSTALL = YES;
				WRAPPER_EXTENSION = bundle;
			};
			name = Debug;
		};
		64A1A3E01C7ED41400F37263 /* Release */ = {
			isa = XCBuildConfiguration;
			buildSettings = {
				CODE_SIGN_IDENTITY = "-";
				COMBINE_HIDPI_IMAGES = YES;
				INFOPLIST_FILE = "text-chat-component-bundle/Info.plist";
				INSTALL_PATH = "$(LOCAL_LIBRARY_DIR)/Bundles";
				MACOSX_DEPLOYMENT_TARGET = 10.11;
				ONLY_ACTIVE_ARCH = NO;
				PRODUCT_BUNDLE_IDENTIFIER = "com.agilityfeat.text-chat-component.text-chat-component-bundle";
				PRODUCT_NAME = "$(TARGET_NAME)";
				SDKROOT = iphoneos9.2;
				SKIP_INSTALL = YES;
				WRAPPER_EXTENSION = bundle;
			};
			name = Release;
		};
/* End XCBuildConfiguration section */

/* Begin XCConfigurationList section */
		64657FC11C7EC52900A225FE /* Build configuration list for PBXAggregateTarget "Make Framework" */ = {
			isa = XCConfigurationList;
			buildConfigurations = (
				64657FC21C7EC52900A225FE /* Debug */,
				64657FC31C7EC52900A225FE /* Release */,
			);
			defaultConfigurationIsVisible = 0;
			defaultConfigurationName = Release;
		};
		6479BF9D1C7EC2FF00462678 /* Build configuration list for PBXProject "text-chat-component" */ = {
			isa = XCConfigurationList;
			buildConfigurations = (
				6479BFA91C7EC2FF00462678 /* Debug */,
				6479BFAA1C7EC2FF00462678 /* Release */,
			);
			defaultConfigurationIsVisible = 0;
			defaultConfigurationName = Release;
		};
		6479BFAB1C7EC2FF00462678 /* Build configuration list for PBXNativeTarget "TextChatKit" */ = {
			isa = XCConfigurationList;
			buildConfigurations = (
				6479BFAC1C7EC2FF00462678 /* Debug */,
				6479BFAD1C7EC2FF00462678 /* Release */,
			);
			defaultConfigurationIsVisible = 0;
			defaultConfigurationName = Release;
		};
		64A1A3DE1C7ED41400F37263 /* Build configuration list for PBXNativeTarget "text-chat-component-bundle" */ = {
			isa = XCConfigurationList;
			buildConfigurations = (
				64A1A3DF1C7ED41400F37263 /* Debug */,
				64A1A3E01C7ED41400F37263 /* Release */,
			);
			defaultConfigurationIsVisible = 0;
		};
/* End XCConfigurationList section */
	};
	rootObject = 6479BF9A1C7EC2FF00462678 /* Project object */;
}
